{
  "version": 4,
  "terraform_version": "1.3.2",
  "serial": 4285,
  "lineage": "c1e32bb0-3a04-1fcf-d257-0e835810da27",
  "outputs": {
    "dev_deploy_access_key_id": {
      "value": "AKIAQNU4YMB6AOQBJ76O",
      "type": "string"
    },
    "dev_deploy_user_arn": {
      "value": "arn:aws:iam::029319782524:user/system/dev-deploy",
      "type": "string"
    },
    "dev_deploy_user_id": {
      "value": "AIDAQNU4YMB6PULQZ24PI",
      "type": "string"
    },
    "dev_iam_user_name": {
      "value": "dev-deploy",
      "type": "string"
    },
    "dev_load_balancer_ip": {
      "value": "dev-default-lb-181789733.ap-southeast-1.elb.amazonaws.com",
      "type": "string"
    },
    "staging_deploy_access_key_id": {
      "value": "AKIAQNU4YMB6OCZPX36I",
      "type": "string"
    },
    "staging_deploy_user_arn": {
      "value": "arn:aws:iam::029319782524:user/system/staging-deploy",
      "type": "string"
    },
    "staging_deploy_user_id": {
      "value": "AIDAQNU4YMB6CXC6Q57ML",
      "type": "string"
    },
    "staging_iam_user_name": {
      "value": "staging-deploy",
      "type": "string"
    },
    "staging_load_balancer_ip": {
      "value": "staging-default-lb-1362176190.ap-southeast-1.elb.amazonaws.com",
      "type": "string"
    }
  },
  "resources": [
    {
      "module": "module.blockchain-client-dev",
      "mode": "data",
      "type": "aws_availability_zones",
      "name": "available_zones",
      "provider": "provider[\"registry.terraform.io/hashicorp/aws\"]",
      "instances": [
        {
          "schema_version": 0,
          "attributes": {
            "all_availability_zones": null,
            "exclude_names": null,
            "exclude_zone_ids": null,
            "filter": null,
            "group_names": [
              "ap-southeast-1"
            ],
            "id": "ap-southeast-1",
            "names": [
              "ap-southeast-1a",
              "ap-southeast-1b",
              "ap-southeast-1c"
            ],
            "state": "available",
            "timeouts": null,
            "zone_ids": [
              "apse1-az1",
              "apse1-az2",
              "apse1-az3"
            ]
          },
          "sensitive_attributes": []
        }
      ]
    },
    {
      "module": "module.blockchain-client-dev",
      "mode": "data",
      "type": "aws_iam_policy_document",
      "name": "ecs_tasks_execution_role",
      "provider": "provider[\"registry.terraform.io/hashicorp/aws\"]",
      "instances": [
        {
          "schema_version": 0,
          "attributes": {
            "id": "320642683",
            "json": "{\n  \"Version\": \"2012-10-17\",\n  \"Statement\": [\n    {\n      \"Sid\": \"\",\n      \"Effect\": \"Allow\",\n      \"Action\": \"sts:AssumeRole\",\n      \"Principal\": {\n        \"Service\": \"ecs-tasks.amazonaws.com\"\n      }\n    }\n  ]\n}",
            "override_json": null,
            "override_policy_documents": null,
            "policy_id": null,
            "source_json": null,
            "source_policy_documents": null,
            "statement": [
              {
                "actions": [
                  "sts:AssumeRole"
                ],
                "condition": [],
                "effect": "Allow",
                "not_actions": [],
                "not_principals": [],
                "not_resources": [],
                "principals": [
                  {
                    "identifiers": [
                      "ecs-tasks.amazonaws.com"
                    ],
                    "type": "Service"
                  }
                ],
                "resources": [],
                "sid": ""
              }
            ],
            "version": "2012-10-17"
          },
          "sensitive_attributes": []
        }
      ]
    },
    {
      "module": "module.blockchain-client-dev",
      "mode": "managed",
      "type": "aws_cloudwatch_log_group",
      "name": "log",
      "provider": "provider[\"registry.terraform.io/hashicorp/aws\"]",
      "instances": [
        {
          "schema_version": 0,
          "attributes": {
            "arn": "arn:aws:logs:ap-southeast-1:029319782524:log-group:/dev-main-cluster/dev-bc-client-api",
            "id": "/dev-main-cluster/dev-bc-client-api",
            "kms_key_id": "",
            "name": "/dev-main-cluster/dev-bc-client-api",
            "name_prefix": "",
            "retention_in_days": 14,
            "skip_destroy": false,
            "tags": {
              "Name": "dev-bc-client-api-log-group"
            },
            "tags_all": {
              "Name": "dev-bc-client-api-log-group"
            }
          },
          "sensitive_attributes": [],
          "private": "bnVsbA==",
          "dependencies": [
            "module.blockchain-client-dev.aws_ecs_cluster.main"
          ]
        }
      ]
    },
    {
      "module": "module.blockchain-client-dev",
      "mode": "managed",
      "type": "aws_ecr_lifecycle_policy",
      "name": "bc_client_api",
      "provider": "provider[\"registry.terraform.io/hashicorp/aws\"]",
      "instances": [
        {
          "schema_version": 0,
          "attributes": {
            "id": "dev-bc-client-api",
            "policy": "{\"rules\":[{\"action\":{\"type\":\"expire\"},\"description\":\"Expire images older than 14 days\",\"rulePriority\":1,\"selection\":{\"countNumber\":14,\"countType\":\"sinceImagePushed\",\"countUnit\":\"days\",\"tagStatus\":\"untagged\"}}]}",
            "registry_id": "029319782524",
            "repository": "dev-bc-client-api"
          },
          "sensitive_attributes": [],
          "private": "bnVsbA==",
          "dependencies": [
            "module.blockchain-client-dev.aws_ecr_repository.bc_client_api"
          ]
        }
      ]
    },
    {
      "module": "module.blockchain-client-dev",
      "mode": "managed",
      "type": "aws_ecr_repository",
      "name": "bc_client_api",
      "provider": "provider[\"registry.terraform.io/hashicorp/aws\"]",
      "instances": [
        {
          "schema_version": 0,
          "attributes": {
            "arn": "arn:aws:ecr:ap-southeast-1:029319782524:repository/dev-bc-client-api",
            "encryption_configuration": [
              {
                "encryption_type": "AES256",
                "kms_key": ""
              }
            ],
            "force_delete": null,
            "id": "dev-bc-client-api",
            "image_scanning_configuration": [
              {
                "scan_on_push": true
              }
            ],
            "image_tag_mutability": "MUTABLE",
            "name": "dev-bc-client-api",
            "registry_id": "029319782524",
            "repository_url": "029319782524.dkr.ecr.ap-southeast-1.amazonaws.com/dev-bc-client-api",
            "tags": {},
            "tags_all": {},
            "timeouts": null
          },
          "sensitive_attributes": [],
          "private": "eyJlMmJmYjczMC1lY2FhLTExZTYtOGY4OC0zNDM2M2JjN2M0YzAiOnsiZGVsZXRlIjoxMjAwMDAwMDAwMDAwfX0="
        }
      ]
    },
    {
      "module": "module.blockchain-client-dev",
      "mode": "managed",
      "type": "aws_ecs_cluster",
      "name": "main",
      "provider": "provider[\"registry.terraform.io/hashicorp/aws\"]",
      "instances": [
        {
          "schema_version": 0,
          "attributes": {
            "arn": "arn:aws:ecs:ap-southeast-1:029319782524:cluster/dev-main-cluster",
            "capacity_providers": [],
            "configuration": [],
            "default_capacity_provider_strategy": [],
            "id": "arn:aws:ecs:ap-southeast-1:029319782524:cluster/dev-main-cluster",
            "name": "dev-main-cluster",
            "service_connect_defaults": [],
            "setting": [
              {
                "name": "containerInsights",
                "value": "disabled"
              }
            ],
            "tags": {
              "Name": "dev-cluster-main"
            },
            "tags_all": {
              "Name": "dev-cluster-main"
            }
          },
          "sensitive_attributes": [],
          "private": "bnVsbA=="
        }
      ]
    },
    {
      "module": "module.blockchain-client-dev",
      "mode": "managed",
      "type": "aws_ecs_service",
      "name": "bc_client_api",
      "provider": "provider[\"registry.terraform.io/hashicorp/aws\"]",
      "instances": [
        {
          "schema_version": 0,
          "attributes": {
            "alarms": [],
            "capacity_provider_strategy": [],
            "cluster": "arn:aws:ecs:ap-southeast-1:029319782524:cluster/dev-main-cluster",
            "deployment_circuit_breaker": [
              {
                "enable": false,
                "rollback": false
              }
            ],
            "deployment_controller": [
              {
                "type": "ECS"
              }
            ],
            "deployment_maximum_percent": 200,
            "deployment_minimum_healthy_percent": 100,
            "desired_count": 1,
            "enable_ecs_managed_tags": false,
            "enable_execute_command": false,
            "force_new_deployment": null,
            "health_check_grace_period_seconds": 0,
            "iam_role": "/aws-service-role/ecs.amazonaws.com/AWSServiceRoleForECS",
            "id": "arn:aws:ecs:ap-southeast-1:029319782524:service/dev-main-cluster/dev-bc-client-api-service",
            "launch_type": "FARGATE",
            "load_balancer": [
              {
                "container_name": "dev-bc-client-api",
                "container_port": 3000,
                "elb_name": "",
                "target_group_arn": "arn:aws:elasticloadbalancing:ap-southeast-1:029319782524:targetgroup/dev-bc-client-api-tg-7WW4/fbce485adb6a7846"
              }
            ],
            "name": "dev-bc-client-api-service",
            "network_configuration": [
              {
                "assign_public_ip": false,
                "security_groups": [
                  "sg-077fbc48d7b206627"
                ],
                "subnets": [
                  "subnet-0452d85cda0da03a6",
                  "subnet-0a69441b125b08ca1"
                ]
              }
            ],
            "ordered_placement_strategy": [],
            "placement_constraints": [],
            "platform_version": "LATEST",
            "propagate_tags": "NONE",
            "scheduling_strategy": "REPLICA",
            "service_connect_configuration": [],
            "service_registries": [],
            "tags": {},
            "tags_all": {},
            "task_definition": "arn:aws:ecs:ap-southeast-1:029319782524:task-definition/dev-bc-client-api:10",
            "timeouts": null,
            "triggers": {},
            "wait_for_steady_state": false
          },
          "sensitive_attributes": [],
          "private": "eyJlMmJmYjczMC1lY2FhLTExZTYtOGY4OC0zNDM2M2JjN2M0YzAiOnsiY3JlYXRlIjoxMjAwMDAwMDAwMDAwLCJkZWxldGUiOjEyMDAwMDAwMDAwMDAsInVwZGF0ZSI6MTIwMDAwMDAwMDAwMH19",
          "dependencies": [
            "module.blockchain-client-dev.aws_cloudwatch_log_group.log",
            "module.blockchain-client-dev.aws_ecs_cluster.main",
            "module.blockchain-client-dev.aws_ecs_task_definition.bc_client_api",
            "module.blockchain-client-dev.aws_iam_role.ecs_tasks_execution_role",
            "module.blockchain-client-dev.aws_iam_role_policy_attachment.ecs_tasks_execution_role",
            "module.blockchain-client-dev.aws_iam_user.deploy",
            "module.blockchain-client-dev.aws_lb.default",
            "module.blockchain-client-dev.aws_lb_listener.bc_client_api",
            "module.blockchain-client-dev.aws_lb_target_group.bc_client_api",
            "module.blockchain-client-dev.aws_security_group.bc_client_api_task",
            "module.blockchain-client-dev.aws_security_group.lb",
            "module.blockchain-client-dev.aws_subnet.private",
            "module.blockchain-client-dev.aws_subnet.public",
            "module.blockchain-client-dev.aws_vpc.default",
            "module.blockchain-client-dev.data.aws_availability_zones.available_zones",
            "module.blockchain-client-dev.data.aws_iam_policy_document.ecs_tasks_execution_role",
            "module.blockchain-client-dev.random_string.target_group"
          ]
        }
      ]
    },
    {
      "module": "module.blockchain-client-dev",
      "mode": "managed",
      "type": "aws_ecs_task_definition",
      "name": "bc_client_api",
      "provider": "provider[\"registry.terraform.io/hashicorp/aws\"]",
      "instances": [
        {
          "schema_version": 1,
          "attributes": {
            "arn": "arn:aws:ecs:ap-southeast-1:029319782524:task-definition/dev-bc-client-api:10",
            "arn_without_revision": "arn:aws:ecs:ap-southeast-1:029319782524:task-definition/dev-bc-client-api",
            "container_definitions": "[{\"cpu\":1024,\"environment\":[],\"essential\":true,\"image\":\"dev-deploy.dkr.ecr.ap-southeast-1.amazonaws.com/dev-bc-client-api:latest\",\"logConfiguration\":{\"logDriver\":\"awslogs\",\"options\":{\"awslogs-create-group\":\"true\",\"awslogs-group\":\"/dev-main-cluster/dev-bc-client-api\",\"awslogs-region\":\"ap-southeast-1\",\"awslogs-stream-prefix\":\"dev-bc-client-api\"}},\"memory\":2048,\"mountPoints\":[],\"name\":\"dev-bc-client-api\",\"portMappings\":[{\"containerPort\":3000,\"hostPort\":3000,\"protocol\":\"tcp\"}],\"volumesFrom\":[]}]",
            "cpu": "1024",
            "ephemeral_storage": [],
            "execution_role_arn": "arn:aws:iam::029319782524:role/dev-ecs-task-execution-role",
            "family": "dev-bc-client-api",
            "id": "dev-bc-client-api",
            "inference_accelerator": [],
            "ipc_mode": "",
            "memory": "2048",
            "network_mode": "awsvpc",
            "pid_mode": "",
            "placement_constraints": [],
            "proxy_configuration": [],
            "requires_compatibilities": [
              "FARGATE"
            ],
            "revision": 10,
            "runtime_platform": [],
            "skip_destroy": false,
            "tags": {},
            "tags_all": {},
            "task_role_arn": "",
            "volume": []
          },
          "sensitive_attributes": [],
          "private": "eyJzY2hlbWFfdmVyc2lvbiI6IjEifQ==",
          "dependencies": [
            "module.blockchain-client-dev.aws_cloudwatch_log_group.log",
            "module.blockchain-client-dev.aws_ecs_cluster.main",
            "module.blockchain-client-dev.aws_iam_role.ecs_tasks_execution_role",
            "module.blockchain-client-dev.aws_iam_user.deploy",
            "module.blockchain-client-dev.data.aws_iam_policy_document.ecs_tasks_execution_role"
          ]
        }
      ]
    },
    {
      "module": "module.blockchain-client-dev",
      "mode": "managed",
      "type": "aws_eip",
      "name": "gateway",
      "provider": "provider[\"registry.terraform.io/hashicorp/aws\"]",
      "instances": [
        {
          "index_key": 0,
          "schema_version": 0,
          "attributes": {
            "address": null,
            "allocation_id": "eipalloc-0b2dc821eb1fb84ad",
            "associate_with_private_ip": null,
            "association_id": "eipassoc-01115c84ab67bfc06",
            "carrier_ip": "",
            "customer_owned_ip": "",
            "customer_owned_ipv4_pool": "",
            "domain": "vpc",
            "id": "eipalloc-0b2dc821eb1fb84ad",
            "instance": "",
            "network_border_group": "ap-southeast-1",
            "network_interface": "eni-0225252e19174bfd2",
            "private_dns": "ip-10-32-2-206.ap-southeast-1.compute.internal",
            "private_ip": "10.32.2.206",
            "public_dns": "ec2-13-215-223-212.ap-southeast-1.compute.amazonaws.com",
            "public_ip": "13.215.223.212",
            "public_ipv4_pool": "amazon",
            "tags": {
              "Name": "dev-eip"
            },
            "tags_all": {
              "Name": "dev-eip"
            },
            "timeouts": null,
            "vpc": true
          },
          "sensitive_attributes": [],
          "private": "eyJlMmJmYjczMC1lY2FhLTExZTYtOGY4OC0zNDM2M2JjN2M0YzAiOnsiZGVsZXRlIjoxODAwMDAwMDAwMDAsInJlYWQiOjkwMDAwMDAwMDAwMCwidXBkYXRlIjozMDAwMDAwMDAwMDB9fQ==",
          "dependencies": [
            "module.blockchain-client-dev.aws_internet_gateway.gateway",
            "module.blockchain-client-dev.aws_vpc.default"
          ]
        },
        {
          "index_key": 1,
          "schema_version": 0,
          "attributes": {
            "address": null,
            "allocation_id": "eipalloc-0face49720408a3fb",
            "associate_with_private_ip": null,
            "association_id": "eipassoc-003ca44b7d20530c4",
            "carrier_ip": "",
            "customer_owned_ip": "",
            "customer_owned_ipv4_pool": "",
            "domain": "vpc",
            "id": "eipalloc-0face49720408a3fb",
            "instance": "",
            "network_border_group": "ap-southeast-1",
            "network_interface": "eni-0aa78a736900e4810",
            "private_dns": "ip-10-32-3-240.ap-southeast-1.compute.internal",
            "private_ip": "10.32.3.240",
            "public_dns": "ec2-13-251-100-16.ap-southeast-1.compute.amazonaws.com",
            "public_ip": "13.251.100.16",
            "public_ipv4_pool": "amazon",
            "tags": {
              "Name": "dev-eip"
            },
            "tags_all": {
              "Name": "dev-eip"
            },
            "timeouts": null,
            "vpc": true
          },
          "sensitive_attributes": [],
          "private": "eyJlMmJmYjczMC1lY2FhLTExZTYtOGY4OC0zNDM2M2JjN2M0YzAiOnsiZGVsZXRlIjoxODAwMDAwMDAwMDAsInJlYWQiOjkwMDAwMDAwMDAwMCwidXBkYXRlIjozMDAwMDAwMDAwMDB9fQ==",
          "dependencies": [
            "module.blockchain-client-dev.aws_internet_gateway.gateway",
            "module.blockchain-client-dev.aws_vpc.default"
          ]
        }
      ]
    },
    {
      "module": "module.blockchain-client-dev",
      "mode": "managed",
      "type": "aws_iam_access_key",
      "name": "deploy",
      "provider": "provider[\"registry.terraform.io/hashicorp/aws\"]",
      "instances": [
        {
          "schema_version": 0,
          "attributes": {
            "create_date": "2023-04-28T05:25:51Z",
            "encrypted_secret": null,
            "encrypted_ses_smtp_password_v4": null,
            "id": "AKIAQNU4YMB6AOQBJ76O",
            "key_fingerprint": null,
            "pgp_key": null,
            "secret": "HyZH+kkIoWqL26Iv+V29cicmWpCWsvyBSmYVH7KM",
            "ses_smtp_password_v4": "BG9HmRXTiRJUQuyDlssM32NpA/7+eC5tQwDXK7lq2Ui9",
            "status": "Active",
            "user": "dev-deploy"
          },
          "sensitive_attributes": [],
          "private": "bnVsbA==",
          "dependencies": [
            "module.blockchain-client-dev.aws_iam_user.deploy"
          ]
        }
      ]
    },
    {
      "module": "module.blockchain-client-dev",
      "mode": "managed",
      "type": "aws_iam_group",
      "name": "deploy",
      "provider": "provider[\"registry.terraform.io/hashicorp/aws\"]",
      "instances": [
        {
          "schema_version": 0,
          "attributes": {
            "arn": "arn:aws:iam::029319782524:group/dev-deploy-group",
            "id": "dev-deploy-group",
            "name": "dev-deploy-group",
            "path": "/",
            "unique_id": "AGPAQNU4YMB6FMXEECIZR"
          },
          "sensitive_attributes": [],
          "private": "bnVsbA=="
        }
      ]
    },
    {
      "module": "module.blockchain-client-dev",
      "mode": "managed",
      "type": "aws_iam_group_membership",
      "name": "deploy",
      "provider": "provider[\"registry.terraform.io/hashicorp/aws\"]",
      "instances": [
        {
          "schema_version": 0,
          "attributes": {
            "group": "dev-deploy-group",
            "id": "dev-group-membership-deploy",
            "name": "dev-group-membership-deploy",
            "users": [
              "dev-deploy"
            ]
          },
          "sensitive_attributes": [],
          "private": "bnVsbA==",
          "dependencies": [
            "module.blockchain-client-dev.aws_iam_group.deploy",
            "module.blockchain-client-dev.aws_iam_user.deploy"
          ]
        }
      ]
    },
    {
      "module": "module.blockchain-client-dev",
      "mode": "managed",
      "type": "aws_iam_policy",
      "name": "deploy_policy",
      "provider": "provider[\"registry.terraform.io/hashicorp/aws\"]",
      "instances": [
        {
          "schema_version": 0,
          "attributes": {
            "arn": "arn:aws:iam::029319782524:policy/dev-deploy-policy",
            "description": "A deploy policy",
            "id": "arn:aws:iam::029319782524:policy/dev-deploy-policy",
            "name": "dev-deploy-policy",
            "name_prefix": "",
            "path": "/",
            "policy": "{\"Statement\":[{\"Action\":[\"imagebuilder:GetComponent\",\"imagebuilder:GetContainerRecipe\",\"logs:CreateLogGroup\",\"iam:PassRole\",\"ecs:DescribeServices\",\"ecs:RegisterTaskDefinition\",\"ecs:DescribeTaskDefinition\",\"ecs:UpdateService\",\"ecr:GetAuthorizationToken\",\"ecr:BatchGetImage\",\"ecr:InitiateLayerUpload\",\"ecr:UploadLayerPart\",\"ecr:CompleteLayerUpload\",\"ecr:BatchCheckLayerAvailability\",\"ecr:GetDownloadUrlForLayer\",\"ecr:PutImage\"],\"Effect\":\"Allow\",\"Resource\":\"*\"},{\"Action\":[\"kms:Decrypt\"],\"Condition\":{\"ForAnyValue:StringEquals\":{\"aws:CalledVia\":[\"imagebuilder.amazonaws.com\"],\"kms:EncryptionContextKeys\":\"aws:imagebuilder:arn\"}},\"Effect\":\"Allow\",\"Resource\":\"*\"},{\"Action\":[\"s3:GetObject\"],\"Effect\":\"Allow\",\"Resource\":\"arn:aws:s3:::ec2imagebuilder*\"},{\"Action\":[\"logs:CreateLogStream\",\"logs:CreateLogGroup\",\"logs:PutLogEvents\"],\"Effect\":\"Allow\",\"Resource\":\"arn:aws:logs:*:*:log-group:/aws/imagebuilder/*\"}],\"Version\":\"2012-10-17\"}",
            "policy_id": "ANPAQNU4YMB6HX2HPK2A5",
            "tags": {
              "Name": "dev-iam-policy-deploy"
            },
            "tags_all": {
              "Name": "dev-iam-policy-deploy"
            }
          },
          "sensitive_attributes": [],
          "private": "bnVsbA=="
        }
      ]
    },
    {
      "module": "module.blockchain-client-dev",
      "mode": "managed",
      "type": "aws_iam_policy_attachment",
      "name": "deploy_policy_attachment",
      "provider": "provider[\"registry.terraform.io/hashicorp/aws\"]",
      "instances": [
        {
          "schema_version": 0,
          "attributes": {
            "groups": [
              "dev-deploy-group"
            ],
            "id": "dev-deploy-policy-attachment",
            "name": "dev-deploy-policy-attachment",
            "policy_arn": "arn:aws:iam::029319782524:policy/dev-deploy-policy",
            "roles": [],
            "users": []
          },
          "sensitive_attributes": [],
          "private": "bnVsbA==",
          "dependencies": [
            "module.blockchain-client-dev.aws_iam_group.deploy",
            "module.blockchain-client-dev.aws_iam_policy.deploy_policy"
          ]
        }
      ]
    },
    {
      "module": "module.blockchain-client-dev",
      "mode": "managed",
      "type": "aws_iam_role",
      "name": "ecs_tasks_execution_role",
      "provider": "provider[\"registry.terraform.io/hashicorp/aws\"]",
      "instances": [
        {
          "schema_version": 0,
          "attributes": {
            "arn": "arn:aws:iam::029319782524:role/dev-ecs-task-execution-role",
            "assume_role_policy": "{\"Statement\":[{\"Action\":\"sts:AssumeRole\",\"Effect\":\"Allow\",\"Principal\":{\"Service\":\"ecs-tasks.amazonaws.com\"},\"Sid\":\"\"}],\"Version\":\"2012-10-17\"}",
            "create_date": "2023-04-28T05:25:50Z",
            "description": "",
            "force_detach_policies": false,
            "id": "dev-ecs-task-execution-role",
            "inline_policy": [],
            "managed_policy_arns": [
              "arn:aws:iam::aws:policy/service-role/AmazonECSTaskExecutionRolePolicy"
            ],
            "max_session_duration": 3600,
            "name": "dev-ecs-task-execution-role",
            "name_prefix": "",
            "path": "/",
            "permissions_boundary": null,
            "role_last_used": [
              {
                "last_used_date": "2023-04-28T05:33:18Z",
                "region": "ap-southeast-1"
              }
            ],
            "tags": {},
            "tags_all": {},
            "unique_id": "AROAQNU4YMB6NYF2WJORN"
          },
          "sensitive_attributes": [],
          "private": "bnVsbA==",
          "dependencies": [
            "module.blockchain-client-dev.data.aws_iam_policy_document.ecs_tasks_execution_role"
          ]
        }
      ]
    },
    {
      "module": "module.blockchain-client-dev",
      "mode": "managed",
      "type": "aws_iam_role_policy_attachment",
      "name": "ecs_tasks_execution_role",
      "provider": "provider[\"registry.terraform.io/hashicorp/aws\"]",
      "instances": [
        {
          "schema_version": 0,
          "attributes": {
            "id": "dev-ecs-task-execution-role-20230428052552242300000001",
            "policy_arn": "arn:aws:iam::aws:policy/service-role/AmazonECSTaskExecutionRolePolicy",
            "role": "dev-ecs-task-execution-role"
          },
          "sensitive_attributes": [],
          "private": "bnVsbA==",
          "dependencies": [
            "module.blockchain-client-dev.aws_iam_role.ecs_tasks_execution_role",
            "module.blockchain-client-dev.data.aws_iam_policy_document.ecs_tasks_execution_role"
          ]
        }
      ]
    },
    {
      "module": "module.blockchain-client-dev",
      "mode": "managed",
      "type": "aws_iam_user",
      "name": "deploy",
      "provider": "provider[\"registry.terraform.io/hashicorp/aws\"]",
      "instances": [
        {
          "schema_version": 0,
          "attributes": {
            "arn": "arn:aws:iam::029319782524:user/system/dev-deploy",
            "force_destroy": false,
            "id": "dev-deploy",
            "name": "dev-deploy",
            "path": "/system/",
            "permissions_boundary": null,
            "tags": {},
            "tags_all": {},
            "unique_id": "AIDAQNU4YMB6PULQZ24PI"
          },
          "sensitive_attributes": [],
          "private": "bnVsbA=="
        }
      ]
    },
    {
      "module": "module.blockchain-client-dev",
      "mode": "managed",
      "type": "aws_iam_user_login_profile",
      "name": "deploy",
      "provider": "provider[\"registry.terraform.io/hashicorp/aws\"]",
      "instances": [
        {
          "schema_version": 0,
          "attributes": {
            "encrypted_password": "wcFMA/R5B5rbV9ttAQ/+NfZjgRTCBDDjLwx7ogkWNv6+jA9lyZsumXKWi/4RopZYoZN8JbvXda8MtgKbGLfmpoTvMltu3z0XK/or5qw6JaXKbhoDh7Bv2SWuXvrUzyEWdOe6sg3DWkazbbsMKGOc4wrOfF+Q+GMmVas7vzIw4Ox4gvatl5kWo0y2lpd9B4dT0Ze+vUPo3C6rf5MH9Trw3WKcMHA/fJZjTWYx1Tcjfcv2p+X4z8X0kyFATe4OgyUR19BXNM3xQb85djKfZ/Z7lv3FORTY3khV85cSEsLC/3vR3Rd3+B2hlrq2Ka71W2nm3YbdUBpbk40UIQrbsImWRmICRZwoEfSaC0XWWTF50MUdUYlLRXVMIFHbvHgIr/7fD68JlN3EEevD+egCM0oCs4bS54O6oyFJtRYApJpXA4PVqidMz/ak1TcLwj4Rnf/DnWUYQ1v6jHbRcRZWsLMZUyYJTiq8HIWSBLlHbqRVesi3RG4Cw9SmI1s+7eq3nES38Im5wBPaWG9oa1d6L+ccZK+EMzl3hV0veIIf8IEPzwPSh0hgyAZ48Id7j5ANXQfo+MQr2jbT+ap9OgisTMyy/K29HggYewyvTNT4R4v3cjJ2VdGWK1lbSyII4z7tiDttrw3KmcSzEnr69J5/UprmzSH6/WR2baBjAFFmKEI0Dl81rWAoro37ELR1yHRRcMTSRQE8l/e4949NuSN0FhIPTIK02gpcBPuQfr561mi/Yu1yGWhViKZfJ92ktDLGJhod3K/W5EB6iQW8CLaTq4WLZvTxk+fmgg==",
            "id": "dev-deploy",
            "key_fingerprint": "18e552060536b942f900908c34d44a777192c1aa",
            "password": null,
            "password_length": 20,
            "password_reset_required": true,
            "pgp_key": "keybase:terraform_user",
            "user": "dev-deploy"
          },
          "sensitive_attributes": [],
          "private": "bnVsbA==",
          "dependencies": [
            "module.blockchain-client-dev.aws_iam_user.deploy"
          ]
        }
      ]
    },
    {
      "module": "module.blockchain-client-dev",
      "mode": "managed",
      "type": "aws_internet_gateway",
      "name": "gateway",
      "provider": "provider[\"registry.terraform.io/hashicorp/aws\"]",
      "instances": [
        {
          "schema_version": 0,
          "attributes": {
            "arn": "arn:aws:ec2:ap-southeast-1:029319782524:internet-gateway/igw-053a7d5b98b48871f",
            "id": "igw-053a7d5b98b48871f",
            "owner_id": "029319782524",
            "tags": {
              "Name": "dev-igw"
            },
            "tags_all": {
              "Name": "dev-igw"
            },
            "timeouts": null,
            "vpc_id": "vpc-0d5410bd999996ce0"
          },
          "sensitive_attributes": [],
          "private": "eyJlMmJmYjczMC1lY2FhLTExZTYtOGY4OC0zNDM2M2JjN2M0YzAiOnsiY3JlYXRlIjoxMjAwMDAwMDAwMDAwLCJkZWxldGUiOjEyMDAwMDAwMDAwMDAsInVwZGF0ZSI6MTIwMDAwMDAwMDAwMH19",
          "dependencies": [
            "module.blockchain-client-dev.aws_vpc.default"
          ]
        }
      ]
    },
    {
      "module": "module.blockchain-client-dev",
      "mode": "managed",
      "type": "aws_lb",
      "name": "default",
      "provider": "provider[\"registry.terraform.io/hashicorp/aws\"]",
      "instances": [
        {
          "schema_version": 0,
          "attributes": {
            "access_logs": [
              {
                "bucket": "",
                "enabled": false,
                "prefix": ""
              }
            ],
            "arn": "arn:aws:elasticloadbalancing:ap-southeast-1:029319782524:loadbalancer/app/dev-default-lb/efd8dfd48d599c69",
            "arn_suffix": "app/dev-default-lb/efd8dfd48d599c69",
            "customer_owned_ipv4_pool": "",
            "desync_mitigation_mode": "defensive",
            "dns_name": "dev-default-lb-181789733.ap-southeast-1.elb.amazonaws.com",
            "drop_invalid_header_fields": false,
            "enable_cross_zone_load_balancing": true,
            "enable_deletion_protection": false,
            "enable_http2": true,
            "enable_tls_version_and_cipher_suite_headers": false,
            "enable_waf_fail_open": false,
            "enable_xff_client_port": false,
            "id": "arn:aws:elasticloadbalancing:ap-southeast-1:029319782524:loadbalancer/app/dev-default-lb/efd8dfd48d599c69",
            "idle_timeout": 60,
            "internal": false,
            "ip_address_type": "ipv4",
            "load_balancer_type": "application",
            "name": "dev-default-lb",
            "name_prefix": null,
            "preserve_host_header": false,
            "security_groups": [
              "sg-0b52ea014b316432d"
            ],
            "subnet_mapping": [
              {
                "allocation_id": "",
                "ipv6_address": "",
                "outpost_id": "",
                "private_ipv4_address": "",
                "subnet_id": "subnet-0796445484b7c8241"
              },
              {
                "allocation_id": "",
                "ipv6_address": "",
                "outpost_id": "",
                "private_ipv4_address": "",
                "subnet_id": "subnet-0bd21a3871bc8f47a"
              }
            ],
            "subnets": [
              "subnet-0796445484b7c8241",
              "subnet-0bd21a3871bc8f47a"
            ],
            "tags": {
              "Name": "dev-lb-default"
            },
            "tags_all": {
              "Name": "dev-lb-default"
            },
            "timeouts": null,
            "vpc_id": "vpc-0d5410bd999996ce0",
            "xff_header_processing_mode": "append",
            "zone_id": "Z1LMS91P8CMLE5"
          },
          "sensitive_attributes": [],
          "private": "eyJlMmJmYjczMC1lY2FhLTExZTYtOGY4OC0zNDM2M2JjN2M0YzAiOnsiY3JlYXRlIjo2MDAwMDAwMDAwMDAsImRlbGV0ZSI6NjAwMDAwMDAwMDAwLCJ1cGRhdGUiOjYwMDAwMDAwMDAwMH19",
          "dependencies": [
            "module.blockchain-client-dev.aws_security_group.lb",
            "module.blockchain-client-dev.aws_subnet.public",
            "module.blockchain-client-dev.aws_vpc.default",
            "module.blockchain-client-dev.data.aws_availability_zones.available_zones"
          ]
        }
      ]
    },
    {
      "module": "module.blockchain-client-dev",
      "mode": "managed",
      "type": "aws_lb_listener",
      "name": "bc_client_api",
      "provider": "provider[\"registry.terraform.io/hashicorp/aws\"]",
      "instances": [
        {
          "schema_version": 0,
          "attributes": {
            "alpn_policy": null,
            "arn": "arn:aws:elasticloadbalancing:ap-southeast-1:029319782524:listener/app/dev-default-lb/efd8dfd48d599c69/1030b72627b50cf4",
            "certificate_arn": null,
            "default_action": [
              {
                "authenticate_cognito": [],
                "authenticate_oidc": [],
                "fixed_response": [],
                "forward": [],
                "order": 1,
                "redirect": [],
                "target_group_arn": "arn:aws:elasticloadbalancing:ap-southeast-1:029319782524:targetgroup/dev-bc-client-api-tg-7WW4/fbce485adb6a7846",
                "type": "forward"
              }
            ],
            "id": "arn:aws:elasticloadbalancing:ap-southeast-1:029319782524:listener/app/dev-default-lb/efd8dfd48d599c69/1030b72627b50cf4",
            "load_balancer_arn": "arn:aws:elasticloadbalancing:ap-southeast-1:029319782524:loadbalancer/app/dev-default-lb/efd8dfd48d599c69",
            "port": 3000,
            "protocol": "HTTP",
            "ssl_policy": "",
            "tags": {},
            "tags_all": {},
            "timeouts": null
          },
          "sensitive_attributes": [],
          "private": "eyJlMmJmYjczMC1lY2FhLTExZTYtOGY4OC0zNDM2M2JjN2M0YzAiOnsicmVhZCI6NjAwMDAwMDAwMDAwfX0=",
          "dependencies": [
            "module.blockchain-client-dev.aws_lb.default",
            "module.blockchain-client-dev.aws_lb_target_group.bc_client_api",
            "module.blockchain-client-dev.aws_security_group.lb",
            "module.blockchain-client-dev.aws_subnet.public",
            "module.blockchain-client-dev.aws_vpc.default",
            "module.blockchain-client-dev.data.aws_availability_zones.available_zones",
            "module.blockchain-client-dev.random_string.target_group"
          ]
        }
      ]
    },
    {
      "module": "module.blockchain-client-dev",
      "mode": "managed",
      "type": "aws_lb_target_group",
      "name": "bc_client_api",
      "provider": "provider[\"registry.terraform.io/hashicorp/aws\"]",
      "instances": [
        {
          "schema_version": 0,
          "attributes": {
            "arn": "arn:aws:elasticloadbalancing:ap-southeast-1:029319782524:targetgroup/dev-bc-client-api-tg-7WW4/fbce485adb6a7846",
            "arn_suffix": "targetgroup/dev-bc-client-api-tg-7WW4/fbce485adb6a7846",
            "connection_termination": false,
            "deregistration_delay": "300",
            "health_check": [
              {
                "enabled": true,
                "healthy_threshold": 5,
                "interval": 30,
                "matcher": "200",
                "path": "/",
                "port": "traffic-port",
                "protocol": "HTTP",
                "timeout": 5,
                "unhealthy_threshold": 2
              }
            ],
            "id": "arn:aws:elasticloadbalancing:ap-southeast-1:029319782524:targetgroup/dev-bc-client-api-tg-7WW4/fbce485adb6a7846",
            "ip_address_type": "ipv4",
            "lambda_multi_value_headers_enabled": false,
            "load_balancing_algorithm_type": "round_robin",
            "load_balancing_cross_zone_enabled": "use_load_balancer_configuration",
            "name": "dev-bc-client-api-tg-7WW4",
            "name_prefix": null,
            "port": 3000,
            "preserve_client_ip": null,
            "protocol": "HTTP",
            "protocol_version": "HTTP1",
            "proxy_protocol_v2": false,
            "slow_start": 0,
            "stickiness": [
              {
                "cookie_duration": 86400,
                "cookie_name": "",
                "enabled": false,
                "type": "lb_cookie"
              }
            ],
            "tags": {
              "Name": "dev-bc-client-api-tg"
            },
            "tags_all": {
              "Name": "dev-bc-client-api-tg"
            },
            "target_failover": [
              {
                "on_deregistration": null,
                "on_unhealthy": null
              }
            ],
            "target_type": "ip",
            "vpc_id": "vpc-0d5410bd999996ce0"
          },
          "sensitive_attributes": [],
          "private": "bnVsbA==",
          "dependencies": [
            "module.blockchain-client-dev.aws_vpc.default",
            "module.blockchain-client-dev.random_string.target_group"
          ],
          "create_before_destroy": true
        }
      ]
    },
    {
      "module": "module.blockchain-client-dev",
      "mode": "managed",
      "type": "aws_nat_gateway",
      "name": "gateway",
      "provider": "provider[\"registry.terraform.io/hashicorp/aws\"]",
      "instances": [
        {
          "index_key": 0,
          "schema_version": 0,
          "attributes": {
            "allocation_id": "eipalloc-0b2dc821eb1fb84ad",
            "association_id": "eipassoc-01115c84ab67bfc06",
            "connectivity_type": "public",
            "id": "nat-0b7c20218024b7cee",
            "network_interface_id": "eni-0225252e19174bfd2",
            "private_ip": "10.32.2.206",
            "public_ip": "13.215.223.212",
            "subnet_id": "subnet-0bd21a3871bc8f47a",
            "tags": {
              "Name": "dev-nat-gateway"
            },
            "tags_all": {
              "Name": "dev-nat-gateway"
            }
          },
          "sensitive_attributes": [],
          "private": "bnVsbA==",
          "dependencies": [
            "module.blockchain-client-dev.aws_eip.gateway",
            "module.blockchain-client-dev.aws_internet_gateway.gateway",
            "module.blockchain-client-dev.aws_subnet.public",
            "module.blockchain-client-dev.aws_vpc.default",
            "module.blockchain-client-dev.data.aws_availability_zones.available_zones"
          ]
        },
        {
          "index_key": 1,
          "schema_version": 0,
          "attributes": {
            "allocation_id": "eipalloc-0face49720408a3fb",
            "association_id": "eipassoc-003ca44b7d20530c4",
            "connectivity_type": "public",
            "id": "nat-02a2833a450202f6e",
            "network_interface_id": "eni-0aa78a736900e4810",
            "private_ip": "10.32.3.240",
            "public_ip": "13.251.100.16",
            "subnet_id": "subnet-0796445484b7c8241",
            "tags": {
              "Name": "dev-nat-gateway"
            },
            "tags_all": {
              "Name": "dev-nat-gateway"
            }
          },
          "sensitive_attributes": [],
          "private": "bnVsbA==",
          "dependencies": [
            "module.blockchain-client-dev.aws_eip.gateway",
            "module.blockchain-client-dev.aws_internet_gateway.gateway",
            "module.blockchain-client-dev.aws_subnet.public",
            "module.blockchain-client-dev.aws_vpc.default",
            "module.blockchain-client-dev.data.aws_availability_zones.available_zones"
          ]
        }
      ]
    },
    {
      "module": "module.blockchain-client-dev",
      "mode": "managed",
      "type": "aws_route",
      "name": "internet_access",
      "provider": "provider[\"registry.terraform.io/hashicorp/aws\"]",
      "instances": [
        {
          "schema_version": 0,
          "attributes": {
            "carrier_gateway_id": "",
            "core_network_arn": "",
            "destination_cidr_block": "0.0.0.0/0",
            "destination_ipv6_cidr_block": "",
            "destination_prefix_list_id": "",
            "egress_only_gateway_id": "",
            "gateway_id": "igw-053a7d5b98b48871f",
            "id": "r-rtb-0432a9767a4d4d9361080289494",
            "instance_id": "",
            "instance_owner_id": "",
            "local_gateway_id": "",
            "nat_gateway_id": "",
            "network_interface_id": "",
            "origin": "CreateRoute",
            "route_table_id": "rtb-0432a9767a4d4d936",
            "state": "active",
            "timeouts": null,
            "transit_gateway_id": "",
            "vpc_endpoint_id": "",
            "vpc_peering_connection_id": ""
          },
          "sensitive_attributes": [],
          "private": "eyJlMmJmYjczMC1lY2FhLTExZTYtOGY4OC0zNDM2M2JjN2M0YzAiOnsiY3JlYXRlIjozMDAwMDAwMDAwMDAsImRlbGV0ZSI6MzAwMDAwMDAwMDAwLCJ1cGRhdGUiOjEyMDAwMDAwMDAwMH19",
          "dependencies": [
            "module.blockchain-client-dev.aws_internet_gateway.gateway",
            "module.blockchain-client-dev.aws_vpc.default"
          ]
        }
      ]
    },
    {
      "module": "module.blockchain-client-dev",
      "mode": "managed",
      "type": "aws_route_table",
      "name": "private",
      "provider": "provider[\"registry.terraform.io/hashicorp/aws\"]",
      "instances": [
        {
          "index_key": 0,
          "schema_version": 0,
          "attributes": {
            "arn": "arn:aws:ec2:ap-southeast-1:029319782524:route-table/rtb-04106d9e8b83ed191",
            "id": "rtb-04106d9e8b83ed191",
            "owner_id": "029319782524",
            "propagating_vgws": [],
            "route": [
              {
                "carrier_gateway_id": "",
                "cidr_block": "0.0.0.0/0",
                "core_network_arn": "",
                "destination_prefix_list_id": "",
                "egress_only_gateway_id": "",
                "gateway_id": "",
                "instance_id": "",
                "ipv6_cidr_block": "",
                "local_gateway_id": "",
                "nat_gateway_id": "nat-0b7c20218024b7cee",
                "network_interface_id": "",
                "transit_gateway_id": "",
                "vpc_endpoint_id": "",
                "vpc_peering_connection_id": ""
              }
            ],
            "tags": {
              "Name": "dev-route-table-private"
            },
            "tags_all": {
              "Name": "dev-route-table-private"
            },
            "timeouts": null,
            "vpc_id": "vpc-0d5410bd999996ce0"
          },
          "sensitive_attributes": [],
          "private": "eyJlMmJmYjczMC1lY2FhLTExZTYtOGY4OC0zNDM2M2JjN2M0YzAiOnsiY3JlYXRlIjozMDAwMDAwMDAwMDAsImRlbGV0ZSI6MzAwMDAwMDAwMDAwLCJ1cGRhdGUiOjEyMDAwMDAwMDAwMH19",
          "dependencies": [
            "module.blockchain-client-dev.aws_eip.gateway",
            "module.blockchain-client-dev.aws_internet_gateway.gateway",
            "module.blockchain-client-dev.aws_nat_gateway.gateway",
            "module.blockchain-client-dev.aws_subnet.public",
            "module.blockchain-client-dev.aws_vpc.default",
            "module.blockchain-client-dev.data.aws_availability_zones.available_zones"
          ]
        },
        {
          "index_key": 1,
          "schema_version": 0,
          "attributes": {
            "arn": "arn:aws:ec2:ap-southeast-1:029319782524:route-table/rtb-0695700dfa3ece241",
            "id": "rtb-0695700dfa3ece241",
            "owner_id": "029319782524",
            "propagating_vgws": [],
            "route": [
              {
                "carrier_gateway_id": "",
                "cidr_block": "0.0.0.0/0",
                "core_network_arn": "",
                "destination_prefix_list_id": "",
                "egress_only_gateway_id": "",
                "gateway_id": "",
                "instance_id": "",
                "ipv6_cidr_block": "",
                "local_gateway_id": "",
                "nat_gateway_id": "nat-02a2833a450202f6e",
                "network_interface_id": "",
                "transit_gateway_id": "",
                "vpc_endpoint_id": "",
                "vpc_peering_connection_id": ""
              }
            ],
            "tags": {
              "Name": "dev-route-table-private"
            },
            "tags_all": {
              "Name": "dev-route-table-private"
            },
            "timeouts": null,
            "vpc_id": "vpc-0d5410bd999996ce0"
          },
          "sensitive_attributes": [],
          "private": "eyJlMmJmYjczMC1lY2FhLTExZTYtOGY4OC0zNDM2M2JjN2M0YzAiOnsiY3JlYXRlIjozMDAwMDAwMDAwMDAsImRlbGV0ZSI6MzAwMDAwMDAwMDAwLCJ1cGRhdGUiOjEyMDAwMDAwMDAwMH19",
          "dependencies": [
            "module.blockchain-client-dev.aws_eip.gateway",
            "module.blockchain-client-dev.aws_internet_gateway.gateway",
            "module.blockchain-client-dev.aws_nat_gateway.gateway",
            "module.blockchain-client-dev.aws_subnet.public",
            "module.blockchain-client-dev.aws_vpc.default",
            "module.blockchain-client-dev.data.aws_availability_zones.available_zones"
          ]
        }
      ]
    },
    {
      "module": "module.blockchain-client-dev",
      "mode": "managed",
      "type": "aws_route_table_association",
      "name": "private",
      "provider": "provider[\"registry.terraform.io/hashicorp/aws\"]",
      "instances": [
        {
          "index_key": 0,
          "schema_version": 0,
          "attributes": {
            "gateway_id": "",
            "id": "rtbassoc-082bfb7cbdc19795f",
            "route_table_id": "rtb-04106d9e8b83ed191",
            "subnet_id": "subnet-0a69441b125b08ca1",
            "timeouts": null
          },
          "sensitive_attributes": [],
          "private": "eyJlMmJmYjczMC1lY2FhLTExZTYtOGY4OC0zNDM2M2JjN2M0YzAiOnsiY3JlYXRlIjozMDAwMDAwMDAwMDAsImRlbGV0ZSI6MzAwMDAwMDAwMDAwLCJ1cGRhdGUiOjEyMDAwMDAwMDAwMH19",
          "dependencies": [
            "module.blockchain-client-dev.aws_eip.gateway",
            "module.blockchain-client-dev.aws_internet_gateway.gateway",
            "module.blockchain-client-dev.aws_nat_gateway.gateway",
            "module.blockchain-client-dev.aws_route_table.private",
            "module.blockchain-client-dev.aws_subnet.private",
            "module.blockchain-client-dev.aws_subnet.public",
            "module.blockchain-client-dev.aws_vpc.default",
            "module.blockchain-client-dev.data.aws_availability_zones.available_zones"
          ]
        },
        {
          "index_key": 1,
          "schema_version": 0,
          "attributes": {
            "gateway_id": "",
            "id": "rtbassoc-0c52e27e6fcc319c3",
            "route_table_id": "rtb-0695700dfa3ece241",
            "subnet_id": "subnet-0452d85cda0da03a6",
            "timeouts": null
          },
          "sensitive_attributes": [],
          "private": "eyJlMmJmYjczMC1lY2FhLTExZTYtOGY4OC0zNDM2M2JjN2M0YzAiOnsiY3JlYXRlIjozMDAwMDAwMDAwMDAsImRlbGV0ZSI6MzAwMDAwMDAwMDAwLCJ1cGRhdGUiOjEyMDAwMDAwMDAwMH19",
          "dependencies": [
            "module.blockchain-client-dev.aws_eip.gateway",
            "module.blockchain-client-dev.aws_internet_gateway.gateway",
            "module.blockchain-client-dev.aws_nat_gateway.gateway",
            "module.blockchain-client-dev.aws_route_table.private",
            "module.blockchain-client-dev.aws_subnet.private",
            "module.blockchain-client-dev.aws_subnet.public",
            "module.blockchain-client-dev.aws_vpc.default",
            "module.blockchain-client-dev.data.aws_availability_zones.available_zones"
          ]
        }
      ]
    },
    {
      "module": "module.blockchain-client-dev",
      "mode": "managed",
      "type": "aws_secretsmanager_secret_version",
      "name": "deploy_access_key",
      "provider": "provider[\"registry.terraform.io/hashicorp/aws\"]",
      "instances": []
    },
    {
      "module": "module.blockchain-client-dev",
      "mode": "managed",
      "type": "aws_security_group",
      "name": "bc_client_api_task",
      "provider": "provider[\"registry.terraform.io/hashicorp/aws\"]",
      "instances": [
        {
          "schema_version": 1,
          "attributes": {
            "arn": "arn:aws:ec2:ap-southeast-1:029319782524:security-group/sg-077fbc48d7b206627",
            "description": "Managed by Terraform",
            "egress": [
              {
                "cidr_blocks": [
                  "0.0.0.0/0"
                ],
                "description": "",
                "from_port": 0,
                "ipv6_cidr_blocks": [],
                "prefix_list_ids": [],
                "protocol": "-1",
                "security_groups": [],
                "self": false,
                "to_port": 0
              }
            ],
            "id": "sg-077fbc48d7b206627",
            "ingress": [
              {
                "cidr_blocks": [],
                "description": "",
                "from_port": 3000,
                "ipv6_cidr_blocks": [],
                "prefix_list_ids": [],
                "protocol": "tcp",
                "security_groups": [
                  "sg-0b52ea014b316432d"
                ],
                "self": false,
                "to_port": 3000
              }
            ],
            "name": "dev-bc-client-api-task-sg",
            "name_prefix": "",
            "owner_id": "029319782524",
            "revoke_rules_on_delete": false,
            "tags": {},
            "tags_all": {},
            "timeouts": null,
            "vpc_id": "vpc-0d5410bd999996ce0"
          },
          "sensitive_attributes": [],
          "private": "eyJlMmJmYjczMC1lY2FhLTExZTYtOGY4OC0zNDM2M2JjN2M0YzAiOnsiY3JlYXRlIjo2MDAwMDAwMDAwMDAsImRlbGV0ZSI6OTAwMDAwMDAwMDAwfSwic2NoZW1hX3ZlcnNpb24iOiIxIn0=",
          "dependencies": [
            "module.blockchain-client-dev.aws_security_group.lb",
            "module.blockchain-client-dev.aws_vpc.default"
          ]
        }
      ]
    },
    {
      "module": "module.blockchain-client-dev",
      "mode": "managed",
      "type": "aws_security_group",
      "name": "lb",
      "provider": "provider[\"registry.terraform.io/hashicorp/aws\"]",
      "instances": [
        {
          "schema_version": 1,
          "attributes": {
            "arn": "arn:aws:ec2:ap-southeast-1:029319782524:security-group/sg-0b52ea014b316432d",
            "description": "Managed by Terraform",
            "egress": [
              {
                "cidr_blocks": [
                  "0.0.0.0/0"
                ],
                "description": "",
                "from_port": 0,
                "ipv6_cidr_blocks": [],
                "prefix_list_ids": [],
                "protocol": "-1",
                "security_groups": [],
                "self": false,
                "to_port": 0
              }
            ],
            "id": "sg-0b52ea014b316432d",
            "ingress": [
              {
                "cidr_blocks": [
                  "0.0.0.0/0"
                ],
                "description": "",
                "from_port": 80,
                "ipv6_cidr_blocks": [],
                "prefix_list_ids": [],
                "protocol": "tcp",
                "security_groups": [],
                "self": false,
                "to_port": 80
              }
            ],
            "name": "dev-main-alb-security-group",
            "name_prefix": "",
            "owner_id": "029319782524",
            "revoke_rules_on_delete": false,
            "tags": {
              "Name": "dev-sg-lb"
            },
            "tags_all": {
              "Name": "dev-sg-lb"
            },
            "timeouts": null,
            "vpc_id": "vpc-0d5410bd999996ce0"
          },
          "sensitive_attributes": [],
          "private": "eyJlMmJmYjczMC1lY2FhLTExZTYtOGY4OC0zNDM2M2JjN2M0YzAiOnsiY3JlYXRlIjo2MDAwMDAwMDAwMDAsImRlbGV0ZSI6OTAwMDAwMDAwMDAwfSwic2NoZW1hX3ZlcnNpb24iOiIxIn0=",
          "dependencies": [
            "module.blockchain-client-dev.aws_vpc.default"
          ]
        }
      ]
    },
    {
      "module": "module.blockchain-client-dev",
      "mode": "managed",
      "type": "aws_subnet",
      "name": "private",
      "provider": "provider[\"registry.terraform.io/hashicorp/aws\"]",
      "instances": [
        {
          "index_key": 0,
          "schema_version": 1,
          "attributes": {
            "arn": "arn:aws:ec2:ap-southeast-1:029319782524:subnet/subnet-0a69441b125b08ca1",
            "assign_ipv6_address_on_creation": false,
            "availability_zone": "ap-southeast-1a",
            "availability_zone_id": "apse1-az1",
            "cidr_block": "10.32.0.0/24",
            "customer_owned_ipv4_pool": "",
            "enable_dns64": false,
            "enable_lni_at_device_index": 0,
            "enable_resource_name_dns_a_record_on_launch": false,
            "enable_resource_name_dns_aaaa_record_on_launch": false,
            "id": "subnet-0a69441b125b08ca1",
            "ipv6_cidr_block": "",
            "ipv6_cidr_block_association_id": "",
            "ipv6_native": false,
            "map_customer_owned_ip_on_launch": false,
            "map_public_ip_on_launch": false,
            "outpost_arn": "",
            "owner_id": "029319782524",
            "private_dns_hostname_type_on_launch": "ip-name",
            "tags": {
              "Name": "dev-private-subnet"
            },
            "tags_all": {
              "Name": "dev-private-subnet"
            },
            "timeouts": null,
            "vpc_id": "vpc-0d5410bd999996ce0"
          },
          "sensitive_attributes": [],
          "private": "eyJlMmJmYjczMC1lY2FhLTExZTYtOGY4OC0zNDM2M2JjN2M0YzAiOnsiY3JlYXRlIjo2MDAwMDAwMDAwMDAsImRlbGV0ZSI6MTIwMDAwMDAwMDAwMH0sInNjaGVtYV92ZXJzaW9uIjoiMSJ9",
          "dependencies": [
            "module.blockchain-client-dev.aws_vpc.default",
            "module.blockchain-client-dev.data.aws_availability_zones.available_zones"
          ]
        },
        {
          "index_key": 1,
          "schema_version": 1,
          "attributes": {
            "arn": "arn:aws:ec2:ap-southeast-1:029319782524:subnet/subnet-0452d85cda0da03a6",
            "assign_ipv6_address_on_creation": false,
            "availability_zone": "ap-southeast-1b",
            "availability_zone_id": "apse1-az2",
            "cidr_block": "10.32.1.0/24",
            "customer_owned_ipv4_pool": "",
            "enable_dns64": false,
            "enable_lni_at_device_index": 0,
            "enable_resource_name_dns_a_record_on_launch": false,
            "enable_resource_name_dns_aaaa_record_on_launch": false,
            "id": "subnet-0452d85cda0da03a6",
            "ipv6_cidr_block": "",
            "ipv6_cidr_block_association_id": "",
            "ipv6_native": false,
            "map_customer_owned_ip_on_launch": false,
            "map_public_ip_on_launch": false,
            "outpost_arn": "",
            "owner_id": "029319782524",
            "private_dns_hostname_type_on_launch": "ip-name",
            "tags": {
              "Name": "dev-private-subnet"
            },
            "tags_all": {
              "Name": "dev-private-subnet"
            },
            "timeouts": null,
            "vpc_id": "vpc-0d5410bd999996ce0"
          },
          "sensitive_attributes": [],
          "private": "eyJlMmJmYjczMC1lY2FhLTExZTYtOGY4OC0zNDM2M2JjN2M0YzAiOnsiY3JlYXRlIjo2MDAwMDAwMDAwMDAsImRlbGV0ZSI6MTIwMDAwMDAwMDAwMH0sInNjaGVtYV92ZXJzaW9uIjoiMSJ9",
          "dependencies": [
            "module.blockchain-client-dev.aws_vpc.default",
            "module.blockchain-client-dev.data.aws_availability_zones.available_zones"
          ]
        }
      ]
    },
    {
      "module": "module.blockchain-client-dev",
      "mode": "managed",
      "type": "aws_subnet",
      "name": "public",
      "provider": "provider[\"registry.terraform.io/hashicorp/aws\"]",
      "instances": [
        {
          "index_key": 0,
          "schema_version": 1,
          "attributes": {
            "arn": "arn:aws:ec2:ap-southeast-1:029319782524:subnet/subnet-0bd21a3871bc8f47a",
            "assign_ipv6_address_on_creation": false,
            "availability_zone": "ap-southeast-1a",
            "availability_zone_id": "apse1-az1",
            "cidr_block": "10.32.2.0/24",
            "customer_owned_ipv4_pool": "",
            "enable_dns64": false,
            "enable_lni_at_device_index": 0,
            "enable_resource_name_dns_a_record_on_launch": false,
            "enable_resource_name_dns_aaaa_record_on_launch": false,
            "id": "subnet-0bd21a3871bc8f47a",
            "ipv6_cidr_block": "",
            "ipv6_cidr_block_association_id": "",
            "ipv6_native": false,
            "map_customer_owned_ip_on_launch": false,
            "map_public_ip_on_launch": true,
            "outpost_arn": "",
            "owner_id": "029319782524",
            "private_dns_hostname_type_on_launch": "ip-name",
            "tags": {
              "Name": "dev-public-subnet"
            },
            "tags_all": {
              "Name": "dev-public-subnet"
            },
            "timeouts": null,
            "vpc_id": "vpc-0d5410bd999996ce0"
          },
          "sensitive_attributes": [],
          "private": "eyJlMmJmYjczMC1lY2FhLTExZTYtOGY4OC0zNDM2M2JjN2M0YzAiOnsiY3JlYXRlIjo2MDAwMDAwMDAwMDAsImRlbGV0ZSI6MTIwMDAwMDAwMDAwMH0sInNjaGVtYV92ZXJzaW9uIjoiMSJ9",
          "dependencies": [
            "module.blockchain-client-dev.aws_vpc.default",
            "module.blockchain-client-dev.data.aws_availability_zones.available_zones"
          ]
        },
        {
          "index_key": 1,
          "schema_version": 1,
          "attributes": {
            "arn": "arn:aws:ec2:ap-southeast-1:029319782524:subnet/subnet-0796445484b7c8241",
            "assign_ipv6_address_on_creation": false,
            "availability_zone": "ap-southeast-1b",
            "availability_zone_id": "apse1-az2",
            "cidr_block": "10.32.3.0/24",
            "customer_owned_ipv4_pool": "",
            "enable_dns64": false,
            "enable_lni_at_device_index": 0,
            "enable_resource_name_dns_a_record_on_launch": false,
            "enable_resource_name_dns_aaaa_record_on_launch": false,
            "id": "subnet-0796445484b7c8241",
            "ipv6_cidr_block": "",
            "ipv6_cidr_block_association_id": "",
            "ipv6_native": false,
            "map_customer_owned_ip_on_launch": false,
            "map_public_ip_on_launch": true,
            "outpost_arn": "",
            "owner_id": "029319782524",
            "private_dns_hostname_type_on_launch": "ip-name",
            "tags": {
              "Name": "dev-public-subnet"
            },
            "tags_all": {
              "Name": "dev-public-subnet"
            },
            "timeouts": null,
            "vpc_id": "vpc-0d5410bd999996ce0"
          },
          "sensitive_attributes": [],
          "private": "eyJlMmJmYjczMC1lY2FhLTExZTYtOGY4OC0zNDM2M2JjN2M0YzAiOnsiY3JlYXRlIjo2MDAwMDAwMDAwMDAsImRlbGV0ZSI6MTIwMDAwMDAwMDAwMH0sInNjaGVtYV92ZXJzaW9uIjoiMSJ9",
          "dependencies": [
            "module.blockchain-client-dev.aws_vpc.default",
            "module.blockchain-client-dev.data.aws_availability_zones.available_zones"
          ]
        }
      ]
    },
    {
      "module": "module.blockchain-client-dev",
      "mode": "managed",
      "type": "aws_vpc",
      "name": "default",
      "provider": "provider[\"registry.terraform.io/hashicorp/aws\"]",
      "instances": [
        {
          "schema_version": 1,
          "attributes": {
            "arn": "arn:aws:ec2:ap-southeast-1:029319782524:vpc/vpc-0d5410bd999996ce0",
            "assign_generated_ipv6_cidr_block": false,
            "cidr_block": "10.32.0.0/16",
            "default_network_acl_id": "acl-03c58b75b6b72099f",
            "default_route_table_id": "rtb-0432a9767a4d4d936",
            "default_security_group_id": "sg-0f61947eb4a95118a",
            "dhcp_options_id": "dopt-0275df4fb27fd81b2",
            "enable_classiclink": false,
            "enable_classiclink_dns_support": false,
            "enable_dns_hostnames": true,
            "enable_dns_support": true,
            "enable_network_address_usage_metrics": false,
            "id": "vpc-0d5410bd999996ce0",
            "instance_tenancy": "default",
            "ipv4_ipam_pool_id": null,
            "ipv4_netmask_length": null,
            "ipv6_association_id": "",
            "ipv6_cidr_block": "",
            "ipv6_cidr_block_network_border_group": "",
            "ipv6_ipam_pool_id": "",
            "ipv6_netmask_length": 0,
            "main_route_table_id": "rtb-0432a9767a4d4d936",
            "owner_id": "029319782524",
            "tags": {
              "Name": "dev-vpc-default"
            },
            "tags_all": {
              "Name": "dev-vpc-default"
            }
          },
          "sensitive_attributes": [],
          "private": "eyJzY2hlbWFfdmVyc2lvbiI6IjEifQ==",
          "create_before_destroy": true
        }
      ]
    },
    {
      "module": "module.blockchain-client-dev",
      "mode": "managed",
      "type": "random_string",
      "name": "target_group",
      "provider": "provider[\"registry.terraform.io/hashicorp/random\"]",
      "instances": [
        {
          "schema_version": 2,
          "attributes": {
            "id": "7WW4",
            "keepers": null,
            "length": 4,
            "lower": true,
            "min_lower": 0,
            "min_numeric": 0,
            "min_special": 0,
            "min_upper": 0,
            "number": true,
            "numeric": true,
            "override_special": null,
            "result": "7WW4",
            "special": false,
            "upper": true
          },
          "sensitive_attributes": [],
          "create_before_destroy": true
        }
      ]
    },
    {
      "module": "module.blockchain-client-staging",
      "mode": "data",
      "type": "aws_availability_zones",
      "name": "available_zones",
      "provider": "provider[\"registry.terraform.io/hashicorp/aws\"]",
      "instances": [
        {
          "schema_version": 0,
          "attributes": {
            "all_availability_zones": null,
            "exclude_names": null,
            "exclude_zone_ids": null,
            "filter": null,
            "group_names": [
              "ap-southeast-1"
            ],
            "id": "ap-southeast-1",
            "names": [
              "ap-southeast-1a",
              "ap-southeast-1b",
              "ap-southeast-1c"
            ],
            "state": "available",
            "timeouts": null,
            "zone_ids": [
              "apse1-az1",
              "apse1-az2",
              "apse1-az3"
            ]
          },
          "sensitive_attributes": []
        }
      ]
    },
    {
      "module": "module.blockchain-client-staging",
      "mode": "data",
      "type": "aws_iam_policy_document",
      "name": "ecs_tasks_execution_role",
      "provider": "provider[\"registry.terraform.io/hashicorp/aws\"]",
      "instances": [
        {
          "schema_version": 0,
          "attributes": {
            "id": "320642683",
            "json": "{\n  \"Version\": \"2012-10-17\",\n  \"Statement\": [\n    {\n      \"Sid\": \"\",\n      \"Effect\": \"Allow\",\n      \"Action\": \"sts:AssumeRole\",\n      \"Principal\": {\n        \"Service\": \"ecs-tasks.amazonaws.com\"\n      }\n    }\n  ]\n}",
            "override_json": null,
            "override_policy_documents": null,
            "policy_id": null,
            "source_json": null,
            "source_policy_documents": null,
            "statement": [
              {
                "actions": [
                  "sts:AssumeRole"
                ],
                "condition": [],
                "effect": "Allow",
                "not_actions": [],
                "not_principals": [],
                "not_resources": [],
                "principals": [
                  {
                    "identifiers": [
                      "ecs-tasks.amazonaws.com"
                    ],
                    "type": "Service"
                  }
                ],
                "resources": [],
                "sid": ""
              }
            ],
            "version": "2012-10-17"
          },
          "sensitive_attributes": []
        }
      ]
    },
    {
      "module": "module.blockchain-client-staging",
      "mode": "managed",
      "type": "aws_cloudwatch_log_group",
      "name": "log",
      "provider": "provider[\"registry.terraform.io/hashicorp/aws\"]",
      "instances": [
        {
          "schema_version": 0,
          "attributes": {
            "arn": "arn:aws:logs:ap-southeast-1:029319782524:log-group:/staging-main-cluster/staging-bc-client-api",
            "id": "/staging-main-cluster/staging-bc-client-api",
            "kms_key_id": "",
            "name": "/staging-main-cluster/staging-bc-client-api",
            "name_prefix": "",
            "retention_in_days": 14,
            "skip_destroy": false,
            "tags": {
              "Name": "staging-bc-client-api-log-group"
            },
            "tags_all": {
              "Name": "staging-bc-client-api-log-group"
            }
          },
          "sensitive_attributes": [],
          "private": "bnVsbA==",
          "dependencies": [
            "module.blockchain-client-staging.aws_ecs_cluster.main"
          ]
        }
      ]
    },
    {
      "module": "module.blockchain-client-staging",
      "mode": "managed",
      "type": "aws_ecr_lifecycle_policy",
      "name": "bc_client_api",
      "provider": "provider[\"registry.terraform.io/hashicorp/aws\"]",
      "instances": [
        {
          "schema_version": 0,
          "attributes": {
            "id": "staging-bc-client-api",
            "policy": "{\"rules\":[{\"action\":{\"type\":\"expire\"},\"description\":\"Expire images older than 14 days\",\"rulePriority\":1,\"selection\":{\"countNumber\":14,\"countType\":\"sinceImagePushed\",\"countUnit\":\"days\",\"tagStatus\":\"untagged\"}}]}",
            "registry_id": "029319782524",
            "repository": "staging-bc-client-api"
          },
          "sensitive_attributes": [],
          "private": "bnVsbA==",
          "dependencies": [
            "module.blockchain-client-staging.aws_ecr_repository.bc_client_api"
          ]
        }
      ]
    },
    {
      "module": "module.blockchain-client-staging",
      "mode": "managed",
      "type": "aws_ecr_repository",
      "name": "bc_client_api",
      "provider": "provider[\"registry.terraform.io/hashicorp/aws\"]",
      "instances": [
        {
          "schema_version": 0,
          "attributes": {
            "arn": "arn:aws:ecr:ap-southeast-1:029319782524:repository/staging-bc-client-api",
            "encryption_configuration": [
              {
                "encryption_type": "AES256",
                "kms_key": ""
              }
            ],
            "force_delete": null,
            "id": "staging-bc-client-api",
            "image_scanning_configuration": [
              {
                "scan_on_push": true
              }
            ],
            "image_tag_mutability": "MUTABLE",
            "name": "staging-bc-client-api",
            "registry_id": "029319782524",
            "repository_url": "029319782524.dkr.ecr.ap-southeast-1.amazonaws.com/staging-bc-client-api",
            "tags": {},
            "tags_all": {},
            "timeouts": null
          },
          "sensitive_attributes": [],
          "private": "eyJlMmJmYjczMC1lY2FhLTExZTYtOGY4OC0zNDM2M2JjN2M0YzAiOnsiZGVsZXRlIjoxMjAwMDAwMDAwMDAwfX0="
        }
      ]
    },
    {
      "module": "module.blockchain-client-staging",
      "mode": "managed",
      "type": "aws_ecs_cluster",
      "name": "main",
      "provider": "provider[\"registry.terraform.io/hashicorp/aws\"]",
      "instances": [
        {
          "schema_version": 0,
          "attributes": {
            "arn": "arn:aws:ecs:ap-southeast-1:029319782524:cluster/staging-main-cluster",
            "capacity_providers": [],
            "configuration": [],
            "default_capacity_provider_strategy": [],
            "id": "arn:aws:ecs:ap-southeast-1:029319782524:cluster/staging-main-cluster",
            "name": "staging-main-cluster",
            "service_connect_defaults": [],
            "setting": [
              {
                "name": "containerInsights",
                "value": "disabled"
              }
            ],
            "tags": {
              "Name": "staging-cluster-main"
            },
            "tags_all": {
              "Name": "staging-cluster-main"
            }
          },
          "sensitive_attributes": [],
          "private": "bnVsbA=="
        }
      ]
    },
    {
      "module": "module.blockchain-client-staging",
      "mode": "managed",
      "type": "aws_ecs_service",
      "name": "bc_client_api",
      "provider": "provider[\"registry.terraform.io/hashicorp/aws\"]",
      "instances": [
        {
          "schema_version": 0,
          "attributes": {
            "alarms": [],
            "capacity_provider_strategy": [],
            "cluster": "arn:aws:ecs:ap-southeast-1:029319782524:cluster/staging-main-cluster",
            "deployment_circuit_breaker": [
              {
                "enable": false,
                "rollback": false
              }
            ],
            "deployment_controller": [
              {
                "type": "ECS"
              }
            ],
            "deployment_maximum_percent": 200,
            "deployment_minimum_healthy_percent": 100,
            "desired_count": 1,
            "enable_ecs_managed_tags": false,
            "enable_execute_command": false,
            "force_new_deployment": null,
            "health_check_grace_period_seconds": 0,
            "iam_role": "/aws-service-role/ecs.amazonaws.com/AWSServiceRoleForECS",
            "id": "arn:aws:ecs:ap-southeast-1:029319782524:service/staging-main-cluster/staging-bc-client-api-service",
            "launch_type": "FARGATE",
            "load_balancer": [
              {
                "container_name": "staging-bc-client-api",
                "container_port": 3000,
                "elb_name": "",
                "target_group_arn": "arn:aws:elasticloadbalancing:ap-southeast-1:029319782524:targetgroup/staging-bc-client-api-tg-urOi/acad46cf3b13af7e"
              }
            ],
            "name": "staging-bc-client-api-service",
            "network_configuration": [
              {
                "assign_public_ip": false,
                "security_groups": [
                  "sg-01d4d48c174eefefa"
                ],
                "subnets": [
                  "subnet-08443656e2dfdcf04",
                  "subnet-0929f09e6350219b4"
                ]
              }
            ],
            "ordered_placement_strategy": [],
            "placement_constraints": [],
            "platform_version": "LATEST",
            "propagate_tags": "NONE",
            "scheduling_strategy": "REPLICA",
            "service_connect_configuration": [],
            "service_registries": [],
            "tags": {},
            "tags_all": {},
            "task_definition": "arn:aws:ecs:ap-southeast-1:029319782524:task-definition/staging-bc-client-api:7",
            "timeouts": null,
            "triggers": {},
            "wait_for_steady_state": false
          },
          "sensitive_attributes": [],
          "private": "eyJlMmJmYjczMC1lY2FhLTExZTYtOGY4OC0zNDM2M2JjN2M0YzAiOnsiY3JlYXRlIjoxMjAwMDAwMDAwMDAwLCJkZWxldGUiOjEyMDAwMDAwMDAwMDAsInVwZGF0ZSI6MTIwMDAwMDAwMDAwMH19",
          "dependencies": [
            "module.blockchain-client-staging.aws_cloudwatch_log_group.log",
            "module.blockchain-client-staging.aws_ecs_cluster.main",
            "module.blockchain-client-staging.aws_ecs_task_definition.bc_client_api",
            "module.blockchain-client-staging.aws_iam_role.ecs_tasks_execution_role",
            "module.blockchain-client-staging.aws_iam_role_policy_attachment.ecs_tasks_execution_role",
            "module.blockchain-client-staging.aws_iam_user.deploy",
            "module.blockchain-client-staging.aws_lb.default",
            "module.blockchain-client-staging.aws_lb_listener.bc_client_api",
            "module.blockchain-client-staging.aws_lb_target_group.bc_client_api",
            "module.blockchain-client-staging.aws_security_group.bc_client_api_task",
            "module.blockchain-client-staging.aws_security_group.lb",
            "module.blockchain-client-staging.aws_subnet.private",
            "module.blockchain-client-staging.aws_subnet.public",
            "module.blockchain-client-staging.aws_vpc.default",
            "module.blockchain-client-staging.data.aws_availability_zones.available_zones",
            "module.blockchain-client-staging.data.aws_iam_policy_document.ecs_tasks_execution_role",
            "module.blockchain-client-staging.random_string.target_group"
          ]
        }
      ]
    },
    {
      "module": "module.blockchain-client-staging",
      "mode": "managed",
      "type": "aws_ecs_task_definition",
      "name": "bc_client_api",
      "provider": "provider[\"registry.terraform.io/hashicorp/aws\"]",
      "instances": [
        {
          "schema_version": 1,
          "attributes": {
            "arn": "arn:aws:ecs:ap-southeast-1:029319782524:task-definition/staging-bc-client-api:7",
            "arn_without_revision": "arn:aws:ecs:ap-southeast-1:029319782524:task-definition/staging-bc-client-api",
            "container_definitions": "[{\"cpu\":1024,\"environment\":[],\"essential\":true,\"image\":\"staging-deploy.dkr.ecr.ap-southeast-1.amazonaws.com/staging-bc-client-api:latest\",\"logConfiguration\":{\"logDriver\":\"awslogs\",\"options\":{\"awslogs-create-group\":\"true\",\"awslogs-group\":\"/staging-main-cluster/staging-bc-client-api\",\"awslogs-region\":\"ap-southeast-1\",\"awslogs-stream-prefix\":\"staging-bc-client-api\"}},\"memory\":2048,\"mountPoints\":[],\"name\":\"staging-bc-client-api\",\"portMappings\":[{\"containerPort\":3000,\"hostPort\":3000,\"protocol\":\"tcp\"}],\"volumesFrom\":[]}]",
            "cpu": "1024",
            "ephemeral_storage": [],
            "execution_role_arn": "arn:aws:iam::029319782524:role/staging-ecs-task-execution-role",
            "family": "staging-bc-client-api",
            "id": "staging-bc-client-api",
            "inference_accelerator": [],
            "ipc_mode": "",
            "memory": "2048",
            "network_mode": "awsvpc",
            "pid_mode": "",
            "placement_constraints": [],
            "proxy_configuration": [],
            "requires_compatibilities": [
              "FARGATE"
            ],
            "revision": 7,
            "runtime_platform": [],
            "skip_destroy": false,
            "tags": {},
            "tags_all": {},
            "task_role_arn": "",
            "volume": []
          },
          "sensitive_attributes": [],
          "private": "eyJzY2hlbWFfdmVyc2lvbiI6IjEifQ==",
          "dependencies": [
            "module.blockchain-client-staging.aws_cloudwatch_log_group.log",
            "module.blockchain-client-staging.aws_ecs_cluster.main",
            "module.blockchain-client-staging.aws_iam_role.ecs_tasks_execution_role",
            "module.blockchain-client-staging.aws_iam_user.deploy",
            "module.blockchain-client-staging.data.aws_iam_policy_document.ecs_tasks_execution_role"
          ]
        }
      ]
    },
    {
      "module": "module.blockchain-client-staging",
      "mode": "managed",
      "type": "aws_eip",
      "name": "gateway",
      "provider": "provider[\"registry.terraform.io/hashicorp/aws\"]",
      "instances": [
        {
          "index_key": 0,
          "schema_version": 0,
          "attributes": {
            "address": null,
            "allocation_id": "eipalloc-06820dd1de575dd2b",
            "associate_with_private_ip": null,
            "association_id": "eipassoc-07fcac9f9007d26ae",
            "carrier_ip": "",
            "customer_owned_ip": "",
            "customer_owned_ipv4_pool": "",
            "domain": "vpc",
            "id": "eipalloc-06820dd1de575dd2b",
            "instance": "",
            "network_border_group": "ap-southeast-1",
            "network_interface": "eni-0999ae607858ae563",
            "private_dns": "ip-10-32-2-82.ap-southeast-1.compute.internal",
            "private_ip": "10.32.2.82",
            "public_dns": "ec2-13-228-63-252.ap-southeast-1.compute.amazonaws.com",
            "public_ip": "13.228.63.252",
            "public_ipv4_pool": "amazon",
            "tags": {
              "Name": "staging-eip"
            },
            "tags_all": {
              "Name": "staging-eip"
            },
            "timeouts": null,
            "vpc": true
          },
          "sensitive_attributes": [],
          "private": "eyJlMmJmYjczMC1lY2FhLTExZTYtOGY4OC0zNDM2M2JjN2M0YzAiOnsiZGVsZXRlIjoxODAwMDAwMDAwMDAsInJlYWQiOjkwMDAwMDAwMDAwMCwidXBkYXRlIjozMDAwMDAwMDAwMDB9fQ==",
          "dependencies": [
            "module.blockchain-client-staging.aws_internet_gateway.gateway",
            "module.blockchain-client-staging.aws_vpc.default"
          ]
        },
        {
          "index_key": 1,
          "schema_version": 0,
          "attributes": {
            "address": null,
            "allocation_id": "eipalloc-078f52f846db1c574",
            "associate_with_private_ip": null,
            "association_id": "eipassoc-0cd3d39d26712c080",
            "carrier_ip": "",
            "customer_owned_ip": "",
            "customer_owned_ipv4_pool": "",
            "domain": "vpc",
            "id": "eipalloc-078f52f846db1c574",
            "instance": "",
            "network_border_group": "ap-southeast-1",
            "network_interface": "eni-01660c434cea7dca2",
            "private_dns": "ip-10-32-3-70.ap-southeast-1.compute.internal",
            "private_ip": "10.32.3.70",
            "public_dns": "ec2-3-0-116-160.ap-southeast-1.compute.amazonaws.com",
            "public_ip": "3.0.116.160",
            "public_ipv4_pool": "amazon",
            "tags": {
              "Name": "staging-eip"
            },
            "tags_all": {
              "Name": "staging-eip"
            },
            "timeouts": null,
            "vpc": true
          },
          "sensitive_attributes": [],
          "private": "eyJlMmJmYjczMC1lY2FhLTExZTYtOGY4OC0zNDM2M2JjN2M0YzAiOnsiZGVsZXRlIjoxODAwMDAwMDAwMDAsInJlYWQiOjkwMDAwMDAwMDAwMCwidXBkYXRlIjozMDAwMDAwMDAwMDB9fQ==",
          "dependencies": [
            "module.blockchain-client-staging.aws_internet_gateway.gateway",
            "module.blockchain-client-staging.aws_vpc.default"
          ]
        }
      ]
    },
    {
      "module": "module.blockchain-client-staging",
      "mode": "managed",
      "type": "aws_iam_access_key",
      "name": "deploy",
      "provider": "provider[\"registry.terraform.io/hashicorp/aws\"]",
      "instances": [
        {
          "schema_version": 0,
          "attributes": {
            "create_date": "2023-04-28T05:25:51Z",
            "encrypted_secret": null,
            "encrypted_ses_smtp_password_v4": null,
            "id": "AKIAQNU4YMB6OCZPX36I",
            "key_fingerprint": null,
            "pgp_key": null,
            "secret": "awGxb4sX+Zn8MkKthZzNpGvPi7cy7c4kZHst8IvV",
            "ses_smtp_password_v4": "BGo2bF6x8yhs14Cd8FNK4YBlwbZg8S1Fjsna7aKz8Fid",
            "status": "Active",
            "user": "staging-deploy"
          },
          "sensitive_attributes": [],
          "private": "bnVsbA==",
          "dependencies": [
            "module.blockchain-client-staging.aws_iam_user.deploy"
          ]
        }
      ]
    },
    {
      "module": "module.blockchain-client-staging",
      "mode": "managed",
      "type": "aws_iam_group",
      "name": "deploy",
      "provider": "provider[\"registry.terraform.io/hashicorp/aws\"]",
      "instances": [
        {
          "schema_version": 0,
          "attributes": {
            "arn": "arn:aws:iam::029319782524:group/staging-deploy-group",
            "id": "staging-deploy-group",
            "name": "staging-deploy-group",
            "path": "/",
            "unique_id": "AGPAQNU4YMB6KJG3OWTAY"
          },
          "sensitive_attributes": [],
          "private": "bnVsbA=="
        }
      ]
    },
    {
      "module": "module.blockchain-client-staging",
      "mode": "managed",
      "type": "aws_iam_group_membership",
      "name": "deploy",
      "provider": "provider[\"registry.terraform.io/hashicorp/aws\"]",
      "instances": [
        {
          "schema_version": 0,
          "attributes": {
            "group": "staging-deploy-group",
            "id": "staging-group-membership-deploy",
            "name": "staging-group-membership-deploy",
            "users": [
              "staging-deploy"
            ]
          },
          "sensitive_attributes": [],
          "private": "bnVsbA==",
          "dependencies": [
            "module.blockchain-client-staging.aws_iam_group.deploy",
            "module.blockchain-client-staging.aws_iam_user.deploy"
          ]
        }
      ]
    },
    {
      "module": "module.blockchain-client-staging",
      "mode": "managed",
      "type": "aws_iam_policy",
      "name": "deploy_policy",
      "provider": "provider[\"registry.terraform.io/hashicorp/aws\"]",
      "instances": [
        {
          "schema_version": 0,
          "attributes": {
            "arn": "arn:aws:iam::029319782524:policy/staging-deploy-policy",
            "description": "A deploy policy",
            "id": "arn:aws:iam::029319782524:policy/staging-deploy-policy",
            "name": "staging-deploy-policy",
            "name_prefix": "",
            "path": "/",
            "policy": "{\"Statement\":[{\"Action\":[\"imagebuilder:GetComponent\",\"imagebuilder:GetContainerRecipe\",\"logs:CreateLogGroup\",\"iam:PassRole\",\"ecs:DescribeServices\",\"ecs:RegisterTaskDefinition\",\"ecs:DescribeTaskDefinition\",\"ecs:UpdateService\",\"ecr:GetAuthorizationToken\",\"ecr:BatchGetImage\",\"ecr:InitiateLayerUpload\",\"ecr:UploadLayerPart\",\"ecr:CompleteLayerUpload\",\"ecr:BatchCheckLayerAvailability\",\"ecr:GetDownloadUrlForLayer\",\"ecr:PutImage\"],\"Effect\":\"Allow\",\"Resource\":\"*\"},{\"Action\":[\"kms:Decrypt\"],\"Condition\":{\"ForAnyValue:StringEquals\":{\"aws:CalledVia\":[\"imagebuilder.amazonaws.com\"],\"kms:EncryptionContextKeys\":\"aws:imagebuilder:arn\"}},\"Effect\":\"Allow\",\"Resource\":\"*\"},{\"Action\":[\"s3:GetObject\"],\"Effect\":\"Allow\",\"Resource\":\"arn:aws:s3:::ec2imagebuilder*\"},{\"Action\":[\"logs:CreateLogStream\",\"logs:CreateLogGroup\",\"logs:PutLogEvents\"],\"Effect\":\"Allow\",\"Resource\":\"arn:aws:logs:*:*:log-group:/aws/imagebuilder/*\"}],\"Version\":\"2012-10-17\"}",
            "policy_id": "ANPAQNU4YMB6BPX3S54GB",
            "tags": {
              "Name": "staging-iam-policy-deploy"
            },
            "tags_all": {
              "Name": "staging-iam-policy-deploy"
            }
          },
          "sensitive_attributes": [],
          "private": "bnVsbA=="
        }
      ]
    },
    {
      "module": "module.blockchain-client-staging",
      "mode": "managed",
      "type": "aws_iam_policy_attachment",
      "name": "deploy_policy_attachment",
      "provider": "provider[\"registry.terraform.io/hashicorp/aws\"]",
      "instances": [
        {
          "schema_version": 0,
          "attributes": {
            "groups": [
              "staging-deploy-group"
            ],
            "id": "staging-deploy-policy-attachment",
            "name": "staging-deploy-policy-attachment",
            "policy_arn": "arn:aws:iam::029319782524:policy/staging-deploy-policy",
            "roles": [],
            "users": []
          },
          "sensitive_attributes": [],
          "private": "bnVsbA==",
          "dependencies": [
            "module.blockchain-client-staging.aws_iam_group.deploy",
            "module.blockchain-client-staging.aws_iam_policy.deploy_policy"
          ]
        }
      ]
    },
    {
      "module": "module.blockchain-client-staging",
      "mode": "managed",
      "type": "aws_iam_role",
      "name": "ecs_tasks_execution_role",
      "provider": "provider[\"registry.terraform.io/hashicorp/aws\"]",
      "instances": [
        {
          "schema_version": 0,
          "attributes": {
            "arn": "arn:aws:iam::029319782524:role/staging-ecs-task-execution-role",
            "assume_role_policy": "{\"Statement\":[{\"Action\":\"sts:AssumeRole\",\"Effect\":\"Allow\",\"Principal\":{\"Service\":\"ecs-tasks.amazonaws.com\"},\"Sid\":\"\"}],\"Version\":\"2012-10-17\"}",
            "create_date": "2023-04-28T05:25:50Z",
            "description": "",
            "force_detach_policies": false,
            "id": "staging-ecs-task-execution-role",
            "inline_policy": [],
            "managed_policy_arns": [
              "arn:aws:iam::aws:policy/service-role/AmazonECSTaskExecutionRolePolicy"
            ],
            "max_session_duration": 3600,
            "name": "staging-ecs-task-execution-role",
            "name_prefix": "",
            "path": "/",
            "permissions_boundary": null,
            "role_last_used": [
              {
                "last_used_date": "2023-04-28T05:38:29Z",
                "region": "ap-southeast-1"
              }
            ],
            "tags": {},
            "tags_all": {},
            "unique_id": "AROAQNU4YMB6HJG5V5CMO"
          },
          "sensitive_attributes": [],
          "private": "bnVsbA==",
          "dependencies": [
            "module.blockchain-client-staging.data.aws_iam_policy_document.ecs_tasks_execution_role"
          ]
        }
      ]
    },
    {
      "module": "module.blockchain-client-staging",
      "mode": "managed",
      "type": "aws_iam_role_policy_attachment",
      "name": "ecs_tasks_execution_role",
      "provider": "provider[\"registry.terraform.io/hashicorp/aws\"]",
      "instances": [
        {
          "schema_version": 0,
          "attributes": {
            "id": "staging-ecs-task-execution-role-20230428052552678300000002",
            "policy_arn": "arn:aws:iam::aws:policy/service-role/AmazonECSTaskExecutionRolePolicy",
            "role": "staging-ecs-task-execution-role"
          },
          "sensitive_attributes": [],
          "private": "bnVsbA==",
          "dependencies": [
            "module.blockchain-client-staging.aws_iam_role.ecs_tasks_execution_role",
            "module.blockchain-client-staging.data.aws_iam_policy_document.ecs_tasks_execution_role"
          ]
        }
      ]
    },
    {
      "module": "module.blockchain-client-staging",
      "mode": "managed",
      "type": "aws_iam_user",
      "name": "deploy",
      "provider": "provider[\"registry.terraform.io/hashicorp/aws\"]",
      "instances": [
        {
          "schema_version": 0,
          "attributes": {
            "arn": "arn:aws:iam::029319782524:user/system/staging-deploy",
            "force_destroy": false,
            "id": "staging-deploy",
            "name": "staging-deploy",
            "path": "/system/",
            "permissions_boundary": null,
            "tags": {},
            "tags_all": {},
            "unique_id": "AIDAQNU4YMB6CXC6Q57ML"
          },
          "sensitive_attributes": [],
          "private": "bnVsbA=="
        }
      ]
    },
    {
      "module": "module.blockchain-client-staging",
      "mode": "managed",
      "type": "aws_iam_user_login_profile",
      "name": "deploy",
      "provider": "provider[\"registry.terraform.io/hashicorp/aws\"]",
      "instances": [
        {
          "schema_version": 0,
          "attributes": {
            "encrypted_password": "wcFMA/R5B5rbV9ttARAAkS6qlkvGq4YCK4sF3+h7OBzCRelG1MqrYEr2+iT9W0vYSvOAR1gRY06X4H2uSfd8zEHukTYsBV5jdRtAOY15HTINgtPujg1/yPMbNFfY1rD3OeTLNwDAc92qEIfN2rp0+kbTvo/FCmerfIOzS35gbq641QIHnBLlHkmQrDt+rfJTnX0L5k7OiIxctgpCVN3yKWzwoSn0DCJMb2+JIu6/iLe3tx6HhGRRcqdgvKpzQh+cSfDhlbMmIDw+0z6Ii0nQZu0HrxJusU+esauCJN49HXO6JmlN9/SxVhs3Z9wXAErJFSZiwPS9rzFELGBx4iZNAgdQSbQx7sFjhsEv1hUc/gWTq/QyumrJwrr8G2O5hkZ63s5dsX+mz6U1PNvJJApUOsNOtXVOdRjWpB/44LdAH8HYmtS2AhWD54pgg1+5FXTC7izoxVGXLTP9UfiqSULS5czjzR5METi/MlypctKJfWLZV3n4l72iKpP5w1dyTHFUa3c2po42mNprauQse2QqFe/nOpnSw0QVJ1R1DA5QKEJtyJeeMCmTTNoEbFg4Ehx14v82JFVbKm4yQ/uXRAUkI8Ck8/hGozElTORXqwN9ajNLh+LpKArOfkAAH4yIYdtfJAvqbPW3clVZZhesyXjY13VzovRZIYKHpA7FcYhMRd8gK+T1DECgZ/tkkfJFlW3SRQF+yCu0cXLYHevSOFHHz1ZNkRVctoWUi/F45XGEqJ0kKmlGSf1MM9tid06JG0fypc4/zTxx+oG3p38uuOv7ZcxTE4lVSA==",
            "id": "staging-deploy",
            "key_fingerprint": "18e552060536b942f900908c34d44a777192c1aa",
            "password": null,
            "password_length": 20,
            "password_reset_required": true,
            "pgp_key": "keybase:terraform_user",
            "user": "staging-deploy"
          },
          "sensitive_attributes": [],
          "private": "bnVsbA==",
          "dependencies": [
            "module.blockchain-client-staging.aws_iam_user.deploy"
          ]
        }
      ]
    },
    {
      "module": "module.blockchain-client-staging",
      "mode": "managed",
      "type": "aws_internet_gateway",
      "name": "gateway",
      "provider": "provider[\"registry.terraform.io/hashicorp/aws\"]",
      "instances": [
        {
          "schema_version": 0,
          "attributes": {
            "arn": "arn:aws:ec2:ap-southeast-1:029319782524:internet-gateway/igw-05c2c6f0a2f4abb48",
            "id": "igw-05c2c6f0a2f4abb48",
            "owner_id": "029319782524",
            "tags": {
              "Name": "staging-igw"
            },
            "tags_all": {
              "Name": "staging-igw"
            },
            "timeouts": null,
            "vpc_id": "vpc-027d5d901de4f613d"
          },
          "sensitive_attributes": [],
          "private": "eyJlMmJmYjczMC1lY2FhLTExZTYtOGY4OC0zNDM2M2JjN2M0YzAiOnsiY3JlYXRlIjoxMjAwMDAwMDAwMDAwLCJkZWxldGUiOjEyMDAwMDAwMDAwMDAsInVwZGF0ZSI6MTIwMDAwMDAwMDAwMH19",
          "dependencies": [
            "module.blockchain-client-staging.aws_vpc.default"
          ]
        }
      ]
    },
    {
      "module": "module.blockchain-client-staging",
      "mode": "managed",
      "type": "aws_lb",
      "name": "default",
      "provider": "provider[\"registry.terraform.io/hashicorp/aws\"]",
      "instances": [
        {
          "schema_version": 0,
          "attributes": {
            "access_logs": [
              {
                "bucket": "",
                "enabled": false,
                "prefix": ""
              }
            ],
            "arn": "arn:aws:elasticloadbalancing:ap-southeast-1:029319782524:loadbalancer/app/staging-default-lb/be5f140bd13e12df",
            "arn_suffix": "app/staging-default-lb/be5f140bd13e12df",
            "customer_owned_ipv4_pool": "",
            "desync_mitigation_mode": "defensive",
            "dns_name": "staging-default-lb-1362176190.ap-southeast-1.elb.amazonaws.com",
            "drop_invalid_header_fields": false,
            "enable_cross_zone_load_balancing": true,
            "enable_deletion_protection": false,
            "enable_http2": true,
            "enable_tls_version_and_cipher_suite_headers": false,
            "enable_waf_fail_open": false,
            "enable_xff_client_port": false,
            "id": "arn:aws:elasticloadbalancing:ap-southeast-1:029319782524:loadbalancer/app/staging-default-lb/be5f140bd13e12df",
            "idle_timeout": 60,
            "internal": false,
            "ip_address_type": "ipv4",
            "load_balancer_type": "application",
            "name": "staging-default-lb",
            "name_prefix": null,
            "preserve_host_header": false,
            "security_groups": [
              "sg-0fc813d777f895d97"
            ],
            "subnet_mapping": [
              {
                "allocation_id": "",
                "ipv6_address": "",
                "outpost_id": "",
                "private_ipv4_address": "",
                "subnet_id": "subnet-0092073518ccca4c6"
              },
              {
                "allocation_id": "",
                "ipv6_address": "",
                "outpost_id": "",
                "private_ipv4_address": "",
                "subnet_id": "subnet-0a50af0d32cfc07b0"
              }
            ],
            "subnets": [
              "subnet-0092073518ccca4c6",
              "subnet-0a50af0d32cfc07b0"
            ],
            "tags": {
              "Name": "staging-lb-default"
            },
            "tags_all": {
              "Name": "staging-lb-default"
            },
            "timeouts": null,
            "vpc_id": "vpc-027d5d901de4f613d",
            "xff_header_processing_mode": "append",
            "zone_id": "Z1LMS91P8CMLE5"
          },
          "sensitive_attributes": [],
          "private": "eyJlMmJmYjczMC1lY2FhLTExZTYtOGY4OC0zNDM2M2JjN2M0YzAiOnsiY3JlYXRlIjo2MDAwMDAwMDAwMDAsImRlbGV0ZSI6NjAwMDAwMDAwMDAwLCJ1cGRhdGUiOjYwMDAwMDAwMDAwMH19",
          "dependencies": [
            "module.blockchain-client-staging.aws_security_group.lb",
            "module.blockchain-client-staging.aws_subnet.public",
            "module.blockchain-client-staging.aws_vpc.default",
            "module.blockchain-client-staging.data.aws_availability_zones.available_zones"
          ]
        }
      ]
    },
    {
      "module": "module.blockchain-client-staging",
      "mode": "managed",
      "type": "aws_lb_listener",
      "name": "bc_client_api",
      "provider": "provider[\"registry.terraform.io/hashicorp/aws\"]",
      "instances": [
        {
          "schema_version": 0,
          "attributes": {
            "alpn_policy": null,
            "arn": "arn:aws:elasticloadbalancing:ap-southeast-1:029319782524:listener/app/staging-default-lb/be5f140bd13e12df/7f607a1c3cd4832a",
            "certificate_arn": null,
            "default_action": [
              {
                "authenticate_cognito": [],
                "authenticate_oidc": [],
                "fixed_response": [],
                "forward": [],
                "order": 1,
                "redirect": [],
                "target_group_arn": "arn:aws:elasticloadbalancing:ap-southeast-1:029319782524:targetgroup/staging-bc-client-api-tg-urOi/acad46cf3b13af7e",
                "type": "forward"
              }
            ],
            "id": "arn:aws:elasticloadbalancing:ap-southeast-1:029319782524:listener/app/staging-default-lb/be5f140bd13e12df/7f607a1c3cd4832a",
            "load_balancer_arn": "arn:aws:elasticloadbalancing:ap-southeast-1:029319782524:loadbalancer/app/staging-default-lb/be5f140bd13e12df",
            "port": 3000,
            "protocol": "HTTP",
            "ssl_policy": "",
            "tags": {},
            "tags_all": {},
            "timeouts": null
          },
          "sensitive_attributes": [],
          "private": "eyJlMmJmYjczMC1lY2FhLTExZTYtOGY4OC0zNDM2M2JjN2M0YzAiOnsicmVhZCI6NjAwMDAwMDAwMDAwfX0=",
          "dependencies": [
            "module.blockchain-client-staging.aws_lb.default",
            "module.blockchain-client-staging.aws_lb_target_group.bc_client_api",
            "module.blockchain-client-staging.aws_security_group.lb",
            "module.blockchain-client-staging.aws_subnet.public",
            "module.blockchain-client-staging.aws_vpc.default",
            "module.blockchain-client-staging.data.aws_availability_zones.available_zones",
            "module.blockchain-client-staging.random_string.target_group"
          ]
        }
      ]
    },
    {
      "module": "module.blockchain-client-staging",
      "mode": "managed",
      "type": "aws_lb_target_group",
      "name": "bc_client_api",
      "provider": "provider[\"registry.terraform.io/hashicorp/aws\"]",
      "instances": [
        {
          "schema_version": 0,
          "attributes": {
            "arn": "arn:aws:elasticloadbalancing:ap-southeast-1:029319782524:targetgroup/staging-bc-client-api-tg-urOi/acad46cf3b13af7e",
            "arn_suffix": "targetgroup/staging-bc-client-api-tg-urOi/acad46cf3b13af7e",
            "connection_termination": false,
            "deregistration_delay": "300",
            "health_check": [
              {
                "enabled": true,
                "healthy_threshold": 5,
                "interval": 30,
                "matcher": "200",
                "path": "/",
                "port": "traffic-port",
                "protocol": "HTTP",
                "timeout": 5,
                "unhealthy_threshold": 2
              }
            ],
            "id": "arn:aws:elasticloadbalancing:ap-southeast-1:029319782524:targetgroup/staging-bc-client-api-tg-urOi/acad46cf3b13af7e",
            "ip_address_type": "ipv4",
            "lambda_multi_value_headers_enabled": false,
            "load_balancing_algorithm_type": "round_robin",
            "load_balancing_cross_zone_enabled": "use_load_balancer_configuration",
            "name": "staging-bc-client-api-tg-urOi",
            "name_prefix": null,
            "port": 3000,
            "preserve_client_ip": null,
            "protocol": "HTTP",
            "protocol_version": "HTTP1",
            "proxy_protocol_v2": false,
            "slow_start": 0,
            "stickiness": [
              {
                "cookie_duration": 86400,
                "cookie_name": "",
                "enabled": false,
                "type": "lb_cookie"
              }
            ],
            "tags": {
              "Name": "staging-bc-client-api-tg"
            },
            "tags_all": {
              "Name": "staging-bc-client-api-tg"
            },
            "target_failover": [
              {
                "on_deregistration": null,
                "on_unhealthy": null
              }
            ],
            "target_type": "ip",
            "vpc_id": "vpc-027d5d901de4f613d"
          },
          "sensitive_attributes": [],
          "private": "bnVsbA==",
          "dependencies": [
            "module.blockchain-client-staging.aws_vpc.default",
            "module.blockchain-client-staging.random_string.target_group"
          ],
          "create_before_destroy": true
        }
      ]
    },
    {
      "module": "module.blockchain-client-staging",
      "mode": "managed",
      "type": "aws_nat_gateway",
      "name": "gateway",
      "provider": "provider[\"registry.terraform.io/hashicorp/aws\"]",
      "instances": [
        {
          "index_key": 0,
          "schema_version": 0,
          "attributes": {
            "allocation_id": "eipalloc-06820dd1de575dd2b",
            "association_id": "eipassoc-07fcac9f9007d26ae",
            "connectivity_type": "public",
            "id": "nat-004ed8a6146cae2d4",
            "network_interface_id": "eni-0999ae607858ae563",
            "private_ip": "10.32.2.82",
            "public_ip": "13.228.63.252",
            "subnet_id": "subnet-0a50af0d32cfc07b0",
            "tags": {
              "Name": "staging-nat-gateway"
            },
            "tags_all": {
              "Name": "staging-nat-gateway"
            }
          },
          "sensitive_attributes": [],
          "private": "bnVsbA==",
          "dependencies": [
            "module.blockchain-client-staging.aws_eip.gateway",
            "module.blockchain-client-staging.aws_internet_gateway.gateway",
            "module.blockchain-client-staging.aws_subnet.public",
            "module.blockchain-client-staging.aws_vpc.default",
            "module.blockchain-client-staging.data.aws_availability_zones.available_zones"
          ]
        },
        {
          "index_key": 1,
          "schema_version": 0,
          "attributes": {
            "allocation_id": "eipalloc-078f52f846db1c574",
            "association_id": "eipassoc-0cd3d39d26712c080",
            "connectivity_type": "public",
            "id": "nat-0a62284c409bc17c4",
            "network_interface_id": "eni-01660c434cea7dca2",
            "private_ip": "10.32.3.70",
            "public_ip": "3.0.116.160",
            "subnet_id": "subnet-0092073518ccca4c6",
            "tags": {
              "Name": "staging-nat-gateway"
            },
            "tags_all": {
              "Name": "staging-nat-gateway"
            }
          },
          "sensitive_attributes": [],
          "private": "bnVsbA==",
          "dependencies": [
            "module.blockchain-client-staging.aws_eip.gateway",
            "module.blockchain-client-staging.aws_internet_gateway.gateway",
            "module.blockchain-client-staging.aws_subnet.public",
            "module.blockchain-client-staging.aws_vpc.default",
            "module.blockchain-client-staging.data.aws_availability_zones.available_zones"
          ]
        }
      ]
    },
    {
      "module": "module.blockchain-client-staging",
      "mode": "managed",
      "type": "aws_route",
      "name": "internet_access",
      "provider": "provider[\"registry.terraform.io/hashicorp/aws\"]",
      "instances": [
        {
          "schema_version": 0,
          "attributes": {
            "carrier_gateway_id": "",
            "core_network_arn": "",
            "destination_cidr_block": "0.0.0.0/0",
            "destination_ipv6_cidr_block": "",
            "destination_prefix_list_id": "",
            "egress_only_gateway_id": "",
            "gateway_id": "igw-05c2c6f0a2f4abb48",
            "id": "r-rtb-0682b0f6cdd3c8fb61080289494",
            "instance_id": "",
            "instance_owner_id": "",
            "local_gateway_id": "",
            "nat_gateway_id": "",
            "network_interface_id": "",
            "origin": "CreateRoute",
            "route_table_id": "rtb-0682b0f6cdd3c8fb6",
            "state": "active",
            "timeouts": null,
            "transit_gateway_id": "",
            "vpc_endpoint_id": "",
            "vpc_peering_connection_id": ""
          },
          "sensitive_attributes": [],
          "private": "eyJlMmJmYjczMC1lY2FhLTExZTYtOGY4OC0zNDM2M2JjN2M0YzAiOnsiY3JlYXRlIjozMDAwMDAwMDAwMDAsImRlbGV0ZSI6MzAwMDAwMDAwMDAwLCJ1cGRhdGUiOjEyMDAwMDAwMDAwMH19",
          "dependencies": [
            "module.blockchain-client-staging.aws_internet_gateway.gateway",
            "module.blockchain-client-staging.aws_vpc.default"
          ]
        }
      ]
    },
    {
      "module": "module.blockchain-client-staging",
      "mode": "managed",
      "type": "aws_route_table",
      "name": "private",
      "provider": "provider[\"registry.terraform.io/hashicorp/aws\"]",
      "instances": [
        {
          "index_key": 0,
          "schema_version": 0,
          "attributes": {
            "arn": "arn:aws:ec2:ap-southeast-1:029319782524:route-table/rtb-07c76fbc23ab036c4",
            "id": "rtb-07c76fbc23ab036c4",
            "owner_id": "029319782524",
            "propagating_vgws": [],
            "route": [
              {
                "carrier_gateway_id": "",
                "cidr_block": "0.0.0.0/0",
                "core_network_arn": "",
                "destination_prefix_list_id": "",
                "egress_only_gateway_id": "",
                "gateway_id": "",
                "instance_id": "",
                "ipv6_cidr_block": "",
                "local_gateway_id": "",
                "nat_gateway_id": "nat-004ed8a6146cae2d4",
                "network_interface_id": "",
                "transit_gateway_id": "",
                "vpc_endpoint_id": "",
                "vpc_peering_connection_id": ""
              }
            ],
            "tags": {
              "Name": "staging-route-table-private"
            },
            "tags_all": {
              "Name": "staging-route-table-private"
            },
            "timeouts": null,
            "vpc_id": "vpc-027d5d901de4f613d"
          },
          "sensitive_attributes": [],
          "private": "eyJlMmJmYjczMC1lY2FhLTExZTYtOGY4OC0zNDM2M2JjN2M0YzAiOnsiY3JlYXRlIjozMDAwMDAwMDAwMDAsImRlbGV0ZSI6MzAwMDAwMDAwMDAwLCJ1cGRhdGUiOjEyMDAwMDAwMDAwMH19",
          "dependencies": [
            "module.blockchain-client-staging.aws_eip.gateway",
            "module.blockchain-client-staging.aws_internet_gateway.gateway",
            "module.blockchain-client-staging.aws_nat_gateway.gateway",
            "module.blockchain-client-staging.aws_subnet.public",
            "module.blockchain-client-staging.aws_vpc.default",
            "module.blockchain-client-staging.data.aws_availability_zones.available_zones"
          ]
        },
        {
          "index_key": 1,
          "schema_version": 0,
          "attributes": {
            "arn": "arn:aws:ec2:ap-southeast-1:029319782524:route-table/rtb-062d3dd394ac745a8",
            "id": "rtb-062d3dd394ac745a8",
            "owner_id": "029319782524",
            "propagating_vgws": [],
            "route": [
              {
                "carrier_gateway_id": "",
                "cidr_block": "0.0.0.0/0",
                "core_network_arn": "",
                "destination_prefix_list_id": "",
                "egress_only_gateway_id": "",
                "gateway_id": "",
                "instance_id": "",
                "ipv6_cidr_block": "",
                "local_gateway_id": "",
                "nat_gateway_id": "nat-0a62284c409bc17c4",
                "network_interface_id": "",
                "transit_gateway_id": "",
                "vpc_endpoint_id": "",
                "vpc_peering_connection_id": ""
              }
            ],
            "tags": {
              "Name": "staging-route-table-private"
            },
            "tags_all": {
              "Name": "staging-route-table-private"
            },
            "timeouts": null,
            "vpc_id": "vpc-027d5d901de4f613d"
          },
          "sensitive_attributes": [],
          "private": "eyJlMmJmYjczMC1lY2FhLTExZTYtOGY4OC0zNDM2M2JjN2M0YzAiOnsiY3JlYXRlIjozMDAwMDAwMDAwMDAsImRlbGV0ZSI6MzAwMDAwMDAwMDAwLCJ1cGRhdGUiOjEyMDAwMDAwMDAwMH19",
          "dependencies": [
            "module.blockchain-client-staging.aws_eip.gateway",
            "module.blockchain-client-staging.aws_internet_gateway.gateway",
            "module.blockchain-client-staging.aws_nat_gateway.gateway",
            "module.blockchain-client-staging.aws_subnet.public",
            "module.blockchain-client-staging.aws_vpc.default",
            "module.blockchain-client-staging.data.aws_availability_zones.available_zones"
          ]
        }
      ]
    },
    {
      "module": "module.blockchain-client-staging",
      "mode": "managed",
      "type": "aws_route_table_association",
      "name": "private",
      "provider": "provider[\"registry.terraform.io/hashicorp/aws\"]",
      "instances": [
        {
          "index_key": 0,
          "schema_version": 0,
          "attributes": {
            "gateway_id": "",
            "id": "rtbassoc-0514ff8ba692d6ee3",
            "route_table_id": "rtb-07c76fbc23ab036c4",
            "subnet_id": "subnet-08443656e2dfdcf04",
            "timeouts": null
          },
          "sensitive_attributes": [],
          "private": "eyJlMmJmYjczMC1lY2FhLTExZTYtOGY4OC0zNDM2M2JjN2M0YzAiOnsiY3JlYXRlIjozMDAwMDAwMDAwMDAsImRlbGV0ZSI6MzAwMDAwMDAwMDAwLCJ1cGRhdGUiOjEyMDAwMDAwMDAwMH19",
          "dependencies": [
            "module.blockchain-client-staging.aws_eip.gateway",
            "module.blockchain-client-staging.aws_internet_gateway.gateway",
            "module.blockchain-client-staging.aws_nat_gateway.gateway",
            "module.blockchain-client-staging.aws_route_table.private",
            "module.blockchain-client-staging.aws_subnet.private",
            "module.blockchain-client-staging.aws_subnet.public",
            "module.blockchain-client-staging.aws_vpc.default",
            "module.blockchain-client-staging.data.aws_availability_zones.available_zones"
          ]
        },
        {
          "index_key": 1,
          "schema_version": 0,
          "attributes": {
            "gateway_id": "",
            "id": "rtbassoc-076b0b835e2bd5f1e",
            "route_table_id": "rtb-062d3dd394ac745a8",
            "subnet_id": "subnet-0929f09e6350219b4",
            "timeouts": null
          },
          "sensitive_attributes": [],
          "private": "eyJlMmJmYjczMC1lY2FhLTExZTYtOGY4OC0zNDM2M2JjN2M0YzAiOnsiY3JlYXRlIjozMDAwMDAwMDAwMDAsImRlbGV0ZSI6MzAwMDAwMDAwMDAwLCJ1cGRhdGUiOjEyMDAwMDAwMDAwMH19",
          "dependencies": [
            "module.blockchain-client-staging.aws_eip.gateway",
            "module.blockchain-client-staging.aws_internet_gateway.gateway",
            "module.blockchain-client-staging.aws_nat_gateway.gateway",
            "module.blockchain-client-staging.aws_route_table.private",
            "module.blockchain-client-staging.aws_subnet.private",
            "module.blockchain-client-staging.aws_subnet.public",
            "module.blockchain-client-staging.aws_vpc.default",
            "module.blockchain-client-staging.data.aws_availability_zones.available_zones"
          ]
        }
      ]
    },
    {
      "module": "module.blockchain-client-staging",
      "mode": "managed",
      "type": "aws_secretsmanager_secret_version",
      "name": "deploy_access_key",
      "provider": "provider[\"registry.terraform.io/hashicorp/aws\"]",
      "instances": []
    },
    {
      "module": "module.blockchain-client-staging",
      "mode": "managed",
      "type": "aws_security_group",
      "name": "bc_client_api_task",
      "provider": "provider[\"registry.terraform.io/hashicorp/aws\"]",
      "instances": [
        {
          "schema_version": 1,
          "attributes": {
            "arn": "arn:aws:ec2:ap-southeast-1:029319782524:security-group/sg-01d4d48c174eefefa",
            "description": "Managed by Terraform",
            "egress": [
              {
                "cidr_blocks": [
                  "0.0.0.0/0"
                ],
                "description": "",
                "from_port": 0,
                "ipv6_cidr_blocks": [],
                "prefix_list_ids": [],
                "protocol": "-1",
                "security_groups": [],
                "self": false,
                "to_port": 0
              }
            ],
            "id": "sg-01d4d48c174eefefa",
            "ingress": [
              {
                "cidr_blocks": [],
                "description": "",
                "from_port": 3000,
                "ipv6_cidr_blocks": [],
                "prefix_list_ids": [],
                "protocol": "tcp",
                "security_groups": [
                  "sg-0fc813d777f895d97"
                ],
                "self": false,
                "to_port": 3000
              }
            ],
            "name": "staging-bc-client-api-task-sg",
            "name_prefix": "",
            "owner_id": "029319782524",
            "revoke_rules_on_delete": false,
            "tags": {},
            "tags_all": {},
            "timeouts": null,
            "vpc_id": "vpc-027d5d901de4f613d"
          },
          "sensitive_attributes": [],
          "private": "eyJlMmJmYjczMC1lY2FhLTExZTYtOGY4OC0zNDM2M2JjN2M0YzAiOnsiY3JlYXRlIjo2MDAwMDAwMDAwMDAsImRlbGV0ZSI6OTAwMDAwMDAwMDAwfSwic2NoZW1hX3ZlcnNpb24iOiIxIn0=",
          "dependencies": [
            "module.blockchain-client-staging.aws_security_group.lb",
            "module.blockchain-client-staging.aws_vpc.default"
          ]
        }
      ]
    },
    {
      "module": "module.blockchain-client-staging",
      "mode": "managed",
      "type": "aws_security_group",
      "name": "lb",
      "provider": "provider[\"registry.terraform.io/hashicorp/aws\"]",
      "instances": [
        {
          "schema_version": 1,
          "attributes": {
            "arn": "arn:aws:ec2:ap-southeast-1:029319782524:security-group/sg-0fc813d777f895d97",
            "description": "Managed by Terraform",
            "egress": [
              {
                "cidr_blocks": [
                  "0.0.0.0/0"
                ],
                "description": "",
                "from_port": 0,
                "ipv6_cidr_blocks": [],
                "prefix_list_ids": [],
                "protocol": "-1",
                "security_groups": [],
                "self": false,
                "to_port": 0
              }
            ],
            "id": "sg-0fc813d777f895d97",
            "ingress": [
              {
                "cidr_blocks": [
                  "0.0.0.0/0"
                ],
                "description": "",
                "from_port": 80,
                "ipv6_cidr_blocks": [],
                "prefix_list_ids": [],
                "protocol": "tcp",
                "security_groups": [],
                "self": false,
                "to_port": 80
              }
            ],
            "name": "staging-main-alb-security-group",
            "name_prefix": "",
            "owner_id": "029319782524",
            "revoke_rules_on_delete": false,
            "tags": {
              "Name": "staging-sg-lb"
            },
            "tags_all": {
              "Name": "staging-sg-lb"
            },
            "timeouts": null,
            "vpc_id": "vpc-027d5d901de4f613d"
          },
          "sensitive_attributes": [],
          "private": "eyJlMmJmYjczMC1lY2FhLTExZTYtOGY4OC0zNDM2M2JjN2M0YzAiOnsiY3JlYXRlIjo2MDAwMDAwMDAwMDAsImRlbGV0ZSI6OTAwMDAwMDAwMDAwfSwic2NoZW1hX3ZlcnNpb24iOiIxIn0=",
          "dependencies": [
            "module.blockchain-client-staging.aws_vpc.default"
          ]
        }
      ]
    },
    {
      "module": "module.blockchain-client-staging",
      "mode": "managed",
      "type": "aws_subnet",
      "name": "private",
      "provider": "provider[\"registry.terraform.io/hashicorp/aws\"]",
      "instances": [
        {
          "index_key": 0,
          "schema_version": 1,
          "attributes": {
            "arn": "arn:aws:ec2:ap-southeast-1:029319782524:subnet/subnet-08443656e2dfdcf04",
            "assign_ipv6_address_on_creation": false,
            "availability_zone": "ap-southeast-1a",
            "availability_zone_id": "apse1-az1",
            "cidr_block": "10.32.0.0/24",
            "customer_owned_ipv4_pool": "",
            "enable_dns64": false,
            "enable_lni_at_device_index": 0,
            "enable_resource_name_dns_a_record_on_launch": false,
            "enable_resource_name_dns_aaaa_record_on_launch": false,
            "id": "subnet-08443656e2dfdcf04",
            "ipv6_cidr_block": "",
            "ipv6_cidr_block_association_id": "",
            "ipv6_native": false,
            "map_customer_owned_ip_on_launch": false,
            "map_public_ip_on_launch": false,
            "outpost_arn": "",
            "owner_id": "029319782524",
            "private_dns_hostname_type_on_launch": "ip-name",
            "tags": {
              "Name": "staging-private-subnet"
            },
            "tags_all": {
              "Name": "staging-private-subnet"
            },
            "timeouts": null,
            "vpc_id": "vpc-027d5d901de4f613d"
          },
          "sensitive_attributes": [],
          "private": "eyJlMmJmYjczMC1lY2FhLTExZTYtOGY4OC0zNDM2M2JjN2M0YzAiOnsiY3JlYXRlIjo2MDAwMDAwMDAwMDAsImRlbGV0ZSI6MTIwMDAwMDAwMDAwMH0sInNjaGVtYV92ZXJzaW9uIjoiMSJ9",
          "dependencies": [
            "module.blockchain-client-staging.aws_vpc.default",
            "module.blockchain-client-staging.data.aws_availability_zones.available_zones"
          ]
        },
        {
          "index_key": 1,
          "schema_version": 1,
          "attributes": {
            "arn": "arn:aws:ec2:ap-southeast-1:029319782524:subnet/subnet-0929f09e6350219b4",
            "assign_ipv6_address_on_creation": false,
            "availability_zone": "ap-southeast-1b",
            "availability_zone_id": "apse1-az2",
            "cidr_block": "10.32.1.0/24",
            "customer_owned_ipv4_pool": "",
            "enable_dns64": false,
            "enable_lni_at_device_index": 0,
            "enable_resource_name_dns_a_record_on_launch": false,
            "enable_resource_name_dns_aaaa_record_on_launch": false,
            "id": "subnet-0929f09e6350219b4",
            "ipv6_cidr_block": "",
            "ipv6_cidr_block_association_id": "",
            "ipv6_native": false,
            "map_customer_owned_ip_on_launch": false,
            "map_public_ip_on_launch": false,
            "outpost_arn": "",
            "owner_id": "029319782524",
            "private_dns_hostname_type_on_launch": "ip-name",
            "tags": {
              "Name": "staging-private-subnet"
            },
            "tags_all": {
              "Name": "staging-private-subnet"
            },
            "timeouts": null,
            "vpc_id": "vpc-027d5d901de4f613d"
          },
          "sensitive_attributes": [],
          "private": "eyJlMmJmYjczMC1lY2FhLTExZTYtOGY4OC0zNDM2M2JjN2M0YzAiOnsiY3JlYXRlIjo2MDAwMDAwMDAwMDAsImRlbGV0ZSI6MTIwMDAwMDAwMDAwMH0sInNjaGVtYV92ZXJzaW9uIjoiMSJ9",
          "dependencies": [
            "module.blockchain-client-staging.aws_vpc.default",
            "module.blockchain-client-staging.data.aws_availability_zones.available_zones"
          ]
        }
      ]
    },
    {
      "module": "module.blockchain-client-staging",
      "mode": "managed",
      "type": "aws_subnet",
      "name": "public",
      "provider": "provider[\"registry.terraform.io/hashicorp/aws\"]",
      "instances": [
        {
          "index_key": 0,
          "schema_version": 1,
          "attributes": {
            "arn": "arn:aws:ec2:ap-southeast-1:029319782524:subnet/subnet-0a50af0d32cfc07b0",
            "assign_ipv6_address_on_creation": false,
            "availability_zone": "ap-southeast-1a",
            "availability_zone_id": "apse1-az1",
            "cidr_block": "10.32.2.0/24",
            "customer_owned_ipv4_pool": "",
            "enable_dns64": false,
            "enable_lni_at_device_index": 0,
            "enable_resource_name_dns_a_record_on_launch": false,
            "enable_resource_name_dns_aaaa_record_on_launch": false,
            "id": "subnet-0a50af0d32cfc07b0",
            "ipv6_cidr_block": "",
            "ipv6_cidr_block_association_id": "",
            "ipv6_native": false,
            "map_customer_owned_ip_on_launch": false,
            "map_public_ip_on_launch": true,
            "outpost_arn": "",
            "owner_id": "029319782524",
            "private_dns_hostname_type_on_launch": "ip-name",
            "tags": {
              "Name": "staging-public-subnet"
            },
            "tags_all": {
              "Name": "staging-public-subnet"
            },
            "timeouts": null,
            "vpc_id": "vpc-027d5d901de4f613d"
          },
          "sensitive_attributes": [],
          "private": "eyJlMmJmYjczMC1lY2FhLTExZTYtOGY4OC0zNDM2M2JjN2M0YzAiOnsiY3JlYXRlIjo2MDAwMDAwMDAwMDAsImRlbGV0ZSI6MTIwMDAwMDAwMDAwMH0sInNjaGVtYV92ZXJzaW9uIjoiMSJ9",
          "dependencies": [
            "module.blockchain-client-staging.aws_vpc.default",
            "module.blockchain-client-staging.data.aws_availability_zones.available_zones"
          ]
        },
        {
          "index_key": 1,
          "schema_version": 1,
          "attributes": {
            "arn": "arn:aws:ec2:ap-southeast-1:029319782524:subnet/subnet-0092073518ccca4c6",
            "assign_ipv6_address_on_creation": false,
            "availability_zone": "ap-southeast-1b",
            "availability_zone_id": "apse1-az2",
            "cidr_block": "10.32.3.0/24",
            "customer_owned_ipv4_pool": "",
            "enable_dns64": false,
            "enable_lni_at_device_index": 0,
            "enable_resource_name_dns_a_record_on_launch": false,
            "enable_resource_name_dns_aaaa_record_on_launch": false,
            "id": "subnet-0092073518ccca4c6",
            "ipv6_cidr_block": "",
            "ipv6_cidr_block_association_id": "",
            "ipv6_native": false,
            "map_customer_owned_ip_on_launch": false,
            "map_public_ip_on_launch": true,
            "outpost_arn": "",
            "owner_id": "029319782524",
            "private_dns_hostname_type_on_launch": "ip-name",
            "tags": {
              "Name": "staging-public-subnet"
            },
            "tags_all": {
              "Name": "staging-public-subnet"
            },
            "timeouts": null,
            "vpc_id": "vpc-027d5d901de4f613d"
          },
          "sensitive_attributes": [],
          "private": "eyJlMmJmYjczMC1lY2FhLTExZTYtOGY4OC0zNDM2M2JjN2M0YzAiOnsiY3JlYXRlIjo2MDAwMDAwMDAwMDAsImRlbGV0ZSI6MTIwMDAwMDAwMDAwMH0sInNjaGVtYV92ZXJzaW9uIjoiMSJ9",
          "dependencies": [
            "module.blockchain-client-staging.aws_vpc.default",
            "module.blockchain-client-staging.data.aws_availability_zones.available_zones"
          ]
        }
      ]
    },
    {
      "module": "module.blockchain-client-staging",
      "mode": "managed",
      "type": "aws_vpc",
      "name": "default",
      "provider": "provider[\"registry.terraform.io/hashicorp/aws\"]",
      "instances": [
        {
          "schema_version": 1,
          "attributes": {
            "arn": "arn:aws:ec2:ap-southeast-1:029319782524:vpc/vpc-027d5d901de4f613d",
            "assign_generated_ipv6_cidr_block": false,
            "cidr_block": "10.32.0.0/16",
            "default_network_acl_id": "acl-0ae00c04c7693e444",
            "default_route_table_id": "rtb-0682b0f6cdd3c8fb6",
            "default_security_group_id": "sg-0b14c3508cc0c4be8",
            "dhcp_options_id": "dopt-0275df4fb27fd81b2",
            "enable_classiclink": false,
            "enable_classiclink_dns_support": false,
            "enable_dns_hostnames": true,
            "enable_dns_support": true,
            "enable_network_address_usage_metrics": false,
            "id": "vpc-027d5d901de4f613d",
            "instance_tenancy": "default",
            "ipv4_ipam_pool_id": null,
            "ipv4_netmask_length": null,
            "ipv6_association_id": "",
            "ipv6_cidr_block": "",
            "ipv6_cidr_block_network_border_group": "",
            "ipv6_ipam_pool_id": "",
            "ipv6_netmask_length": 0,
            "main_route_table_id": "rtb-0682b0f6cdd3c8fb6",
            "owner_id": "029319782524",
            "tags": {
              "Name": "staging-vpc-default"
            },
            "tags_all": {
              "Name": "staging-vpc-default"
            }
          },
          "sensitive_attributes": [],
          "private": "eyJzY2hlbWFfdmVyc2lvbiI6IjEifQ==",
          "create_before_destroy": true
        }
      ]
    },
    {
      "module": "module.blockchain-client-staging",
      "mode": "managed",
      "type": "random_string",
      "name": "target_group",
      "provider": "provider[\"registry.terraform.io/hashicorp/random\"]",
      "instances": [
        {
          "schema_version": 2,
          "attributes": {
            "id": "urOi",
            "keepers": null,
            "length": 4,
            "lower": true,
            "min_lower": 0,
            "min_numeric": 0,
            "min_special": 0,
            "min_upper": 0,
            "number": true,
            "numeric": true,
            "override_special": null,
            "result": "urOi",
            "special": false,
            "upper": true
          },
          "sensitive_attributes": [],
          "create_before_destroy": true
        }
      ]
    }
  ],
  "check_results": []
}
