{
  "version": 4,
  "terraform_version": "1.3.2",
  "serial": 4835,
  "lineage": "c1e32bb0-3a04-1fcf-d257-0e835810da27",
  "outputs": {
    "dev_deploy_access_key_id": {
      "value": "AKIAQNU4YMB6EKQI5WNR",
      "type": "string"
    },
    "dev_deploy_user_arn": {
      "value": "arn:aws:iam::029319782524:user/system/dev-deploy",
      "type": "string"
    },
    "dev_deploy_user_id": {
      "value": "AIDAQNU4YMB6LWOFPS26O",
      "type": "string"
    },
    "dev_iam_user_name": {
      "value": "dev-deploy",
      "type": "string"
    },
    "dev_load_balancer_ip": {
      "value": "dev-default-lb-907022524.ap-southeast-1.elb.amazonaws.com",
      "type": "string"
    },
    "dev_secrets_manager_name": {
      "value": "dev-secrets-lqGa",
      "type": "string"
    },
    "staging_deploy_access_key_id": {
      "value": "AKIAQNU4YMB6MXM2XXDI",
      "type": "string"
    },
    "staging_deploy_user_arn": {
      "value": "arn:aws:iam::029319782524:user/system/staging-deploy",
      "type": "string"
    },
    "staging_deploy_user_id": {
      "value": "AIDAQNU4YMB6NBKDBH2OR",
      "type": "string"
    },
    "staging_iam_user_name": {
      "value": "staging-deploy",
      "type": "string"
    },
    "staging_load_balancer_ip": {
      "value": "staging-default-lb-1732369269.ap-southeast-1.elb.amazonaws.com",
      "type": "string"
    },
    "staging_secrets_manager_name": {
      "value": "staging-secrets-wqfC",
      "type": "string"
    }
  },
  "resources": [
    {
      "module": "module.blockchain-client-dev",
      "mode": "data",
      "type": "aws_availability_zones",
      "name": "available_zones",
      "provider": "provider[\"registry.terraform.io/hashicorp/aws\"]",
      "instances": [
        {
          "schema_version": 0,
          "attributes": {
            "all_availability_zones": null,
            "exclude_names": null,
            "exclude_zone_ids": null,
            "filter": null,
            "group_names": [
              "ap-southeast-1"
            ],
            "id": "ap-southeast-1",
            "names": [
              "ap-southeast-1a",
              "ap-southeast-1b",
              "ap-southeast-1c"
            ],
            "state": "available",
            "timeouts": null,
            "zone_ids": [
              "apse1-az1",
              "apse1-az2",
              "apse1-az3"
            ]
          },
          "sensitive_attributes": []
        }
      ]
    },
    {
      "module": "module.blockchain-client-dev",
      "mode": "data",
      "type": "aws_iam_policy_document",
      "name": "ecs_tasks_execution_role",
      "provider": "provider[\"registry.terraform.io/hashicorp/aws\"]",
      "instances": [
        {
          "schema_version": 0,
          "attributes": {
            "id": "320642683",
            "json": "{\n  \"Version\": \"2012-10-17\",\n  \"Statement\": [\n    {\n      \"Sid\": \"\",\n      \"Effect\": \"Allow\",\n      \"Action\": \"sts:AssumeRole\",\n      \"Principal\": {\n        \"Service\": \"ecs-tasks.amazonaws.com\"\n      }\n    }\n  ]\n}",
            "override_json": null,
            "override_policy_documents": null,
            "policy_id": null,
            "source_json": null,
            "source_policy_documents": null,
            "statement": [
              {
                "actions": [
                  "sts:AssumeRole"
                ],
                "condition": [],
                "effect": "Allow",
                "not_actions": [],
                "not_principals": [],
                "not_resources": [],
                "principals": [
                  {
                    "identifiers": [
                      "ecs-tasks.amazonaws.com"
                    ],
                    "type": "Service"
                  }
                ],
                "resources": [],
                "sid": ""
              }
            ],
            "version": "2012-10-17"
          },
          "sensitive_attributes": []
        }
      ]
    },
    {
      "module": "module.blockchain-client-dev",
      "mode": "managed",
      "type": "aws_cloudwatch_log_group",
      "name": "log",
      "provider": "provider[\"registry.terraform.io/hashicorp/aws\"]",
      "instances": [
        {
          "schema_version": 0,
          "attributes": {
            "arn": "arn:aws:logs:ap-southeast-1:029319782524:log-group:/dev-main-cluster/dev-bc-client-api",
            "id": "/dev-main-cluster/dev-bc-client-api",
            "kms_key_id": "",
            "name": "/dev-main-cluster/dev-bc-client-api",
            "name_prefix": "",
            "retention_in_days": 14,
            "skip_destroy": false,
            "tags": {
              "Name": "dev-bc-client-api-log-group"
            },
            "tags_all": {
              "Name": "dev-bc-client-api-log-group"
            }
          },
          "sensitive_attributes": [],
          "private": "bnVsbA==",
          "dependencies": [
            "module.blockchain-client-dev.aws_ecs_cluster.main"
          ]
        }
      ]
    },
    {
      "module": "module.blockchain-client-dev",
      "mode": "managed",
      "type": "aws_ecr_lifecycle_policy",
      "name": "bc_client_api",
      "provider": "provider[\"registry.terraform.io/hashicorp/aws\"]",
      "instances": [
        {
          "schema_version": 0,
          "attributes": {
            "id": "dev-bc-client-api",
            "policy": "{\"rules\":[{\"action\":{\"type\":\"expire\"},\"description\":\"Expire images older than 14 days\",\"rulePriority\":1,\"selection\":{\"countNumber\":14,\"countType\":\"sinceImagePushed\",\"countUnit\":\"days\",\"tagStatus\":\"untagged\"}}]}",
            "registry_id": "029319782524",
            "repository": "dev-bc-client-api"
          },
          "sensitive_attributes": [],
          "private": "bnVsbA==",
          "dependencies": [
            "module.blockchain-client-dev.aws_ecr_repository.bc_client_api"
          ]
        }
      ]
    },
    {
      "module": "module.blockchain-client-dev",
      "mode": "managed",
      "type": "aws_ecr_repository",
      "name": "bc_client_api",
      "provider": "provider[\"registry.terraform.io/hashicorp/aws\"]",
      "instances": [
        {
          "schema_version": 0,
          "attributes": {
            "arn": "arn:aws:ecr:ap-southeast-1:029319782524:repository/dev-bc-client-api",
            "encryption_configuration": [
              {
                "encryption_type": "AES256",
                "kms_key": ""
              }
            ],
            "force_delete": null,
            "id": "dev-bc-client-api",
            "image_scanning_configuration": [
              {
                "scan_on_push": true
              }
            ],
            "image_tag_mutability": "MUTABLE",
            "name": "dev-bc-client-api",
            "registry_id": "029319782524",
            "repository_url": "029319782524.dkr.ecr.ap-southeast-1.amazonaws.com/dev-bc-client-api",
            "tags": {},
            "tags_all": {},
            "timeouts": null
          },
          "sensitive_attributes": [],
          "private": "eyJlMmJmYjczMC1lY2FhLTExZTYtOGY4OC0zNDM2M2JjN2M0YzAiOnsiZGVsZXRlIjoxMjAwMDAwMDAwMDAwfX0="
        }
      ]
    },
    {
      "module": "module.blockchain-client-dev",
      "mode": "managed",
      "type": "aws_ecs_cluster",
      "name": "main",
      "provider": "provider[\"registry.terraform.io/hashicorp/aws\"]",
      "instances": [
        {
          "schema_version": 0,
          "attributes": {
            "arn": "arn:aws:ecs:ap-southeast-1:029319782524:cluster/dev-main-cluster",
            "capacity_providers": [],
            "configuration": [],
            "default_capacity_provider_strategy": [],
            "id": "arn:aws:ecs:ap-southeast-1:029319782524:cluster/dev-main-cluster",
            "name": "dev-main-cluster",
            "service_connect_defaults": [],
            "setting": [
              {
                "name": "containerInsights",
                "value": "disabled"
              }
            ],
            "tags": {
              "Name": "dev-cluster-main"
            },
            "tags_all": {
              "Name": "dev-cluster-main"
            }
          },
          "sensitive_attributes": [],
          "private": "bnVsbA=="
        }
      ]
    },
    {
      "module": "module.blockchain-client-dev",
      "mode": "managed",
      "type": "aws_ecs_service",
      "name": "bc_client_api",
      "provider": "provider[\"registry.terraform.io/hashicorp/aws\"]",
      "instances": [
        {
          "schema_version": 0,
          "attributes": {
            "alarms": [],
            "capacity_provider_strategy": [],
            "cluster": "arn:aws:ecs:ap-southeast-1:029319782524:cluster/dev-main-cluster",
            "deployment_circuit_breaker": [
              {
                "enable": false,
                "rollback": false
              }
            ],
            "deployment_controller": [
              {
                "type": "ECS"
              }
            ],
            "deployment_maximum_percent": 200,
            "deployment_minimum_healthy_percent": 100,
            "desired_count": 1,
            "enable_ecs_managed_tags": false,
            "enable_execute_command": false,
            "force_new_deployment": null,
            "health_check_grace_period_seconds": 0,
            "iam_role": "/aws-service-role/ecs.amazonaws.com/AWSServiceRoleForECS",
            "id": "arn:aws:ecs:ap-southeast-1:029319782524:service/dev-main-cluster/dev-bc-client-api-service",
            "launch_type": "FARGATE",
            "load_balancer": [
              {
                "container_name": "dev-bc-client-api",
                "container_port": 3000,
                "elb_name": "",
                "target_group_arn": "arn:aws:elasticloadbalancing:ap-southeast-1:029319782524:targetgroup/dev-bc-client-api-tg-7WW4/5efd2c754a741f12"
              }
            ],
            "name": "dev-bc-client-api-service",
            "network_configuration": [
              {
                "assign_public_ip": false,
                "security_groups": [
                  "sg-0576aee9cc6704c4e"
                ],
                "subnets": [
                  "subnet-05d2e96a915ec8a69",
                  "subnet-0d763324196bcb1bf"
                ]
              }
            ],
            "ordered_placement_strategy": [],
            "placement_constraints": [],
            "platform_version": "LATEST",
            "propagate_tags": "NONE",
            "scheduling_strategy": "REPLICA",
            "service_connect_configuration": [],
            "service_registries": [],
            "tags": {},
            "tags_all": {},
            "task_definition": "arn:aws:ecs:ap-southeast-1:029319782524:task-definition/dev-bc-client-api:15",
            "timeouts": null,
            "triggers": {},
            "wait_for_steady_state": false
          },
          "sensitive_attributes": [],
          "private": "eyJlMmJmYjczMC1lY2FhLTExZTYtOGY4OC0zNDM2M2JjN2M0YzAiOnsiY3JlYXRlIjoxMjAwMDAwMDAwMDAwLCJkZWxldGUiOjEyMDAwMDAwMDAwMDAsInVwZGF0ZSI6MTIwMDAwMDAwMDAwMH19",
          "dependencies": [
            "module.blockchain-client-dev.aws_cloudwatch_log_group.log",
            "module.blockchain-client-dev.aws_ecs_cluster.main",
            "module.blockchain-client-dev.aws_ecs_task_definition.bc_client_api",
            "module.blockchain-client-dev.aws_iam_role.ecs_tasks_execution_role",
            "module.blockchain-client-dev.aws_iam_role_policy_attachment.ecs_tasks_execution_role",
            "module.blockchain-client-dev.aws_iam_user.deploy",
            "module.blockchain-client-dev.aws_lb.default",
            "module.blockchain-client-dev.aws_lb_listener.bc_client_api",
            "module.blockchain-client-dev.aws_lb_target_group.bc_client_api",
            "module.blockchain-client-dev.aws_security_group.bc_client_api_task",
            "module.blockchain-client-dev.aws_security_group.lb",
            "module.blockchain-client-dev.aws_subnet.private",
            "module.blockchain-client-dev.aws_subnet.public",
            "module.blockchain-client-dev.aws_vpc.default",
            "module.blockchain-client-dev.data.aws_availability_zones.available_zones",
            "module.blockchain-client-dev.data.aws_iam_policy_document.ecs_tasks_execution_role",
            "module.blockchain-client-dev.random_string.target_group"
          ]
        }
      ]
    },
    {
      "module": "module.blockchain-client-dev",
      "mode": "managed",
      "type": "aws_ecs_task_definition",
      "name": "bc_client_api",
      "provider": "provider[\"registry.terraform.io/hashicorp/aws\"]",
      "instances": [
        {
          "schema_version": 1,
          "attributes": {
            "arn": "arn:aws:ecs:ap-southeast-1:029319782524:task-definition/dev-bc-client-api:15",
            "arn_without_revision": "arn:aws:ecs:ap-southeast-1:029319782524:task-definition/dev-bc-client-api",
            "container_definitions": "[{\"cpu\":1024,\"environment\":[],\"essential\":true,\"healthCheck\":{\"command\":[\"CMD-SHELL\",\"curl -f http://localhost:8081/actuator/liveness || exit 1\"],\"interval\":10,\"retries\":10,\"startPeriod\":10,\"timeout\":5},\"image\":\"dev-deploy.dkr.ecr.ap-southeast-1.amazonaws.com/dev-bc-client-api:latest\",\"logConfiguration\":{\"logDriver\":\"awslogs\",\"options\":{\"awslogs-create-group\":\"true\",\"awslogs-group\":\"/dev-main-cluster/dev-bc-client-api\",\"awslogs-region\":\"ap-southeast-1\",\"awslogs-stream-prefix\":\"dev-bc-client-api\"}},\"memory\":2048,\"mountPoints\":[],\"name\":\"dev-bc-client-api\",\"portMappings\":[{\"containerPort\":3000,\"hostPort\":3000,\"protocol\":\"tcp\"}],\"volumesFrom\":[]}]",
            "cpu": "1024",
            "ephemeral_storage": [],
            "execution_role_arn": "arn:aws:iam::029319782524:role/dev-ecs-task-execution-role",
            "family": "dev-bc-client-api",
            "id": "dev-bc-client-api",
            "inference_accelerator": [],
            "ipc_mode": "",
            "memory": "2048",
            "network_mode": "awsvpc",
            "pid_mode": "",
            "placement_constraints": [],
            "proxy_configuration": [],
            "requires_compatibilities": [
              "FARGATE"
            ],
            "revision": 15,
            "runtime_platform": [],
            "skip_destroy": false,
            "tags": {},
            "tags_all": {},
            "task_role_arn": "",
            "volume": []
          },
          "sensitive_attributes": [],
          "private": "eyJzY2hlbWFfdmVyc2lvbiI6IjEifQ==",
          "dependencies": [
            "module.blockchain-client-dev.aws_cloudwatch_log_group.log",
            "module.blockchain-client-dev.aws_ecs_cluster.main",
            "module.blockchain-client-dev.aws_iam_role.ecs_tasks_execution_role",
            "module.blockchain-client-dev.aws_iam_user.deploy",
            "module.blockchain-client-dev.data.aws_iam_policy_document.ecs_tasks_execution_role"
          ]
        }
      ]
    },
    {
      "module": "module.blockchain-client-dev",
      "mode": "managed",
      "type": "aws_eip",
      "name": "gateway",
      "provider": "provider[\"registry.terraform.io/hashicorp/aws\"]",
      "instances": [
        {
          "index_key": 0,
          "schema_version": 0,
          "attributes": {
            "address": null,
            "allocation_id": "eipalloc-07c3c95de27267e5e",
            "associate_with_private_ip": null,
            "association_id": "eipassoc-06185bc2d9ef7ec15",
            "carrier_ip": "",
            "customer_owned_ip": "",
            "customer_owned_ipv4_pool": "",
            "domain": "vpc",
            "id": "eipalloc-07c3c95de27267e5e",
            "instance": "",
            "network_border_group": "ap-southeast-1",
            "network_interface": "eni-0cfdab6e39dae223e",
            "private_dns": "ip-10-32-2-126.ap-southeast-1.compute.internal",
            "private_ip": "10.32.2.126",
            "public_dns": "ec2-52-74-65-196.ap-southeast-1.compute.amazonaws.com",
            "public_ip": "52.74.65.196",
            "public_ipv4_pool": "amazon",
            "tags": {
              "Name": "dev-eip"
            },
            "tags_all": {
              "Name": "dev-eip"
            },
            "timeouts": null,
            "vpc": true
          },
          "sensitive_attributes": [],
          "private": "eyJlMmJmYjczMC1lY2FhLTExZTYtOGY4OC0zNDM2M2JjN2M0YzAiOnsiZGVsZXRlIjoxODAwMDAwMDAwMDAsInJlYWQiOjkwMDAwMDAwMDAwMCwidXBkYXRlIjozMDAwMDAwMDAwMDB9fQ==",
          "dependencies": [
            "module.blockchain-client-dev.aws_internet_gateway.gateway",
            "module.blockchain-client-dev.aws_vpc.default"
          ]
        },
        {
          "index_key": 1,
          "schema_version": 0,
          "attributes": {
            "address": null,
            "allocation_id": "eipalloc-089aa3f5e03a087a5",
            "associate_with_private_ip": null,
            "association_id": "eipassoc-0dacf72f0667a0346",
            "carrier_ip": "",
            "customer_owned_ip": "",
            "customer_owned_ipv4_pool": "",
            "domain": "vpc",
            "id": "eipalloc-089aa3f5e03a087a5",
            "instance": "",
            "network_border_group": "ap-southeast-1",
            "network_interface": "eni-0fb25df445ce265cf",
            "private_dns": "ip-10-32-3-154.ap-southeast-1.compute.internal",
            "private_ip": "10.32.3.154",
            "public_dns": "ec2-18-141-248-15.ap-southeast-1.compute.amazonaws.com",
            "public_ip": "18.141.248.15",
            "public_ipv4_pool": "amazon",
            "tags": {
              "Name": "dev-eip"
            },
            "tags_all": {
              "Name": "dev-eip"
            },
            "timeouts": null,
            "vpc": true
          },
          "sensitive_attributes": [],
          "private": "eyJlMmJmYjczMC1lY2FhLTExZTYtOGY4OC0zNDM2M2JjN2M0YzAiOnsiZGVsZXRlIjoxODAwMDAwMDAwMDAsInJlYWQiOjkwMDAwMDAwMDAwMCwidXBkYXRlIjozMDAwMDAwMDAwMDB9fQ==",
          "dependencies": [
            "module.blockchain-client-dev.aws_internet_gateway.gateway",
            "module.blockchain-client-dev.aws_vpc.default"
          ]
        }
      ]
    },
    {
      "module": "module.blockchain-client-dev",
      "mode": "managed",
      "type": "aws_iam_access_key",
      "name": "deploy",
      "provider": "provider[\"registry.terraform.io/hashicorp/aws\"]",
      "instances": [
        {
          "schema_version": 0,
          "attributes": {
            "create_date": "2023-05-07T10:58:42Z",
            "encrypted_secret": null,
            "encrypted_ses_smtp_password_v4": null,
            "id": "AKIAQNU4YMB6EKQI5WNR",
            "key_fingerprint": null,
            "pgp_key": null,
            "secret": "dTtRhgZUse3Pm2VzG+A9XuQbqSUm9ivJodW/WiUk",
            "ses_smtp_password_v4": "BH3GBkBlFcBz33Ca5dZtBCril/YQ7nPJ/TRdcbqLVhu5",
            "status": "Active",
            "user": "dev-deploy"
          },
          "sensitive_attributes": [],
          "private": "bnVsbA==",
          "dependencies": [
            "module.blockchain-client-dev.aws_iam_user.deploy"
          ]
        }
      ]
    },
    {
      "module": "module.blockchain-client-dev",
      "mode": "managed",
      "type": "aws_iam_group",
      "name": "deploy",
      "provider": "provider[\"registry.terraform.io/hashicorp/aws\"]",
      "instances": [
        {
          "schema_version": 0,
          "attributes": {
            "arn": "arn:aws:iam::029319782524:group/dev-deploy-group",
            "id": "dev-deploy-group",
            "name": "dev-deploy-group",
            "path": "/",
            "unique_id": "AGPAQNU4YMB6FSSKZRYKW"
          },
          "sensitive_attributes": [],
          "private": "bnVsbA=="
        }
      ]
    },
    {
      "module": "module.blockchain-client-dev",
      "mode": "managed",
      "type": "aws_iam_group_membership",
      "name": "deploy",
      "provider": "provider[\"registry.terraform.io/hashicorp/aws\"]",
      "instances": [
        {
          "schema_version": 0,
          "attributes": {
            "group": "dev-deploy-group",
            "id": "dev-group-membership-deploy",
            "name": "dev-group-membership-deploy",
            "users": [
              "dev-deploy"
            ]
          },
          "sensitive_attributes": [],
          "private": "bnVsbA==",
          "dependencies": [
            "module.blockchain-client-dev.aws_iam_group.deploy",
            "module.blockchain-client-dev.aws_iam_user.deploy"
          ]
        }
      ]
    },
    {
      "module": "module.blockchain-client-dev",
      "mode": "managed",
      "type": "aws_iam_policy",
      "name": "deploy_policy",
      "provider": "provider[\"registry.terraform.io/hashicorp/aws\"]",
      "instances": [
        {
          "schema_version": 0,
          "attributes": {
            "arn": "arn:aws:iam::029319782524:policy/dev-deploy-policy",
            "description": "A deploy policy",
            "id": "arn:aws:iam::029319782524:policy/dev-deploy-policy",
            "name": "dev-deploy-policy",
            "name_prefix": "",
            "path": "/",
            "policy": "{\"Statement\":[{\"Action\":[\"imagebuilder:GetComponent\",\"imagebuilder:GetContainerRecipe\",\"logs:CreateLogGroup\",\"iam:PassRole\",\"ecs:DescribeServices\",\"ecs:RegisterTaskDefinition\",\"ecs:DescribeTaskDefinition\",\"ecs:UpdateService\",\"ecr:GetAuthorizationToken\",\"ecr:BatchGetImage\",\"ecr:InitiateLayerUpload\",\"ecr:UploadLayerPart\",\"ecr:CompleteLayerUpload\",\"ecr:BatchCheckLayerAvailability\",\"ecr:GetDownloadUrlForLayer\",\"ecr:PutImage\"],\"Effect\":\"Allow\",\"Resource\":\"*\"},{\"Action\":[\"kms:Decrypt\"],\"Condition\":{\"ForAnyValue:StringEquals\":{\"aws:CalledVia\":[\"imagebuilder.amazonaws.com\"],\"kms:EncryptionContextKeys\":\"aws:imagebuilder:arn\"}},\"Effect\":\"Allow\",\"Resource\":\"*\"},{\"Action\":[\"s3:GetObject\"],\"Effect\":\"Allow\",\"Resource\":\"arn:aws:s3:::ec2imagebuilder*\"},{\"Action\":[\"logs:CreateLogStream\",\"logs:CreateLogGroup\",\"logs:PutLogEvents\"],\"Effect\":\"Allow\",\"Resource\":\"arn:aws:logs:*:*:log-group:/aws/imagebuilder/*\"}],\"Version\":\"2012-10-17\"}",
            "policy_id": "ANPAQNU4YMB6MMYRCZOT3",
            "tags": {
              "Name": "dev-iam-policy-deploy"
            },
            "tags_all": {
              "Name": "dev-iam-policy-deploy"
            }
          },
          "sensitive_attributes": [],
          "private": "bnVsbA=="
        }
      ]
    },
    {
      "module": "module.blockchain-client-dev",
      "mode": "managed",
      "type": "aws_iam_policy_attachment",
      "name": "deploy_policy_attachment",
      "provider": "provider[\"registry.terraform.io/hashicorp/aws\"]",
      "instances": [
        {
          "schema_version": 0,
          "attributes": {
            "groups": [
              "dev-deploy-group"
            ],
            "id": "dev-deploy-policy-attachment",
            "name": "dev-deploy-policy-attachment",
            "policy_arn": "arn:aws:iam::029319782524:policy/dev-deploy-policy",
            "roles": [],
            "users": []
          },
          "sensitive_attributes": [],
          "private": "bnVsbA==",
          "dependencies": [
            "module.blockchain-client-dev.aws_iam_group.deploy",
            "module.blockchain-client-dev.aws_iam_policy.deploy_policy"
          ]
        }
      ]
    },
    {
      "module": "module.blockchain-client-dev",
      "mode": "managed",
      "type": "aws_iam_role",
      "name": "ecs_tasks_execution_role",
      "provider": "provider[\"registry.terraform.io/hashicorp/aws\"]",
      "instances": [
        {
          "schema_version": 0,
          "attributes": {
            "arn": "arn:aws:iam::029319782524:role/dev-ecs-task-execution-role",
            "assume_role_policy": "{\"Statement\":[{\"Action\":\"sts:AssumeRole\",\"Effect\":\"Allow\",\"Principal\":{\"Service\":\"ecs-tasks.amazonaws.com\"},\"Sid\":\"\"}],\"Version\":\"2012-10-17\"}",
            "create_date": "2023-05-07T10:58:41Z",
            "description": "",
            "force_detach_policies": false,
            "id": "dev-ecs-task-execution-role",
            "inline_policy": [],
            "managed_policy_arns": [
              "arn:aws:iam::aws:policy/service-role/AmazonECSTaskExecutionRolePolicy"
            ],
            "max_session_duration": 3600,
            "name": "dev-ecs-task-execution-role",
            "name_prefix": "",
            "path": "/",
            "permissions_boundary": null,
            "role_last_used": [
              {
                "last_used_date": "2023-05-07T11:44:19Z",
                "region": "ap-southeast-1"
              }
            ],
            "tags": {},
            "tags_all": {},
            "unique_id": "AROAQNU4YMB6DPHQXKRKZ"
          },
          "sensitive_attributes": [],
          "private": "bnVsbA==",
          "dependencies": [
            "module.blockchain-client-dev.data.aws_iam_policy_document.ecs_tasks_execution_role"
          ]
        }
      ]
    },
    {
      "module": "module.blockchain-client-dev",
      "mode": "managed",
      "type": "aws_iam_role_policy_attachment",
      "name": "ecs_tasks_execution_role",
      "provider": "provider[\"registry.terraform.io/hashicorp/aws\"]",
      "instances": [
        {
          "schema_version": 0,
          "attributes": {
            "id": "dev-ecs-task-execution-role-20230507105843431000000002",
            "policy_arn": "arn:aws:iam::aws:policy/service-role/AmazonECSTaskExecutionRolePolicy",
            "role": "dev-ecs-task-execution-role"
          },
          "sensitive_attributes": [],
          "private": "bnVsbA==",
          "dependencies": [
            "module.blockchain-client-dev.aws_iam_role.ecs_tasks_execution_role",
            "module.blockchain-client-dev.data.aws_iam_policy_document.ecs_tasks_execution_role"
          ]
        }
      ]
    },
    {
      "module": "module.blockchain-client-dev",
      "mode": "managed",
      "type": "aws_iam_user",
      "name": "deploy",
      "provider": "provider[\"registry.terraform.io/hashicorp/aws\"]",
      "instances": [
        {
          "schema_version": 0,
          "attributes": {
            "arn": "arn:aws:iam::029319782524:user/system/dev-deploy",
            "force_destroy": false,
            "id": "dev-deploy",
            "name": "dev-deploy",
            "path": "/system/",
            "permissions_boundary": null,
            "tags": {},
            "tags_all": {},
            "unique_id": "AIDAQNU4YMB6LWOFPS26O"
          },
          "sensitive_attributes": [],
          "private": "bnVsbA=="
        }
      ]
    },
    {
      "module": "module.blockchain-client-dev",
      "mode": "managed",
      "type": "aws_iam_user_login_profile",
      "name": "deploy",
      "provider": "provider[\"registry.terraform.io/hashicorp/aws\"]",
      "instances": [
        {
          "schema_version": 0,
          "attributes": {
            "encrypted_password": "wcFMA/R5B5rbV9ttARAAhiSD2RTXLMuLVkVVOLT3/Wb/aon4QsmIaWMOGttn1q+VOJf3i6fvMnEob5/qEGUlQukQNjf3OXik+Rwul4AURgIZ7fZeSCKmOWzngzDab9aL4HeQcZP9DB+H+WALdxrwkv8GUW4x8WUfRQmV5RKCxee7TRXmT7MtNjYMUcrZ+tguHI5ZNMkcJ+SLrxIbooHLa/pvovrdEdrAMZT7fXWtsTwz4kqzwDNPe47gRLmn9PqqC8yecjvU+dPKqriW9eupLaeVtnMgQavf8VW13Z1PwYxpNJk9CFv4hQL9zBS89KRxOsNglcr1m7/zHFmpenjBXqcrW/qtIU+GhuDX9sgkr1JhWk1ZVj5i06M4J+kyxIxhXTxRpydANO716ZbjbaylxKvyvskTzB7azzy4FvIaHwN95XPq0x8KaoTVsVy/TkMZx/UXJMfLcIp6LBEZXVIqygGvVL6YIEKShStE0ug8bOG02fNagG18LSudJyjwULOTrE+rlQkLd+IOXbcQHXV4YR+/2aMjyZZ6k0dKOnglT0ho0K70MkWCSCsYkuiSm/p7L8fpw1R2+gAAAfNgbcosVVp8fo2JovVW7DIY+Tl6CfPRe3jEv4oRKiqRym4I3kaYiasgynf1CAxMg8t94bkfkNvmjqgM6e5KpImB0BxzB8c+EBE+3wM11gWc+LrK3S/SRQFC/3XNgyHP/GEvkdS7xfgRMxdIOCoFg6leQPetvAZZc2MMi+6RTSQ2ufLh1vRV5LEmUyjroW+f3RsTYGU5yqmjKL0sDA==",
            "id": "dev-deploy",
            "key_fingerprint": "18e552060536b942f900908c34d44a777192c1aa",
            "password": null,
            "password_length": 20,
            "password_reset_required": true,
            "pgp_key": "keybase:terraform_user",
            "user": "dev-deploy"
          },
          "sensitive_attributes": [],
          "private": "bnVsbA==",
          "dependencies": [
            "module.blockchain-client-dev.aws_iam_user.deploy"
          ]
        }
      ]
    },
    {
      "module": "module.blockchain-client-dev",
      "mode": "managed",
      "type": "aws_internet_gateway",
      "name": "gateway",
      "provider": "provider[\"registry.terraform.io/hashicorp/aws\"]",
      "instances": [
        {
          "schema_version": 0,
          "attributes": {
            "arn": "arn:aws:ec2:ap-southeast-1:029319782524:internet-gateway/igw-0975ac1bab697d92a",
            "id": "igw-0975ac1bab697d92a",
            "owner_id": "029319782524",
            "tags": {
              "Name": "dev-igw"
            },
            "tags_all": {
              "Name": "dev-igw"
            },
            "timeouts": null,
            "vpc_id": "vpc-0f2c78acdf537fa7f"
          },
          "sensitive_attributes": [],
          "private": "eyJlMmJmYjczMC1lY2FhLTExZTYtOGY4OC0zNDM2M2JjN2M0YzAiOnsiY3JlYXRlIjoxMjAwMDAwMDAwMDAwLCJkZWxldGUiOjEyMDAwMDAwMDAwMDAsInVwZGF0ZSI6MTIwMDAwMDAwMDAwMH19",
          "dependencies": [
            "module.blockchain-client-dev.aws_vpc.default"
          ]
        }
      ]
    },
    {
      "module": "module.blockchain-client-dev",
      "mode": "managed",
      "type": "aws_lb",
      "name": "default",
      "provider": "provider[\"registry.terraform.io/hashicorp/aws\"]",
      "instances": [
        {
          "schema_version": 0,
          "attributes": {
            "access_logs": [
              {
                "bucket": "",
                "enabled": false,
                "prefix": ""
              }
            ],
            "arn": "arn:aws:elasticloadbalancing:ap-southeast-1:029319782524:loadbalancer/app/dev-default-lb/7d28a7d083640c59",
            "arn_suffix": "app/dev-default-lb/7d28a7d083640c59",
            "customer_owned_ipv4_pool": "",
            "desync_mitigation_mode": "defensive",
            "dns_name": "dev-default-lb-907022524.ap-southeast-1.elb.amazonaws.com",
            "drop_invalid_header_fields": false,
            "enable_cross_zone_load_balancing": true,
            "enable_deletion_protection": false,
            "enable_http2": true,
            "enable_tls_version_and_cipher_suite_headers": false,
            "enable_waf_fail_open": false,
            "enable_xff_client_port": false,
            "id": "arn:aws:elasticloadbalancing:ap-southeast-1:029319782524:loadbalancer/app/dev-default-lb/7d28a7d083640c59",
            "idle_timeout": 60,
            "internal": false,
            "ip_address_type": "ipv4",
            "load_balancer_type": "application",
            "name": "dev-default-lb",
            "name_prefix": null,
            "preserve_host_header": false,
            "security_groups": [
              "sg-05c453d25e6ba6037"
            ],
            "subnet_mapping": [
              {
                "allocation_id": "",
                "ipv6_address": "",
                "outpost_id": "",
                "private_ipv4_address": "",
                "subnet_id": "subnet-0eaaddad9d9cd3e67"
              },
              {
                "allocation_id": "",
                "ipv6_address": "",
                "outpost_id": "",
                "private_ipv4_address": "",
                "subnet_id": "subnet-0f0fcd81cb4b6e851"
              }
            ],
            "subnets": [
              "subnet-0eaaddad9d9cd3e67",
              "subnet-0f0fcd81cb4b6e851"
            ],
            "tags": {
              "Name": "dev-lb-default"
            },
            "tags_all": {
              "Name": "dev-lb-default"
            },
            "timeouts": null,
            "vpc_id": "vpc-0f2c78acdf537fa7f",
            "xff_header_processing_mode": "append",
            "zone_id": "Z1LMS91P8CMLE5"
          },
          "sensitive_attributes": [],
          "private": "eyJlMmJmYjczMC1lY2FhLTExZTYtOGY4OC0zNDM2M2JjN2M0YzAiOnsiY3JlYXRlIjo2MDAwMDAwMDAwMDAsImRlbGV0ZSI6NjAwMDAwMDAwMDAwLCJ1cGRhdGUiOjYwMDAwMDAwMDAwMH19",
          "dependencies": [
            "module.blockchain-client-dev.aws_security_group.lb",
            "module.blockchain-client-dev.aws_subnet.public",
            "module.blockchain-client-dev.aws_vpc.default",
            "module.blockchain-client-dev.data.aws_availability_zones.available_zones"
          ]
        }
      ]
    },
    {
      "module": "module.blockchain-client-dev",
      "mode": "managed",
      "type": "aws_lb_listener",
      "name": "bc_client_api",
      "provider": "provider[\"registry.terraform.io/hashicorp/aws\"]",
      "instances": [
        {
          "schema_version": 0,
          "attributes": {
            "alpn_policy": null,
            "arn": "arn:aws:elasticloadbalancing:ap-southeast-1:029319782524:listener/app/dev-default-lb/7d28a7d083640c59/e9f408907cccde90",
            "certificate_arn": null,
            "default_action": [
              {
                "authenticate_cognito": [],
                "authenticate_oidc": [],
                "fixed_response": [],
                "forward": [],
                "order": 1,
                "redirect": [],
                "target_group_arn": "arn:aws:elasticloadbalancing:ap-southeast-1:029319782524:targetgroup/dev-bc-client-api-tg-7WW4/5efd2c754a741f12",
                "type": "forward"
              }
            ],
            "id": "arn:aws:elasticloadbalancing:ap-southeast-1:029319782524:listener/app/dev-default-lb/7d28a7d083640c59/e9f408907cccde90",
            "load_balancer_arn": "arn:aws:elasticloadbalancing:ap-southeast-1:029319782524:loadbalancer/app/dev-default-lb/7d28a7d083640c59",
            "port": 80,
            "protocol": "HTTP",
            "ssl_policy": "",
            "tags": {},
            "tags_all": {},
            "timeouts": null
          },
          "sensitive_attributes": [],
          "private": "eyJlMmJmYjczMC1lY2FhLTExZTYtOGY4OC0zNDM2M2JjN2M0YzAiOnsicmVhZCI6NjAwMDAwMDAwMDAwfX0=",
          "dependencies": [
            "module.blockchain-client-dev.aws_lb.default",
            "module.blockchain-client-dev.aws_lb_target_group.bc_client_api",
            "module.blockchain-client-dev.aws_security_group.lb",
            "module.blockchain-client-dev.aws_subnet.public",
            "module.blockchain-client-dev.aws_vpc.default",
            "module.blockchain-client-dev.data.aws_availability_zones.available_zones",
            "module.blockchain-client-dev.random_string.target_group"
          ]
        }
      ]
    },
    {
      "module": "module.blockchain-client-dev",
      "mode": "managed",
      "type": "aws_lb_target_group",
      "name": "bc_client_api",
      "provider": "provider[\"registry.terraform.io/hashicorp/aws\"]",
      "instances": [
        {
          "schema_version": 0,
          "attributes": {
            "arn": "arn:aws:elasticloadbalancing:ap-southeast-1:029319782524:targetgroup/dev-bc-client-api-tg-7WW4/5efd2c754a741f12",
            "arn_suffix": "targetgroup/dev-bc-client-api-tg-7WW4/5efd2c754a741f12",
            "connection_termination": false,
            "deregistration_delay": "300",
            "health_check": [
              {
                "enabled": true,
                "healthy_threshold": 6,
                "interval": 30,
                "matcher": "200",
                "path": "/health",
                "port": "3000",
                "protocol": "HTTP",
                "timeout": 2,
                "unhealthy_threshold": 2
              }
            ],
            "id": "arn:aws:elasticloadbalancing:ap-southeast-1:029319782524:targetgroup/dev-bc-client-api-tg-7WW4/5efd2c754a741f12",
            "ip_address_type": "ipv4",
            "lambda_multi_value_headers_enabled": false,
            "load_balancing_algorithm_type": "round_robin",
            "load_balancing_cross_zone_enabled": "use_load_balancer_configuration",
            "name": "dev-bc-client-api-tg-7WW4",
            "name_prefix": null,
            "port": 3000,
            "preserve_client_ip": null,
            "protocol": "HTTP",
            "protocol_version": "HTTP1",
            "proxy_protocol_v2": false,
            "slow_start": 0,
            "stickiness": [
              {
                "cookie_duration": 86400,
                "cookie_name": "",
                "enabled": false,
                "type": "lb_cookie"
              }
            ],
            "tags": {
              "Name": "dev-bc-client-api-tg"
            },
            "tags_all": {
              "Name": "dev-bc-client-api-tg"
            },
            "target_failover": [
              {
                "on_deregistration": null,
                "on_unhealthy": null
              }
            ],
            "target_type": "ip",
            "vpc_id": "vpc-0f2c78acdf537fa7f"
          },
          "sensitive_attributes": [],
          "private": "bnVsbA==",
          "dependencies": [
            "module.blockchain-client-dev.aws_vpc.default",
            "module.blockchain-client-dev.random_string.target_group"
          ],
          "create_before_destroy": true
        }
      ]
    },
    {
      "module": "module.blockchain-client-dev",
      "mode": "managed",
      "type": "aws_nat_gateway",
      "name": "gateway",
      "provider": "provider[\"registry.terraform.io/hashicorp/aws\"]",
      "instances": [
        {
          "index_key": 0,
          "schema_version": 0,
          "attributes": {
            "allocation_id": "eipalloc-07c3c95de27267e5e",
            "association_id": "eipassoc-06185bc2d9ef7ec15",
            "connectivity_type": "public",
            "id": "nat-0895af239aade654e",
            "network_interface_id": "eni-0cfdab6e39dae223e",
            "private_ip": "10.32.2.126",
            "public_ip": "52.74.65.196",
            "subnet_id": "subnet-0f0fcd81cb4b6e851",
            "tags": {
              "Name": "dev-nat-gateway"
            },
            "tags_all": {
              "Name": "dev-nat-gateway"
            }
          },
          "sensitive_attributes": [],
          "private": "bnVsbA==",
          "dependencies": [
            "module.blockchain-client-dev.aws_eip.gateway",
            "module.blockchain-client-dev.aws_internet_gateway.gateway",
            "module.blockchain-client-dev.aws_subnet.public",
            "module.blockchain-client-dev.aws_vpc.default",
            "module.blockchain-client-dev.data.aws_availability_zones.available_zones"
          ]
        },
        {
          "index_key": 1,
          "schema_version": 0,
          "attributes": {
            "allocation_id": "eipalloc-089aa3f5e03a087a5",
            "association_id": "eipassoc-0dacf72f0667a0346",
            "connectivity_type": "public",
            "id": "nat-0a29bcb8ef60e0a5a",
            "network_interface_id": "eni-0fb25df445ce265cf",
            "private_ip": "10.32.3.154",
            "public_ip": "18.141.248.15",
            "subnet_id": "subnet-0eaaddad9d9cd3e67",
            "tags": {
              "Name": "dev-nat-gateway"
            },
            "tags_all": {
              "Name": "dev-nat-gateway"
            }
          },
          "sensitive_attributes": [],
          "private": "bnVsbA==",
          "dependencies": [
            "module.blockchain-client-dev.aws_eip.gateway",
            "module.blockchain-client-dev.aws_internet_gateway.gateway",
            "module.blockchain-client-dev.aws_subnet.public",
            "module.blockchain-client-dev.aws_vpc.default",
            "module.blockchain-client-dev.data.aws_availability_zones.available_zones"
          ]
        }
      ]
    },
    {
      "module": "module.blockchain-client-dev",
      "mode": "managed",
      "type": "aws_route",
      "name": "internet_access",
      "provider": "provider[\"registry.terraform.io/hashicorp/aws\"]",
      "instances": [
        {
          "schema_version": 0,
          "attributes": {
            "carrier_gateway_id": "",
            "core_network_arn": "",
            "destination_cidr_block": "0.0.0.0/0",
            "destination_ipv6_cidr_block": "",
            "destination_prefix_list_id": "",
            "egress_only_gateway_id": "",
            "gateway_id": "igw-0975ac1bab697d92a",
            "id": "r-rtb-08bae33367c2e64601080289494",
            "instance_id": "",
            "instance_owner_id": "",
            "local_gateway_id": "",
            "nat_gateway_id": "",
            "network_interface_id": "",
            "origin": "CreateRoute",
            "route_table_id": "rtb-08bae33367c2e6460",
            "state": "active",
            "timeouts": null,
            "transit_gateway_id": "",
            "vpc_endpoint_id": "",
            "vpc_peering_connection_id": ""
          },
          "sensitive_attributes": [],
          "private": "eyJlMmJmYjczMC1lY2FhLTExZTYtOGY4OC0zNDM2M2JjN2M0YzAiOnsiY3JlYXRlIjozMDAwMDAwMDAwMDAsImRlbGV0ZSI6MzAwMDAwMDAwMDAwLCJ1cGRhdGUiOjEyMDAwMDAwMDAwMH19",
          "dependencies": [
            "module.blockchain-client-dev.aws_internet_gateway.gateway",
            "module.blockchain-client-dev.aws_vpc.default"
          ]
        }
      ]
    },
    {
      "module": "module.blockchain-client-dev",
      "mode": "managed",
      "type": "aws_route_table",
      "name": "private",
      "provider": "provider[\"registry.terraform.io/hashicorp/aws\"]",
      "instances": [
        {
          "index_key": 0,
          "schema_version": 0,
          "attributes": {
            "arn": "arn:aws:ec2:ap-southeast-1:029319782524:route-table/rtb-0cde710764d05a05c",
            "id": "rtb-0cde710764d05a05c",
            "owner_id": "029319782524",
            "propagating_vgws": [],
            "route": [
              {
                "carrier_gateway_id": "",
                "cidr_block": "0.0.0.0/0",
                "core_network_arn": "",
                "destination_prefix_list_id": "",
                "egress_only_gateway_id": "",
                "gateway_id": "",
                "instance_id": "",
                "ipv6_cidr_block": "",
                "local_gateway_id": "",
                "nat_gateway_id": "nat-0895af239aade654e",
                "network_interface_id": "",
                "transit_gateway_id": "",
                "vpc_endpoint_id": "",
                "vpc_peering_connection_id": ""
              }
            ],
            "tags": {
              "Name": "dev-route-table-private"
            },
            "tags_all": {
              "Name": "dev-route-table-private"
            },
            "timeouts": null,
            "vpc_id": "vpc-0f2c78acdf537fa7f"
          },
          "sensitive_attributes": [],
          "private": "eyJlMmJmYjczMC1lY2FhLTExZTYtOGY4OC0zNDM2M2JjN2M0YzAiOnsiY3JlYXRlIjozMDAwMDAwMDAwMDAsImRlbGV0ZSI6MzAwMDAwMDAwMDAwLCJ1cGRhdGUiOjEyMDAwMDAwMDAwMH19",
          "dependencies": [
            "module.blockchain-client-dev.aws_eip.gateway",
            "module.blockchain-client-dev.aws_internet_gateway.gateway",
            "module.blockchain-client-dev.aws_nat_gateway.gateway",
            "module.blockchain-client-dev.aws_subnet.public",
            "module.blockchain-client-dev.aws_vpc.default",
            "module.blockchain-client-dev.data.aws_availability_zones.available_zones"
          ]
        },
        {
          "index_key": 1,
          "schema_version": 0,
          "attributes": {
            "arn": "arn:aws:ec2:ap-southeast-1:029319782524:route-table/rtb-09624ef8cef5d2d62",
            "id": "rtb-09624ef8cef5d2d62",
            "owner_id": "029319782524",
            "propagating_vgws": [],
            "route": [
              {
                "carrier_gateway_id": "",
                "cidr_block": "0.0.0.0/0",
                "core_network_arn": "",
                "destination_prefix_list_id": "",
                "egress_only_gateway_id": "",
                "gateway_id": "",
                "instance_id": "",
                "ipv6_cidr_block": "",
                "local_gateway_id": "",
                "nat_gateway_id": "nat-0a29bcb8ef60e0a5a",
                "network_interface_id": "",
                "transit_gateway_id": "",
                "vpc_endpoint_id": "",
                "vpc_peering_connection_id": ""
              }
            ],
            "tags": {
              "Name": "dev-route-table-private"
            },
            "tags_all": {
              "Name": "dev-route-table-private"
            },
            "timeouts": null,
            "vpc_id": "vpc-0f2c78acdf537fa7f"
          },
          "sensitive_attributes": [],
          "private": "eyJlMmJmYjczMC1lY2FhLTExZTYtOGY4OC0zNDM2M2JjN2M0YzAiOnsiY3JlYXRlIjozMDAwMDAwMDAwMDAsImRlbGV0ZSI6MzAwMDAwMDAwMDAwLCJ1cGRhdGUiOjEyMDAwMDAwMDAwMH19",
          "dependencies": [
            "module.blockchain-client-dev.aws_eip.gateway",
            "module.blockchain-client-dev.aws_internet_gateway.gateway",
            "module.blockchain-client-dev.aws_nat_gateway.gateway",
            "module.blockchain-client-dev.aws_subnet.public",
            "module.blockchain-client-dev.aws_vpc.default",
            "module.blockchain-client-dev.data.aws_availability_zones.available_zones"
          ]
        }
      ]
    },
    {
      "module": "module.blockchain-client-dev",
      "mode": "managed",
      "type": "aws_route_table_association",
      "name": "private",
      "provider": "provider[\"registry.terraform.io/hashicorp/aws\"]",
      "instances": [
        {
          "index_key": 0,
          "schema_version": 0,
          "attributes": {
            "gateway_id": "",
            "id": "rtbassoc-0b9d3fda776f1ea6c",
            "route_table_id": "rtb-0cde710764d05a05c",
            "subnet_id": "subnet-0d763324196bcb1bf",
            "timeouts": null
          },
          "sensitive_attributes": [],
          "private": "eyJlMmJmYjczMC1lY2FhLTExZTYtOGY4OC0zNDM2M2JjN2M0YzAiOnsiY3JlYXRlIjozMDAwMDAwMDAwMDAsImRlbGV0ZSI6MzAwMDAwMDAwMDAwLCJ1cGRhdGUiOjEyMDAwMDAwMDAwMH19",
          "dependencies": [
            "module.blockchain-client-dev.aws_eip.gateway",
            "module.blockchain-client-dev.aws_internet_gateway.gateway",
            "module.blockchain-client-dev.aws_nat_gateway.gateway",
            "module.blockchain-client-dev.aws_route_table.private",
            "module.blockchain-client-dev.aws_subnet.private",
            "module.blockchain-client-dev.aws_subnet.public",
            "module.blockchain-client-dev.aws_vpc.default",
            "module.blockchain-client-dev.data.aws_availability_zones.available_zones"
          ]
        },
        {
          "index_key": 1,
          "schema_version": 0,
          "attributes": {
            "gateway_id": "",
            "id": "rtbassoc-0f533b0931ac33622",
            "route_table_id": "rtb-09624ef8cef5d2d62",
            "subnet_id": "subnet-05d2e96a915ec8a69",
            "timeouts": null
          },
          "sensitive_attributes": [],
          "private": "eyJlMmJmYjczMC1lY2FhLTExZTYtOGY4OC0zNDM2M2JjN2M0YzAiOnsiY3JlYXRlIjozMDAwMDAwMDAwMDAsImRlbGV0ZSI6MzAwMDAwMDAwMDAwLCJ1cGRhdGUiOjEyMDAwMDAwMDAwMH19",
          "dependencies": [
            "module.blockchain-client-dev.aws_eip.gateway",
            "module.blockchain-client-dev.aws_internet_gateway.gateway",
            "module.blockchain-client-dev.aws_nat_gateway.gateway",
            "module.blockchain-client-dev.aws_route_table.private",
            "module.blockchain-client-dev.aws_subnet.private",
            "module.blockchain-client-dev.aws_subnet.public",
            "module.blockchain-client-dev.aws_vpc.default",
            "module.blockchain-client-dev.data.aws_availability_zones.available_zones"
          ]
        }
      ]
    },
    {
      "module": "module.blockchain-client-dev",
      "mode": "managed",
      "type": "aws_secretsmanager_secret",
      "name": "deploy_access_key",
      "provider": "provider[\"registry.terraform.io/hashicorp/aws\"]",
      "instances": [
        {
          "schema_version": 0,
          "attributes": {
            "arn": "arn:aws:secretsmanager:ap-southeast-1:029319782524:secret:dev-secrets-lqGa-UX7mJt",
            "description": "",
            "force_overwrite_replica_secret": false,
            "id": "arn:aws:secretsmanager:ap-southeast-1:029319782524:secret:dev-secrets-lqGa-UX7mJt",
            "kms_key_id": "",
            "name": "dev-secrets-lqGa",
            "name_prefix": "",
            "policy": "",
            "recovery_window_in_days": 30,
            "replica": [],
            "rotation_enabled": false,
            "rotation_lambda_arn": "",
            "rotation_rules": [],
            "tags": {},
            "tags_all": {}
          },
          "sensitive_attributes": [],
          "private": "bnVsbA==",
          "dependencies": [
            "module.blockchain-client-dev.random_string.secrets_manager"
          ]
        }
      ]
    },
    {
      "module": "module.blockchain-client-dev",
      "mode": "managed",
      "type": "aws_secretsmanager_secret_version",
      "name": "deploy_access_key",
      "provider": "provider[\"registry.terraform.io/hashicorp/aws\"]",
      "instances": [
        {
          "schema_version": 0,
          "attributes": {
            "arn": "arn:aws:secretsmanager:ap-southeast-1:029319782524:secret:dev-secrets-lqGa-UX7mJt",
            "id": "arn:aws:secretsmanager:ap-southeast-1:029319782524:secret:dev-secrets-lqGa-UX7mJt|AF9DB021-4D7F-4248-B697-6062A9BF7907",
            "secret_binary": "",
            "secret_id": "arn:aws:secretsmanager:ap-southeast-1:029319782524:secret:dev-secrets-lqGa-UX7mJt",
            "secret_string": "{}",
            "version_id": "AF9DB021-4D7F-4248-B697-6062A9BF7907",
            "version_stages": [
              "AWSCURRENT"
            ]
          },
          "sensitive_attributes": [],
          "private": "bnVsbA==",
          "dependencies": [
            "module.blockchain-client-dev.aws_iam_access_key.deploy",
            "module.blockchain-client-dev.aws_iam_user.deploy",
            "module.blockchain-client-dev.aws_secretsmanager_secret.deploy_access_key",
            "module.blockchain-client-dev.random_string.secrets_manager"
          ]
        }
      ]
    },
    {
      "module": "module.blockchain-client-dev",
      "mode": "managed",
      "type": "aws_security_group",
      "name": "bc_client_api_task",
      "provider": "provider[\"registry.terraform.io/hashicorp/aws\"]",
      "instances": [
        {
          "schema_version": 1,
          "attributes": {
            "arn": "arn:aws:ec2:ap-southeast-1:029319782524:security-group/sg-0576aee9cc6704c4e",
            "description": "Managed by Terraform",
            "egress": [
              {
                "cidr_blocks": [
                  "0.0.0.0/0"
                ],
                "description": "",
                "from_port": 0,
                "ipv6_cidr_blocks": [],
                "prefix_list_ids": [],
                "protocol": "-1",
                "security_groups": [],
                "self": false,
                "to_port": 0
              }
            ],
            "id": "sg-0576aee9cc6704c4e",
            "ingress": [
              {
                "cidr_blocks": [],
                "description": "",
                "from_port": 3000,
                "ipv6_cidr_blocks": [],
                "prefix_list_ids": [],
                "protocol": "tcp",
                "security_groups": [
                  "sg-05c453d25e6ba6037"
                ],
                "self": false,
                "to_port": 3000
              }
            ],
            "name": "dev-bc-client-api-task-sg",
            "name_prefix": "",
            "owner_id": "029319782524",
            "revoke_rules_on_delete": false,
            "tags": {},
            "tags_all": {},
            "timeouts": null,
            "vpc_id": "vpc-0f2c78acdf537fa7f"
          },
          "sensitive_attributes": [],
          "private": "eyJlMmJmYjczMC1lY2FhLTExZTYtOGY4OC0zNDM2M2JjN2M0YzAiOnsiY3JlYXRlIjo2MDAwMDAwMDAwMDAsImRlbGV0ZSI6OTAwMDAwMDAwMDAwfSwic2NoZW1hX3ZlcnNpb24iOiIxIn0=",
          "dependencies": [
            "module.blockchain-client-dev.aws_security_group.lb",
            "module.blockchain-client-dev.aws_vpc.default"
          ]
        }
      ]
    },
    {
      "module": "module.blockchain-client-dev",
      "mode": "managed",
      "type": "aws_security_group",
      "name": "lb",
      "provider": "provider[\"registry.terraform.io/hashicorp/aws\"]",
      "instances": [
        {
          "schema_version": 1,
          "attributes": {
            "arn": "arn:aws:ec2:ap-southeast-1:029319782524:security-group/sg-05c453d25e6ba6037",
            "description": "Managed by Terraform",
            "egress": [
              {
                "cidr_blocks": [
                  "0.0.0.0/0"
                ],
                "description": "",
                "from_port": 0,
                "ipv6_cidr_blocks": [],
                "prefix_list_ids": [],
                "protocol": "-1",
                "security_groups": [],
                "self": false,
                "to_port": 0
              }
            ],
            "id": "sg-05c453d25e6ba6037",
            "ingress": [
              {
                "cidr_blocks": [
                  "0.0.0.0/0"
                ],
                "description": "",
                "from_port": 80,
                "ipv6_cidr_blocks": [],
                "prefix_list_ids": [],
                "protocol": "tcp",
                "security_groups": [],
                "self": false,
                "to_port": 80
              }
            ],
            "name": "dev-main-alb-security-group",
            "name_prefix": "",
            "owner_id": "029319782524",
            "revoke_rules_on_delete": false,
            "tags": {
              "Name": "dev-sg-lb"
            },
            "tags_all": {
              "Name": "dev-sg-lb"
            },
            "timeouts": null,
            "vpc_id": "vpc-0f2c78acdf537fa7f"
          },
          "sensitive_attributes": [],
          "private": "eyJlMmJmYjczMC1lY2FhLTExZTYtOGY4OC0zNDM2M2JjN2M0YzAiOnsiY3JlYXRlIjo2MDAwMDAwMDAwMDAsImRlbGV0ZSI6OTAwMDAwMDAwMDAwfSwic2NoZW1hX3ZlcnNpb24iOiIxIn0=",
          "dependencies": [
            "module.blockchain-client-dev.aws_vpc.default"
          ]
        }
      ]
    },
    {
      "module": "module.blockchain-client-dev",
      "mode": "managed",
      "type": "aws_subnet",
      "name": "private",
      "provider": "provider[\"registry.terraform.io/hashicorp/aws\"]",
      "instances": [
        {
          "index_key": 0,
          "schema_version": 1,
          "attributes": {
            "arn": "arn:aws:ec2:ap-southeast-1:029319782524:subnet/subnet-0d763324196bcb1bf",
            "assign_ipv6_address_on_creation": false,
            "availability_zone": "ap-southeast-1a",
            "availability_zone_id": "apse1-az1",
            "cidr_block": "10.32.0.0/24",
            "customer_owned_ipv4_pool": "",
            "enable_dns64": false,
            "enable_lni_at_device_index": 0,
            "enable_resource_name_dns_a_record_on_launch": false,
            "enable_resource_name_dns_aaaa_record_on_launch": false,
            "id": "subnet-0d763324196bcb1bf",
            "ipv6_cidr_block": "",
            "ipv6_cidr_block_association_id": "",
            "ipv6_native": false,
            "map_customer_owned_ip_on_launch": false,
            "map_public_ip_on_launch": false,
            "outpost_arn": "",
            "owner_id": "029319782524",
            "private_dns_hostname_type_on_launch": "ip-name",
            "tags": {
              "Name": "dev-private-subnet"
            },
            "tags_all": {
              "Name": "dev-private-subnet"
            },
            "timeouts": null,
            "vpc_id": "vpc-0f2c78acdf537fa7f"
          },
          "sensitive_attributes": [],
          "private": "eyJlMmJmYjczMC1lY2FhLTExZTYtOGY4OC0zNDM2M2JjN2M0YzAiOnsiY3JlYXRlIjo2MDAwMDAwMDAwMDAsImRlbGV0ZSI6MTIwMDAwMDAwMDAwMH0sInNjaGVtYV92ZXJzaW9uIjoiMSJ9",
          "dependencies": [
            "module.blockchain-client-dev.aws_vpc.default",
            "module.blockchain-client-dev.data.aws_availability_zones.available_zones"
          ]
        },
        {
          "index_key": 1,
          "schema_version": 1,
          "attributes": {
            "arn": "arn:aws:ec2:ap-southeast-1:029319782524:subnet/subnet-05d2e96a915ec8a69",
            "assign_ipv6_address_on_creation": false,
            "availability_zone": "ap-southeast-1b",
            "availability_zone_id": "apse1-az2",
            "cidr_block": "10.32.1.0/24",
            "customer_owned_ipv4_pool": "",
            "enable_dns64": false,
            "enable_lni_at_device_index": 0,
            "enable_resource_name_dns_a_record_on_launch": false,
            "enable_resource_name_dns_aaaa_record_on_launch": false,
            "id": "subnet-05d2e96a915ec8a69",
            "ipv6_cidr_block": "",
            "ipv6_cidr_block_association_id": "",
            "ipv6_native": false,
            "map_customer_owned_ip_on_launch": false,
            "map_public_ip_on_launch": false,
            "outpost_arn": "",
            "owner_id": "029319782524",
            "private_dns_hostname_type_on_launch": "ip-name",
            "tags": {
              "Name": "dev-private-subnet"
            },
            "tags_all": {
              "Name": "dev-private-subnet"
            },
            "timeouts": null,
            "vpc_id": "vpc-0f2c78acdf537fa7f"
          },
          "sensitive_attributes": [],
          "private": "eyJlMmJmYjczMC1lY2FhLTExZTYtOGY4OC0zNDM2M2JjN2M0YzAiOnsiY3JlYXRlIjo2MDAwMDAwMDAwMDAsImRlbGV0ZSI6MTIwMDAwMDAwMDAwMH0sInNjaGVtYV92ZXJzaW9uIjoiMSJ9",
          "dependencies": [
            "module.blockchain-client-dev.aws_vpc.default",
            "module.blockchain-client-dev.data.aws_availability_zones.available_zones"
          ]
        }
      ]
    },
    {
      "module": "module.blockchain-client-dev",
      "mode": "managed",
      "type": "aws_subnet",
      "name": "public",
      "provider": "provider[\"registry.terraform.io/hashicorp/aws\"]",
      "instances": [
        {
          "index_key": 0,
          "schema_version": 1,
          "attributes": {
            "arn": "arn:aws:ec2:ap-southeast-1:029319782524:subnet/subnet-0f0fcd81cb4b6e851",
            "assign_ipv6_address_on_creation": false,
            "availability_zone": "ap-southeast-1a",
            "availability_zone_id": "apse1-az1",
            "cidr_block": "10.32.2.0/24",
            "customer_owned_ipv4_pool": "",
            "enable_dns64": false,
            "enable_lni_at_device_index": 0,
            "enable_resource_name_dns_a_record_on_launch": false,
            "enable_resource_name_dns_aaaa_record_on_launch": false,
            "id": "subnet-0f0fcd81cb4b6e851",
            "ipv6_cidr_block": "",
            "ipv6_cidr_block_association_id": "",
            "ipv6_native": false,
            "map_customer_owned_ip_on_launch": false,
            "map_public_ip_on_launch": true,
            "outpost_arn": "",
            "owner_id": "029319782524",
            "private_dns_hostname_type_on_launch": "ip-name",
            "tags": {
              "Name": "dev-public-subnet"
            },
            "tags_all": {
              "Name": "dev-public-subnet"
            },
            "timeouts": null,
            "vpc_id": "vpc-0f2c78acdf537fa7f"
          },
          "sensitive_attributes": [],
          "private": "eyJlMmJmYjczMC1lY2FhLTExZTYtOGY4OC0zNDM2M2JjN2M0YzAiOnsiY3JlYXRlIjo2MDAwMDAwMDAwMDAsImRlbGV0ZSI6MTIwMDAwMDAwMDAwMH0sInNjaGVtYV92ZXJzaW9uIjoiMSJ9",
          "dependencies": [
            "module.blockchain-client-dev.aws_vpc.default",
            "module.blockchain-client-dev.data.aws_availability_zones.available_zones"
          ]
        },
        {
          "index_key": 1,
          "schema_version": 1,
          "attributes": {
            "arn": "arn:aws:ec2:ap-southeast-1:029319782524:subnet/subnet-0eaaddad9d9cd3e67",
            "assign_ipv6_address_on_creation": false,
            "availability_zone": "ap-southeast-1b",
            "availability_zone_id": "apse1-az2",
            "cidr_block": "10.32.3.0/24",
            "customer_owned_ipv4_pool": "",
            "enable_dns64": false,
            "enable_lni_at_device_index": 0,
            "enable_resource_name_dns_a_record_on_launch": false,
            "enable_resource_name_dns_aaaa_record_on_launch": false,
            "id": "subnet-0eaaddad9d9cd3e67",
            "ipv6_cidr_block": "",
            "ipv6_cidr_block_association_id": "",
            "ipv6_native": false,
            "map_customer_owned_ip_on_launch": false,
            "map_public_ip_on_launch": true,
            "outpost_arn": "",
            "owner_id": "029319782524",
            "private_dns_hostname_type_on_launch": "ip-name",
            "tags": {
              "Name": "dev-public-subnet"
            },
            "tags_all": {
              "Name": "dev-public-subnet"
            },
            "timeouts": null,
            "vpc_id": "vpc-0f2c78acdf537fa7f"
          },
          "sensitive_attributes": [],
          "private": "eyJlMmJmYjczMC1lY2FhLTExZTYtOGY4OC0zNDM2M2JjN2M0YzAiOnsiY3JlYXRlIjo2MDAwMDAwMDAwMDAsImRlbGV0ZSI6MTIwMDAwMDAwMDAwMH0sInNjaGVtYV92ZXJzaW9uIjoiMSJ9",
          "dependencies": [
            "module.blockchain-client-dev.aws_vpc.default",
            "module.blockchain-client-dev.data.aws_availability_zones.available_zones"
          ]
        }
      ]
    },
    {
      "module": "module.blockchain-client-dev",
      "mode": "managed",
      "type": "aws_vpc",
      "name": "default",
      "provider": "provider[\"registry.terraform.io/hashicorp/aws\"]",
      "instances": [
        {
          "schema_version": 1,
          "attributes": {
            "arn": "arn:aws:ec2:ap-southeast-1:029319782524:vpc/vpc-0f2c78acdf537fa7f",
            "assign_generated_ipv6_cidr_block": false,
            "cidr_block": "10.32.0.0/16",
            "default_network_acl_id": "acl-05ccb08ad637319ef",
            "default_route_table_id": "rtb-08bae33367c2e6460",
            "default_security_group_id": "sg-0ac9690ef4afdc4de",
            "dhcp_options_id": "dopt-0275df4fb27fd81b2",
            "enable_classiclink": false,
            "enable_classiclink_dns_support": false,
            "enable_dns_hostnames": true,
            "enable_dns_support": true,
            "enable_network_address_usage_metrics": false,
            "id": "vpc-0f2c78acdf537fa7f",
            "instance_tenancy": "default",
            "ipv4_ipam_pool_id": null,
            "ipv4_netmask_length": null,
            "ipv6_association_id": "",
            "ipv6_cidr_block": "",
            "ipv6_cidr_block_network_border_group": "",
            "ipv6_ipam_pool_id": "",
            "ipv6_netmask_length": 0,
            "main_route_table_id": "rtb-08bae33367c2e6460",
            "owner_id": "029319782524",
            "tags": {
              "Name": "dev-vpc-default"
            },
            "tags_all": {
              "Name": "dev-vpc-default"
            }
          },
          "sensitive_attributes": [],
          "private": "eyJzY2hlbWFfdmVyc2lvbiI6IjEifQ==",
          "create_before_destroy": true
        }
      ]
    },
    {
      "module": "module.blockchain-client-dev",
      "mode": "managed",
      "type": "random_string",
      "name": "secrets_manager",
      "provider": "provider[\"registry.terraform.io/hashicorp/random\"]",
      "instances": [
        {
          "schema_version": 2,
          "attributes": {
            "id": "lqGa",
            "keepers": null,
            "length": 4,
            "lower": true,
            "min_lower": 0,
            "min_numeric": 0,
            "min_special": 0,
            "min_upper": 0,
            "number": true,
            "numeric": true,
            "override_special": null,
            "result": "lqGa",
            "special": false,
            "upper": true
          },
          "sensitive_attributes": []
        }
      ]
    },
    {
      "module": "module.blockchain-client-dev",
      "mode": "managed",
      "type": "random_string",
      "name": "target_group",
      "provider": "provider[\"registry.terraform.io/hashicorp/random\"]",
      "instances": [
        {
          "schema_version": 2,
          "attributes": {
            "id": "7WW4",
            "keepers": null,
            "length": 4,
            "lower": true,
            "min_lower": 0,
            "min_numeric": 0,
            "min_special": 0,
            "min_upper": 0,
            "number": true,
            "numeric": true,
            "override_special": null,
            "result": "7WW4",
            "special": false,
            "upper": true
          },
          "sensitive_attributes": [],
          "create_before_destroy": true
        }
      ]
    },
    {
      "module": "module.blockchain-client-staging",
      "mode": "data",
      "type": "aws_availability_zones",
      "name": "available_zones",
      "provider": "provider[\"registry.terraform.io/hashicorp/aws\"]",
      "instances": [
        {
          "schema_version": 0,
          "attributes": {
            "all_availability_zones": null,
            "exclude_names": null,
            "exclude_zone_ids": null,
            "filter": null,
            "group_names": [
              "ap-southeast-1"
            ],
            "id": "ap-southeast-1",
            "names": [
              "ap-southeast-1a",
              "ap-southeast-1b",
              "ap-southeast-1c"
            ],
            "state": "available",
            "timeouts": null,
            "zone_ids": [
              "apse1-az1",
              "apse1-az2",
              "apse1-az3"
            ]
          },
          "sensitive_attributes": []
        }
      ]
    },
    {
      "module": "module.blockchain-client-staging",
      "mode": "data",
      "type": "aws_iam_policy_document",
      "name": "ecs_tasks_execution_role",
      "provider": "provider[\"registry.terraform.io/hashicorp/aws\"]",
      "instances": [
        {
          "schema_version": 0,
          "attributes": {
            "id": "320642683",
            "json": "{\n  \"Version\": \"2012-10-17\",\n  \"Statement\": [\n    {\n      \"Sid\": \"\",\n      \"Effect\": \"Allow\",\n      \"Action\": \"sts:AssumeRole\",\n      \"Principal\": {\n        \"Service\": \"ecs-tasks.amazonaws.com\"\n      }\n    }\n  ]\n}",
            "override_json": null,
            "override_policy_documents": null,
            "policy_id": null,
            "source_json": null,
            "source_policy_documents": null,
            "statement": [
              {
                "actions": [
                  "sts:AssumeRole"
                ],
                "condition": [],
                "effect": "Allow",
                "not_actions": [],
                "not_principals": [],
                "not_resources": [],
                "principals": [
                  {
                    "identifiers": [
                      "ecs-tasks.amazonaws.com"
                    ],
                    "type": "Service"
                  }
                ],
                "resources": [],
                "sid": ""
              }
            ],
            "version": "2012-10-17"
          },
          "sensitive_attributes": []
        }
      ]
    },
    {
      "module": "module.blockchain-client-staging",
      "mode": "managed",
      "type": "aws_cloudwatch_log_group",
      "name": "log",
      "provider": "provider[\"registry.terraform.io/hashicorp/aws\"]",
      "instances": [
        {
          "schema_version": 0,
          "attributes": {
            "arn": "arn:aws:logs:ap-southeast-1:029319782524:log-group:/staging-main-cluster/staging-bc-client-api",
            "id": "/staging-main-cluster/staging-bc-client-api",
            "kms_key_id": "",
            "name": "/staging-main-cluster/staging-bc-client-api",
            "name_prefix": "",
            "retention_in_days": 14,
            "skip_destroy": false,
            "tags": {
              "Name": "staging-bc-client-api-log-group"
            },
            "tags_all": {
              "Name": "staging-bc-client-api-log-group"
            }
          },
          "sensitive_attributes": [],
          "private": "bnVsbA==",
          "dependencies": [
            "module.blockchain-client-staging.aws_ecs_cluster.main"
          ]
        }
      ]
    },
    {
      "module": "module.blockchain-client-staging",
      "mode": "managed",
      "type": "aws_ecr_lifecycle_policy",
      "name": "bc_client_api",
      "provider": "provider[\"registry.terraform.io/hashicorp/aws\"]",
      "instances": [
        {
          "schema_version": 0,
          "attributes": {
            "id": "staging-bc-client-api",
            "policy": "{\"rules\":[{\"action\":{\"type\":\"expire\"},\"description\":\"Expire images older than 14 days\",\"rulePriority\":1,\"selection\":{\"countNumber\":14,\"countType\":\"sinceImagePushed\",\"countUnit\":\"days\",\"tagStatus\":\"untagged\"}}]}",
            "registry_id": "029319782524",
            "repository": "staging-bc-client-api"
          },
          "sensitive_attributes": [],
          "private": "bnVsbA==",
          "dependencies": [
            "module.blockchain-client-staging.aws_ecr_repository.bc_client_api"
          ]
        }
      ]
    },
    {
      "module": "module.blockchain-client-staging",
      "mode": "managed",
      "type": "aws_ecr_repository",
      "name": "bc_client_api",
      "provider": "provider[\"registry.terraform.io/hashicorp/aws\"]",
      "instances": [
        {
          "schema_version": 0,
          "attributes": {
            "arn": "arn:aws:ecr:ap-southeast-1:029319782524:repository/staging-bc-client-api",
            "encryption_configuration": [
              {
                "encryption_type": "AES256",
                "kms_key": ""
              }
            ],
            "force_delete": null,
            "id": "staging-bc-client-api",
            "image_scanning_configuration": [
              {
                "scan_on_push": true
              }
            ],
            "image_tag_mutability": "MUTABLE",
            "name": "staging-bc-client-api",
            "registry_id": "029319782524",
            "repository_url": "029319782524.dkr.ecr.ap-southeast-1.amazonaws.com/staging-bc-client-api",
            "tags": {},
            "tags_all": {},
            "timeouts": null
          },
          "sensitive_attributes": [],
          "private": "eyJlMmJmYjczMC1lY2FhLTExZTYtOGY4OC0zNDM2M2JjN2M0YzAiOnsiZGVsZXRlIjoxMjAwMDAwMDAwMDAwfX0="
        }
      ]
    },
    {
      "module": "module.blockchain-client-staging",
      "mode": "managed",
      "type": "aws_ecs_cluster",
      "name": "main",
      "provider": "provider[\"registry.terraform.io/hashicorp/aws\"]",
      "instances": [
        {
          "schema_version": 0,
          "attributes": {
            "arn": "arn:aws:ecs:ap-southeast-1:029319782524:cluster/staging-main-cluster",
            "capacity_providers": [],
            "configuration": [],
            "default_capacity_provider_strategy": [],
            "id": "arn:aws:ecs:ap-southeast-1:029319782524:cluster/staging-main-cluster",
            "name": "staging-main-cluster",
            "service_connect_defaults": [],
            "setting": [
              {
                "name": "containerInsights",
                "value": "disabled"
              }
            ],
            "tags": {
              "Name": "staging-cluster-main"
            },
            "tags_all": {
              "Name": "staging-cluster-main"
            }
          },
          "sensitive_attributes": [],
          "private": "bnVsbA=="
        }
      ]
    },
    {
      "module": "module.blockchain-client-staging",
      "mode": "managed",
      "type": "aws_ecs_service",
      "name": "bc_client_api",
      "provider": "provider[\"registry.terraform.io/hashicorp/aws\"]",
      "instances": [
        {
          "schema_version": 0,
          "attributes": {
            "alarms": [],
            "capacity_provider_strategy": [],
            "cluster": "arn:aws:ecs:ap-southeast-1:029319782524:cluster/staging-main-cluster",
            "deployment_circuit_breaker": [
              {
                "enable": false,
                "rollback": false
              }
            ],
            "deployment_controller": [
              {
                "type": "ECS"
              }
            ],
            "deployment_maximum_percent": 200,
            "deployment_minimum_healthy_percent": 100,
            "desired_count": 1,
            "enable_ecs_managed_tags": false,
            "enable_execute_command": false,
            "force_new_deployment": null,
            "health_check_grace_period_seconds": 0,
            "iam_role": "/aws-service-role/ecs.amazonaws.com/AWSServiceRoleForECS",
            "id": "arn:aws:ecs:ap-southeast-1:029319782524:service/staging-main-cluster/staging-bc-client-api-service",
            "launch_type": "FARGATE",
            "load_balancer": [
              {
                "container_name": "staging-bc-client-api",
                "container_port": 3000,
                "elb_name": "",
                "target_group_arn": "arn:aws:elasticloadbalancing:ap-southeast-1:029319782524:targetgroup/staging-bc-client-api-tg-urOi/059f938a36dce2a3"
              }
            ],
            "name": "staging-bc-client-api-service",
            "network_configuration": [
              {
                "assign_public_ip": false,
                "security_groups": [
                  "sg-0ebe7c533092c5cf0"
                ],
                "subnets": [
                  "subnet-0898f312a0b8e22de",
                  "subnet-0a9f90c956deb8b83"
                ]
              }
            ],
            "ordered_placement_strategy": [],
            "placement_constraints": [],
            "platform_version": "LATEST",
            "propagate_tags": "NONE",
            "scheduling_strategy": "REPLICA",
            "service_connect_configuration": [],
            "service_registries": [],
            "tags": {},
            "tags_all": {},
            "task_definition": "arn:aws:ecs:ap-southeast-1:029319782524:task-definition/staging-bc-client-api:13",
            "timeouts": null,
            "triggers": {},
            "wait_for_steady_state": false
          },
          "sensitive_attributes": [],
          "private": "eyJlMmJmYjczMC1lY2FhLTExZTYtOGY4OC0zNDM2M2JjN2M0YzAiOnsiY3JlYXRlIjoxMjAwMDAwMDAwMDAwLCJkZWxldGUiOjEyMDAwMDAwMDAwMDAsInVwZGF0ZSI6MTIwMDAwMDAwMDAwMH19",
          "dependencies": [
            "module.blockchain-client-staging.aws_cloudwatch_log_group.log",
            "module.blockchain-client-staging.aws_ecs_cluster.main",
            "module.blockchain-client-staging.aws_ecs_task_definition.bc_client_api",
            "module.blockchain-client-staging.aws_iam_role.ecs_tasks_execution_role",
            "module.blockchain-client-staging.aws_iam_role_policy_attachment.ecs_tasks_execution_role",
            "module.blockchain-client-staging.aws_iam_user.deploy",
            "module.blockchain-client-staging.aws_lb.default",
            "module.blockchain-client-staging.aws_lb_listener.bc_client_api",
            "module.blockchain-client-staging.aws_lb_target_group.bc_client_api",
            "module.blockchain-client-staging.aws_security_group.bc_client_api_task",
            "module.blockchain-client-staging.aws_security_group.lb",
            "module.blockchain-client-staging.aws_subnet.private",
            "module.blockchain-client-staging.aws_subnet.public",
            "module.blockchain-client-staging.aws_vpc.default",
            "module.blockchain-client-staging.data.aws_availability_zones.available_zones",
            "module.blockchain-client-staging.data.aws_iam_policy_document.ecs_tasks_execution_role",
            "module.blockchain-client-staging.random_string.target_group"
          ]
        }
      ]
    },
    {
      "module": "module.blockchain-client-staging",
      "mode": "managed",
      "type": "aws_ecs_task_definition",
      "name": "bc_client_api",
      "provider": "provider[\"registry.terraform.io/hashicorp/aws\"]",
      "instances": [
        {
          "schema_version": 1,
          "attributes": {
            "arn": "arn:aws:ecs:ap-southeast-1:029319782524:task-definition/staging-bc-client-api:13",
            "arn_without_revision": "arn:aws:ecs:ap-southeast-1:029319782524:task-definition/staging-bc-client-api",
            "container_definitions": "[{\"cpu\":1024,\"environment\":[],\"essential\":true,\"healthCheck\":{\"command\":[\"CMD-SHELL\",\"curl -f http://localhost:8081/actuator/liveness || exit 1\"],\"interval\":10,\"retries\":10,\"startPeriod\":10,\"timeout\":5},\"image\":\"staging-deploy.dkr.ecr.ap-southeast-1.amazonaws.com/staging-bc-client-api:latest\",\"logConfiguration\":{\"logDriver\":\"awslogs\",\"options\":{\"awslogs-create-group\":\"true\",\"awslogs-group\":\"/staging-main-cluster/staging-bc-client-api\",\"awslogs-region\":\"ap-southeast-1\",\"awslogs-stream-prefix\":\"staging-bc-client-api\"}},\"memory\":2048,\"mountPoints\":[],\"name\":\"staging-bc-client-api\",\"portMappings\":[{\"containerPort\":3000,\"hostPort\":3000,\"protocol\":\"tcp\"}],\"volumesFrom\":[]}]",
            "cpu": "1024",
            "ephemeral_storage": [],
            "execution_role_arn": "arn:aws:iam::029319782524:role/staging-ecs-task-execution-role",
            "family": "staging-bc-client-api",
            "id": "staging-bc-client-api",
            "inference_accelerator": [],
            "ipc_mode": "",
            "memory": "2048",
            "network_mode": "awsvpc",
            "pid_mode": "",
            "placement_constraints": [],
            "proxy_configuration": [],
            "requires_compatibilities": [
              "FARGATE"
            ],
            "revision": 13,
            "runtime_platform": [],
            "skip_destroy": false,
            "tags": {},
            "tags_all": {},
            "task_role_arn": "",
            "volume": []
          },
          "sensitive_attributes": [],
          "private": "eyJzY2hlbWFfdmVyc2lvbiI6IjEifQ==",
          "dependencies": [
            "module.blockchain-client-staging.aws_cloudwatch_log_group.log",
            "module.blockchain-client-staging.aws_ecs_cluster.main",
            "module.blockchain-client-staging.aws_iam_role.ecs_tasks_execution_role",
            "module.blockchain-client-staging.aws_iam_user.deploy",
            "module.blockchain-client-staging.data.aws_iam_policy_document.ecs_tasks_execution_role"
          ]
        }
      ]
    },
    {
      "module": "module.blockchain-client-staging",
      "mode": "managed",
      "type": "aws_eip",
      "name": "gateway",
      "provider": "provider[\"registry.terraform.io/hashicorp/aws\"]",
      "instances": [
        {
          "index_key": 0,
          "schema_version": 0,
          "attributes": {
            "address": null,
            "allocation_id": "eipalloc-0fae2123e3aa56fd1",
            "associate_with_private_ip": null,
            "association_id": "eipassoc-0b5a214f76153b849",
            "carrier_ip": "",
            "customer_owned_ip": "",
            "customer_owned_ipv4_pool": "",
            "domain": "vpc",
            "id": "eipalloc-0fae2123e3aa56fd1",
            "instance": "",
            "network_border_group": "ap-southeast-1",
            "network_interface": "eni-06f1e432a2e0587d0",
            "private_dns": "ip-10-32-2-9.ap-southeast-1.compute.internal",
            "private_ip": "10.32.2.9",
            "public_dns": "ec2-18-142-224-65.ap-southeast-1.compute.amazonaws.com",
            "public_ip": "18.142.224.65",
            "public_ipv4_pool": "amazon",
            "tags": {
              "Name": "staging-eip"
            },
            "tags_all": {
              "Name": "staging-eip"
            },
            "timeouts": null,
            "vpc": true
          },
          "sensitive_attributes": [],
          "private": "eyJlMmJmYjczMC1lY2FhLTExZTYtOGY4OC0zNDM2M2JjN2M0YzAiOnsiZGVsZXRlIjoxODAwMDAwMDAwMDAsInJlYWQiOjkwMDAwMDAwMDAwMCwidXBkYXRlIjozMDAwMDAwMDAwMDB9fQ==",
          "dependencies": [
            "module.blockchain-client-staging.aws_internet_gateway.gateway",
            "module.blockchain-client-staging.aws_vpc.default"
          ]
        },
        {
          "index_key": 1,
          "schema_version": 0,
          "attributes": {
            "address": null,
            "allocation_id": "eipalloc-0d673ee4bfc60a030",
            "associate_with_private_ip": null,
            "association_id": "eipassoc-014524ca8a91e38d7",
            "carrier_ip": "",
            "customer_owned_ip": "",
            "customer_owned_ipv4_pool": "",
            "domain": "vpc",
            "id": "eipalloc-0d673ee4bfc60a030",
            "instance": "",
            "network_border_group": "ap-southeast-1",
            "network_interface": "eni-0925c4a183afc68c9",
            "private_dns": "ip-10-32-3-243.ap-southeast-1.compute.internal",
            "private_ip": "10.32.3.243",
            "public_dns": "ec2-18-139-120-196.ap-southeast-1.compute.amazonaws.com",
            "public_ip": "18.139.120.196",
            "public_ipv4_pool": "amazon",
            "tags": {
              "Name": "staging-eip"
            },
            "tags_all": {
              "Name": "staging-eip"
            },
            "timeouts": null,
            "vpc": true
          },
          "sensitive_attributes": [],
          "private": "eyJlMmJmYjczMC1lY2FhLTExZTYtOGY4OC0zNDM2M2JjN2M0YzAiOnsiZGVsZXRlIjoxODAwMDAwMDAwMDAsInJlYWQiOjkwMDAwMDAwMDAwMCwidXBkYXRlIjozMDAwMDAwMDAwMDB9fQ==",
          "dependencies": [
            "module.blockchain-client-staging.aws_internet_gateway.gateway",
            "module.blockchain-client-staging.aws_vpc.default"
          ]
        }
      ]
    },
    {
      "module": "module.blockchain-client-staging",
      "mode": "managed",
      "type": "aws_iam_access_key",
      "name": "deploy",
      "provider": "provider[\"registry.terraform.io/hashicorp/aws\"]",
      "instances": [
        {
          "schema_version": 0,
          "attributes": {
            "create_date": "2023-05-07T10:58:42Z",
            "encrypted_secret": null,
            "encrypted_ses_smtp_password_v4": null,
            "id": "AKIAQNU4YMB6MXM2XXDI",
            "key_fingerprint": null,
            "pgp_key": null,
            "secret": "EINYAC9a8EQrZwQz0hVtJADT7m+/XpGIjhY/6i7A",
            "ses_smtp_password_v4": "BDcFShIjpbz+hdAn4JO0oXgtDk0UpAp/oRLnm7vT8HW2",
            "status": "Active",
            "user": "staging-deploy"
          },
          "sensitive_attributes": [],
          "private": "bnVsbA==",
          "dependencies": [
            "module.blockchain-client-staging.aws_iam_user.deploy"
          ]
        }
      ]
    },
    {
      "module": "module.blockchain-client-staging",
      "mode": "managed",
      "type": "aws_iam_group",
      "name": "deploy",
      "provider": "provider[\"registry.terraform.io/hashicorp/aws\"]",
      "instances": [
        {
          "schema_version": 0,
          "attributes": {
            "arn": "arn:aws:iam::029319782524:group/staging-deploy-group",
            "id": "staging-deploy-group",
            "name": "staging-deploy-group",
            "path": "/",
            "unique_id": "AGPAQNU4YMB6FTCNGVTCE"
          },
          "sensitive_attributes": [],
          "private": "bnVsbA=="
        }
      ]
    },
    {
      "module": "module.blockchain-client-staging",
      "mode": "managed",
      "type": "aws_iam_group_membership",
      "name": "deploy",
      "provider": "provider[\"registry.terraform.io/hashicorp/aws\"]",
      "instances": [
        {
          "schema_version": 0,
          "attributes": {
            "group": "staging-deploy-group",
            "id": "staging-group-membership-deploy",
            "name": "staging-group-membership-deploy",
            "users": [
              "staging-deploy"
            ]
          },
          "sensitive_attributes": [],
          "private": "bnVsbA==",
          "dependencies": [
            "module.blockchain-client-staging.aws_iam_group.deploy",
            "module.blockchain-client-staging.aws_iam_user.deploy"
          ]
        }
      ]
    },
    {
      "module": "module.blockchain-client-staging",
      "mode": "managed",
      "type": "aws_iam_policy",
      "name": "deploy_policy",
      "provider": "provider[\"registry.terraform.io/hashicorp/aws\"]",
      "instances": [
        {
          "schema_version": 0,
          "attributes": {
            "arn": "arn:aws:iam::029319782524:policy/staging-deploy-policy",
            "description": "A deploy policy",
            "id": "arn:aws:iam::029319782524:policy/staging-deploy-policy",
            "name": "staging-deploy-policy",
            "name_prefix": "",
            "path": "/",
            "policy": "{\"Statement\":[{\"Action\":[\"imagebuilder:GetComponent\",\"imagebuilder:GetContainerRecipe\",\"logs:CreateLogGroup\",\"iam:PassRole\",\"ecs:DescribeServices\",\"ecs:RegisterTaskDefinition\",\"ecs:DescribeTaskDefinition\",\"ecs:UpdateService\",\"ecr:GetAuthorizationToken\",\"ecr:BatchGetImage\",\"ecr:InitiateLayerUpload\",\"ecr:UploadLayerPart\",\"ecr:CompleteLayerUpload\",\"ecr:BatchCheckLayerAvailability\",\"ecr:GetDownloadUrlForLayer\",\"ecr:PutImage\"],\"Effect\":\"Allow\",\"Resource\":\"*\"},{\"Action\":[\"kms:Decrypt\"],\"Condition\":{\"ForAnyValue:StringEquals\":{\"aws:CalledVia\":[\"imagebuilder.amazonaws.com\"],\"kms:EncryptionContextKeys\":\"aws:imagebuilder:arn\"}},\"Effect\":\"Allow\",\"Resource\":\"*\"},{\"Action\":[\"s3:GetObject\"],\"Effect\":\"Allow\",\"Resource\":\"arn:aws:s3:::ec2imagebuilder*\"},{\"Action\":[\"logs:CreateLogStream\",\"logs:CreateLogGroup\",\"logs:PutLogEvents\"],\"Effect\":\"Allow\",\"Resource\":\"arn:aws:logs:*:*:log-group:/aws/imagebuilder/*\"}],\"Version\":\"2012-10-17\"}",
            "policy_id": "ANPAQNU4YMB6CLLEVFTRM",
            "tags": {
              "Name": "staging-iam-policy-deploy"
            },
            "tags_all": {
              "Name": "staging-iam-policy-deploy"
            }
          },
          "sensitive_attributes": [],
          "private": "bnVsbA=="
        }
      ]
    },
    {
      "module": "module.blockchain-client-staging",
      "mode": "managed",
      "type": "aws_iam_policy_attachment",
      "name": "deploy_policy_attachment",
      "provider": "provider[\"registry.terraform.io/hashicorp/aws\"]",
      "instances": [
        {
          "schema_version": 0,
          "attributes": {
            "groups": [
              "staging-deploy-group"
            ],
            "id": "staging-deploy-policy-attachment",
            "name": "staging-deploy-policy-attachment",
            "policy_arn": "arn:aws:iam::029319782524:policy/staging-deploy-policy",
            "roles": [],
            "users": []
          },
          "sensitive_attributes": [],
          "private": "bnVsbA==",
          "dependencies": [
            "module.blockchain-client-staging.aws_iam_group.deploy",
            "module.blockchain-client-staging.aws_iam_policy.deploy_policy"
          ]
        }
      ]
    },
    {
      "module": "module.blockchain-client-staging",
      "mode": "managed",
      "type": "aws_iam_role",
      "name": "ecs_tasks_execution_role",
      "provider": "provider[\"registry.terraform.io/hashicorp/aws\"]",
      "instances": [
        {
          "schema_version": 0,
          "attributes": {
            "arn": "arn:aws:iam::029319782524:role/staging-ecs-task-execution-role",
            "assume_role_policy": "{\"Statement\":[{\"Action\":\"sts:AssumeRole\",\"Effect\":\"Allow\",\"Principal\":{\"Service\":\"ecs-tasks.amazonaws.com\"},\"Sid\":\"\"}],\"Version\":\"2012-10-17\"}",
            "create_date": "2023-05-07T10:58:41Z",
            "description": "",
            "force_detach_policies": false,
            "id": "staging-ecs-task-execution-role",
            "inline_policy": [],
            "managed_policy_arns": [
              "arn:aws:iam::aws:policy/service-role/AmazonECSTaskExecutionRolePolicy"
            ],
            "max_session_duration": 3600,
            "name": "staging-ecs-task-execution-role",
            "name_prefix": "",
            "path": "/",
            "permissions_boundary": null,
            "role_last_used": [
              {
                "last_used_date": "2023-05-07T11:47:01Z",
                "region": "ap-southeast-1"
              }
            ],
            "tags": {},
            "tags_all": {},
            "unique_id": "AROAQNU4YMB6DTTCYC5TE"
          },
          "sensitive_attributes": [],
          "private": "bnVsbA==",
          "dependencies": [
            "module.blockchain-client-staging.data.aws_iam_policy_document.ecs_tasks_execution_role"
          ]
        }
      ]
    },
    {
      "module": "module.blockchain-client-staging",
      "mode": "managed",
      "type": "aws_iam_role_policy_attachment",
      "name": "ecs_tasks_execution_role",
      "provider": "provider[\"registry.terraform.io/hashicorp/aws\"]",
      "instances": [
        {
          "schema_version": 0,
          "attributes": {
            "id": "staging-ecs-task-execution-role-20230507105843235900000001",
            "policy_arn": "arn:aws:iam::aws:policy/service-role/AmazonECSTaskExecutionRolePolicy",
            "role": "staging-ecs-task-execution-role"
          },
          "sensitive_attributes": [],
          "private": "bnVsbA==",
          "dependencies": [
            "module.blockchain-client-staging.aws_iam_role.ecs_tasks_execution_role",
            "module.blockchain-client-staging.data.aws_iam_policy_document.ecs_tasks_execution_role"
          ]
        }
      ]
    },
    {
      "module": "module.blockchain-client-staging",
      "mode": "managed",
      "type": "aws_iam_user",
      "name": "deploy",
      "provider": "provider[\"registry.terraform.io/hashicorp/aws\"]",
      "instances": [
        {
          "schema_version": 0,
          "attributes": {
            "arn": "arn:aws:iam::029319782524:user/system/staging-deploy",
            "force_destroy": false,
            "id": "staging-deploy",
            "name": "staging-deploy",
            "path": "/system/",
            "permissions_boundary": null,
            "tags": {},
            "tags_all": {},
            "unique_id": "AIDAQNU4YMB6NBKDBH2OR"
          },
          "sensitive_attributes": [],
          "private": "bnVsbA=="
        }
      ]
    },
    {
      "module": "module.blockchain-client-staging",
      "mode": "managed",
      "type": "aws_iam_user_login_profile",
      "name": "deploy",
      "provider": "provider[\"registry.terraform.io/hashicorp/aws\"]",
      "instances": [
        {
          "schema_version": 0,
          "attributes": {
            "encrypted_password": "wcFMA/R5B5rbV9ttAQ/+NTVtNukixsX8YZKNfbqf8mZGgeD3lEO9ddTFg1Hm18hAFGZTtG7PkMn5P3vS3iPJgtXNavWZhToa70e2wCuUnMdtj/T0ONP9KhpCwAygjEqu4qBdZczQpgy+16eO933XsSGePWvhK44Q3X9XEYb3mbfqFaUNl5F4LEMAupZgejkLoi2WrSDclhgBA5d1RA9ROYgLuRIXO30wL+N+J2TifUy1ia+htYilSc9qgIa2mquP+qsAJnqHbL3oIIisoLDXZZm63UygMavE7D9oi0YyX65oOkyUII2oWwoGS2cWZtF3yuIZWAuehUWxVpe1K/8AqZrhqx9E2MH8kmTHhXr9gf/B7ScDo19umgQsXzjQVv96QYbVWcnzmYqJSnDEKLYGALHNnnmvdmog+YcjTf/+Qm3UqToGQmOQ4U7AHAcW9pPoQ/YvoHb12nfp5cFML2C/sz72rBOLIEmKU85P9VMBH3tQeWUuy2ivm/eHFT/kfy2s2MSbfceWLNCLZ55yTwN07sWNEIbfiwli9oTVcwB0ZIt3Rqyb7p2XHXuh4pyYDadydY4Sml5N4mo8YLcKjO4QO66DF1WMPLKTByNjlNRPHeTsnjP4E5ChLL2Y2tFnnl0UnHX7A2zRf5jtP+7IvX/3kZBhVtoc0im9VDopq/9V+dRgTIXatSjwY+CErBZYNXnSRQHr19gIqntvrG0YAaCWWxMzXXle+JRD6ZTU1erfbeQeM1AuUcJOdcQjBCjom/VPC7edXVb/uNRIpw6aeN71n2UnQzcFHA==",
            "id": "staging-deploy",
            "key_fingerprint": "18e552060536b942f900908c34d44a777192c1aa",
            "password": null,
            "password_length": 20,
            "password_reset_required": true,
            "pgp_key": "keybase:terraform_user",
            "user": "staging-deploy"
          },
          "sensitive_attributes": [],
          "private": "bnVsbA==",
          "dependencies": [
            "module.blockchain-client-staging.aws_iam_user.deploy"
          ]
        }
      ]
    },
    {
      "module": "module.blockchain-client-staging",
      "mode": "managed",
      "type": "aws_internet_gateway",
      "name": "gateway",
      "provider": "provider[\"registry.terraform.io/hashicorp/aws\"]",
      "instances": [
        {
          "schema_version": 0,
          "attributes": {
            "arn": "arn:aws:ec2:ap-southeast-1:029319782524:internet-gateway/igw-05c09186bf9c2dbe7",
            "id": "igw-05c09186bf9c2dbe7",
            "owner_id": "029319782524",
            "tags": {
              "Name": "staging-igw"
            },
            "tags_all": {
              "Name": "staging-igw"
            },
            "timeouts": null,
            "vpc_id": "vpc-0778adb88b0cb768e"
          },
          "sensitive_attributes": [],
          "private": "eyJlMmJmYjczMC1lY2FhLTExZTYtOGY4OC0zNDM2M2JjN2M0YzAiOnsiY3JlYXRlIjoxMjAwMDAwMDAwMDAwLCJkZWxldGUiOjEyMDAwMDAwMDAwMDAsInVwZGF0ZSI6MTIwMDAwMDAwMDAwMH19",
          "dependencies": [
            "module.blockchain-client-staging.aws_vpc.default"
          ]
        }
      ]
    },
    {
      "module": "module.blockchain-client-staging",
      "mode": "managed",
      "type": "aws_lb",
      "name": "default",
      "provider": "provider[\"registry.terraform.io/hashicorp/aws\"]",
      "instances": [
        {
          "schema_version": 0,
          "attributes": {
            "access_logs": [
              {
                "bucket": "",
                "enabled": false,
                "prefix": ""
              }
            ],
            "arn": "arn:aws:elasticloadbalancing:ap-southeast-1:029319782524:loadbalancer/app/staging-default-lb/6c8539395e9fda9c",
            "arn_suffix": "app/staging-default-lb/6c8539395e9fda9c",
            "customer_owned_ipv4_pool": "",
            "desync_mitigation_mode": "defensive",
            "dns_name": "staging-default-lb-1732369269.ap-southeast-1.elb.amazonaws.com",
            "drop_invalid_header_fields": false,
            "enable_cross_zone_load_balancing": true,
            "enable_deletion_protection": false,
            "enable_http2": true,
            "enable_tls_version_and_cipher_suite_headers": false,
            "enable_waf_fail_open": false,
            "enable_xff_client_port": false,
            "id": "arn:aws:elasticloadbalancing:ap-southeast-1:029319782524:loadbalancer/app/staging-default-lb/6c8539395e9fda9c",
            "idle_timeout": 60,
            "internal": false,
            "ip_address_type": "ipv4",
            "load_balancer_type": "application",
            "name": "staging-default-lb",
            "name_prefix": null,
            "preserve_host_header": false,
            "security_groups": [
              "sg-0870c1cbb7715cfeb"
            ],
            "subnet_mapping": [
              {
                "allocation_id": "",
                "ipv6_address": "",
                "outpost_id": "",
                "private_ipv4_address": "",
                "subnet_id": "subnet-00a05a5c5c1787944"
              },
              {
                "allocation_id": "",
                "ipv6_address": "",
                "outpost_id": "",
                "private_ipv4_address": "",
                "subnet_id": "subnet-0a6759dacf6cb85f1"
              }
            ],
            "subnets": [
              "subnet-00a05a5c5c1787944",
              "subnet-0a6759dacf6cb85f1"
            ],
            "tags": {
              "Name": "staging-lb-default"
            },
            "tags_all": {
              "Name": "staging-lb-default"
            },
            "timeouts": null,
            "vpc_id": "vpc-0778adb88b0cb768e",
            "xff_header_processing_mode": "append",
            "zone_id": "Z1LMS91P8CMLE5"
          },
          "sensitive_attributes": [],
          "private": "eyJlMmJmYjczMC1lY2FhLTExZTYtOGY4OC0zNDM2M2JjN2M0YzAiOnsiY3JlYXRlIjo2MDAwMDAwMDAwMDAsImRlbGV0ZSI6NjAwMDAwMDAwMDAwLCJ1cGRhdGUiOjYwMDAwMDAwMDAwMH19",
          "dependencies": [
            "module.blockchain-client-staging.aws_security_group.lb",
            "module.blockchain-client-staging.aws_subnet.public",
            "module.blockchain-client-staging.aws_vpc.default",
            "module.blockchain-client-staging.data.aws_availability_zones.available_zones"
          ]
        }
      ]
    },
    {
      "module": "module.blockchain-client-staging",
      "mode": "managed",
      "type": "aws_lb_listener",
      "name": "bc_client_api",
      "provider": "provider[\"registry.terraform.io/hashicorp/aws\"]",
      "instances": [
        {
          "schema_version": 0,
          "attributes": {
            "alpn_policy": null,
            "arn": "arn:aws:elasticloadbalancing:ap-southeast-1:029319782524:listener/app/staging-default-lb/6c8539395e9fda9c/24fc747bf1f2298d",
            "certificate_arn": null,
            "default_action": [
              {
                "authenticate_cognito": [],
                "authenticate_oidc": [],
                "fixed_response": [],
                "forward": [],
                "order": 1,
                "redirect": [],
                "target_group_arn": "arn:aws:elasticloadbalancing:ap-southeast-1:029319782524:targetgroup/staging-bc-client-api-tg-urOi/059f938a36dce2a3",
                "type": "forward"
              }
            ],
            "id": "arn:aws:elasticloadbalancing:ap-southeast-1:029319782524:listener/app/staging-default-lb/6c8539395e9fda9c/24fc747bf1f2298d",
            "load_balancer_arn": "arn:aws:elasticloadbalancing:ap-southeast-1:029319782524:loadbalancer/app/staging-default-lb/6c8539395e9fda9c",
            "port": 80,
            "protocol": "HTTP",
            "ssl_policy": "",
            "tags": {},
            "tags_all": {},
            "timeouts": null
          },
          "sensitive_attributes": [],
          "private": "eyJlMmJmYjczMC1lY2FhLTExZTYtOGY4OC0zNDM2M2JjN2M0YzAiOnsicmVhZCI6NjAwMDAwMDAwMDAwfX0=",
          "dependencies": [
            "module.blockchain-client-staging.aws_lb.default",
            "module.blockchain-client-staging.aws_lb_target_group.bc_client_api",
            "module.blockchain-client-staging.aws_security_group.lb",
            "module.blockchain-client-staging.aws_subnet.public",
            "module.blockchain-client-staging.aws_vpc.default",
            "module.blockchain-client-staging.data.aws_availability_zones.available_zones",
            "module.blockchain-client-staging.random_string.target_group"
          ]
        }
      ]
    },
    {
      "module": "module.blockchain-client-staging",
      "mode": "managed",
      "type": "aws_lb_target_group",
      "name": "bc_client_api",
      "provider": "provider[\"registry.terraform.io/hashicorp/aws\"]",
      "instances": [
        {
          "schema_version": 0,
          "attributes": {
            "arn": "arn:aws:elasticloadbalancing:ap-southeast-1:029319782524:targetgroup/staging-bc-client-api-tg-urOi/059f938a36dce2a3",
            "arn_suffix": "targetgroup/staging-bc-client-api-tg-urOi/059f938a36dce2a3",
            "connection_termination": false,
            "deregistration_delay": "300",
            "health_check": [
              {
                "enabled": true,
                "healthy_threshold": 6,
                "interval": 30,
                "matcher": "200",
                "path": "/health",
                "port": "3000",
                "protocol": "HTTP",
                "timeout": 2,
                "unhealthy_threshold": 2
              }
            ],
            "id": "arn:aws:elasticloadbalancing:ap-southeast-1:029319782524:targetgroup/staging-bc-client-api-tg-urOi/059f938a36dce2a3",
            "ip_address_type": "ipv4",
            "lambda_multi_value_headers_enabled": false,
            "load_balancing_algorithm_type": "round_robin",
            "load_balancing_cross_zone_enabled": "use_load_balancer_configuration",
            "name": "staging-bc-client-api-tg-urOi",
            "name_prefix": null,
            "port": 3000,
            "preserve_client_ip": null,
            "protocol": "HTTP",
            "protocol_version": "HTTP1",
            "proxy_protocol_v2": false,
            "slow_start": 0,
            "stickiness": [
              {
                "cookie_duration": 86400,
                "cookie_name": "",
                "enabled": false,
                "type": "lb_cookie"
              }
            ],
            "tags": {
              "Name": "staging-bc-client-api-tg"
            },
            "tags_all": {
              "Name": "staging-bc-client-api-tg"
            },
            "target_failover": [
              {
                "on_deregistration": null,
                "on_unhealthy": null
              }
            ],
            "target_type": "ip",
            "vpc_id": "vpc-0778adb88b0cb768e"
          },
          "sensitive_attributes": [],
          "private": "bnVsbA==",
          "dependencies": [
            "module.blockchain-client-staging.aws_vpc.default",
            "module.blockchain-client-staging.random_string.target_group"
          ],
          "create_before_destroy": true
        }
      ]
    },
    {
      "module": "module.blockchain-client-staging",
      "mode": "managed",
      "type": "aws_nat_gateway",
      "name": "gateway",
      "provider": "provider[\"registry.terraform.io/hashicorp/aws\"]",
      "instances": [
        {
          "index_key": 0,
          "schema_version": 0,
          "attributes": {
            "allocation_id": "eipalloc-0fae2123e3aa56fd1",
            "association_id": "eipassoc-0b5a214f76153b849",
            "connectivity_type": "public",
            "id": "nat-0248dce199c1d6cea",
            "network_interface_id": "eni-06f1e432a2e0587d0",
            "private_ip": "10.32.2.9",
            "public_ip": "18.142.224.65",
            "subnet_id": "subnet-0a6759dacf6cb85f1",
            "tags": {
              "Name": "staging-nat-gateway"
            },
            "tags_all": {
              "Name": "staging-nat-gateway"
            }
          },
          "sensitive_attributes": [],
          "private": "bnVsbA==",
          "dependencies": [
            "module.blockchain-client-staging.aws_eip.gateway",
            "module.blockchain-client-staging.aws_internet_gateway.gateway",
            "module.blockchain-client-staging.aws_subnet.public",
            "module.blockchain-client-staging.aws_vpc.default",
            "module.blockchain-client-staging.data.aws_availability_zones.available_zones"
          ]
        },
        {
          "index_key": 1,
          "schema_version": 0,
          "attributes": {
            "allocation_id": "eipalloc-0d673ee4bfc60a030",
            "association_id": "eipassoc-014524ca8a91e38d7",
            "connectivity_type": "public",
            "id": "nat-0feb9dc7541dcc136",
            "network_interface_id": "eni-0925c4a183afc68c9",
            "private_ip": "10.32.3.243",
            "public_ip": "18.139.120.196",
            "subnet_id": "subnet-00a05a5c5c1787944",
            "tags": {
              "Name": "staging-nat-gateway"
            },
            "tags_all": {
              "Name": "staging-nat-gateway"
            }
          },
          "sensitive_attributes": [],
          "private": "bnVsbA==",
          "dependencies": [
            "module.blockchain-client-staging.aws_eip.gateway",
            "module.blockchain-client-staging.aws_internet_gateway.gateway",
            "module.blockchain-client-staging.aws_subnet.public",
            "module.blockchain-client-staging.aws_vpc.default",
            "module.blockchain-client-staging.data.aws_availability_zones.available_zones"
          ]
        }
      ]
    },
    {
      "module": "module.blockchain-client-staging",
      "mode": "managed",
      "type": "aws_route",
      "name": "internet_access",
      "provider": "provider[\"registry.terraform.io/hashicorp/aws\"]",
      "instances": [
        {
          "schema_version": 0,
          "attributes": {
            "carrier_gateway_id": "",
            "core_network_arn": "",
            "destination_cidr_block": "0.0.0.0/0",
            "destination_ipv6_cidr_block": "",
            "destination_prefix_list_id": "",
            "egress_only_gateway_id": "",
            "gateway_id": "igw-05c09186bf9c2dbe7",
            "id": "r-rtb-0e697c1d968bee77f1080289494",
            "instance_id": "",
            "instance_owner_id": "",
            "local_gateway_id": "",
            "nat_gateway_id": "",
            "network_interface_id": "",
            "origin": "CreateRoute",
            "route_table_id": "rtb-0e697c1d968bee77f",
            "state": "active",
            "timeouts": null,
            "transit_gateway_id": "",
            "vpc_endpoint_id": "",
            "vpc_peering_connection_id": ""
          },
          "sensitive_attributes": [],
          "private": "eyJlMmJmYjczMC1lY2FhLTExZTYtOGY4OC0zNDM2M2JjN2M0YzAiOnsiY3JlYXRlIjozMDAwMDAwMDAwMDAsImRlbGV0ZSI6MzAwMDAwMDAwMDAwLCJ1cGRhdGUiOjEyMDAwMDAwMDAwMH19",
          "dependencies": [
            "module.blockchain-client-staging.aws_internet_gateway.gateway",
            "module.blockchain-client-staging.aws_vpc.default"
          ]
        }
      ]
    },
    {
      "module": "module.blockchain-client-staging",
      "mode": "managed",
      "type": "aws_route_table",
      "name": "private",
      "provider": "provider[\"registry.terraform.io/hashicorp/aws\"]",
      "instances": [
        {
          "index_key": 0,
          "schema_version": 0,
          "attributes": {
            "arn": "arn:aws:ec2:ap-southeast-1:029319782524:route-table/rtb-0861e60dea0d881e0",
            "id": "rtb-0861e60dea0d881e0",
            "owner_id": "029319782524",
            "propagating_vgws": [],
            "route": [
              {
                "carrier_gateway_id": "",
                "cidr_block": "0.0.0.0/0",
                "core_network_arn": "",
                "destination_prefix_list_id": "",
                "egress_only_gateway_id": "",
                "gateway_id": "",
                "instance_id": "",
                "ipv6_cidr_block": "",
                "local_gateway_id": "",
                "nat_gateway_id": "nat-0248dce199c1d6cea",
                "network_interface_id": "",
                "transit_gateway_id": "",
                "vpc_endpoint_id": "",
                "vpc_peering_connection_id": ""
              }
            ],
            "tags": {
              "Name": "staging-route-table-private"
            },
            "tags_all": {
              "Name": "staging-route-table-private"
            },
            "timeouts": null,
            "vpc_id": "vpc-0778adb88b0cb768e"
          },
          "sensitive_attributes": [],
          "private": "eyJlMmJmYjczMC1lY2FhLTExZTYtOGY4OC0zNDM2M2JjN2M0YzAiOnsiY3JlYXRlIjozMDAwMDAwMDAwMDAsImRlbGV0ZSI6MzAwMDAwMDAwMDAwLCJ1cGRhdGUiOjEyMDAwMDAwMDAwMH19",
          "dependencies": [
            "module.blockchain-client-staging.aws_eip.gateway",
            "module.blockchain-client-staging.aws_internet_gateway.gateway",
            "module.blockchain-client-staging.aws_nat_gateway.gateway",
            "module.blockchain-client-staging.aws_subnet.public",
            "module.blockchain-client-staging.aws_vpc.default",
            "module.blockchain-client-staging.data.aws_availability_zones.available_zones"
          ]
        },
        {
          "index_key": 1,
          "schema_version": 0,
          "attributes": {
            "arn": "arn:aws:ec2:ap-southeast-1:029319782524:route-table/rtb-05a8782ad27c28dca",
            "id": "rtb-05a8782ad27c28dca",
            "owner_id": "029319782524",
            "propagating_vgws": [],
            "route": [
              {
                "carrier_gateway_id": "",
                "cidr_block": "0.0.0.0/0",
                "core_network_arn": "",
                "destination_prefix_list_id": "",
                "egress_only_gateway_id": "",
                "gateway_id": "",
                "instance_id": "",
                "ipv6_cidr_block": "",
                "local_gateway_id": "",
                "nat_gateway_id": "nat-0feb9dc7541dcc136",
                "network_interface_id": "",
                "transit_gateway_id": "",
                "vpc_endpoint_id": "",
                "vpc_peering_connection_id": ""
              }
            ],
            "tags": {
              "Name": "staging-route-table-private"
            },
            "tags_all": {
              "Name": "staging-route-table-private"
            },
            "timeouts": null,
            "vpc_id": "vpc-0778adb88b0cb768e"
          },
          "sensitive_attributes": [],
          "private": "eyJlMmJmYjczMC1lY2FhLTExZTYtOGY4OC0zNDM2M2JjN2M0YzAiOnsiY3JlYXRlIjozMDAwMDAwMDAwMDAsImRlbGV0ZSI6MzAwMDAwMDAwMDAwLCJ1cGRhdGUiOjEyMDAwMDAwMDAwMH19",
          "dependencies": [
            "module.blockchain-client-staging.aws_eip.gateway",
            "module.blockchain-client-staging.aws_internet_gateway.gateway",
            "module.blockchain-client-staging.aws_nat_gateway.gateway",
            "module.blockchain-client-staging.aws_subnet.public",
            "module.blockchain-client-staging.aws_vpc.default",
            "module.blockchain-client-staging.data.aws_availability_zones.available_zones"
          ]
        }
      ]
    },
    {
      "module": "module.blockchain-client-staging",
      "mode": "managed",
      "type": "aws_route_table_association",
      "name": "private",
      "provider": "provider[\"registry.terraform.io/hashicorp/aws\"]",
      "instances": [
        {
          "index_key": 0,
          "schema_version": 0,
          "attributes": {
            "gateway_id": "",
            "id": "rtbassoc-000e0f8d497809750",
            "route_table_id": "rtb-0861e60dea0d881e0",
            "subnet_id": "subnet-0898f312a0b8e22de",
            "timeouts": null
          },
          "sensitive_attributes": [],
          "private": "eyJlMmJmYjczMC1lY2FhLTExZTYtOGY4OC0zNDM2M2JjN2M0YzAiOnsiY3JlYXRlIjozMDAwMDAwMDAwMDAsImRlbGV0ZSI6MzAwMDAwMDAwMDAwLCJ1cGRhdGUiOjEyMDAwMDAwMDAwMH19",
          "dependencies": [
            "module.blockchain-client-staging.aws_eip.gateway",
            "module.blockchain-client-staging.aws_internet_gateway.gateway",
            "module.blockchain-client-staging.aws_nat_gateway.gateway",
            "module.blockchain-client-staging.aws_route_table.private",
            "module.blockchain-client-staging.aws_subnet.private",
            "module.blockchain-client-staging.aws_subnet.public",
            "module.blockchain-client-staging.aws_vpc.default",
            "module.blockchain-client-staging.data.aws_availability_zones.available_zones"
          ]
        },
        {
          "index_key": 1,
          "schema_version": 0,
          "attributes": {
            "gateway_id": "",
            "id": "rtbassoc-0a15b36e9b96a5811",
            "route_table_id": "rtb-05a8782ad27c28dca",
            "subnet_id": "subnet-0a9f90c956deb8b83",
            "timeouts": null
          },
          "sensitive_attributes": [],
          "private": "eyJlMmJmYjczMC1lY2FhLTExZTYtOGY4OC0zNDM2M2JjN2M0YzAiOnsiY3JlYXRlIjozMDAwMDAwMDAwMDAsImRlbGV0ZSI6MzAwMDAwMDAwMDAwLCJ1cGRhdGUiOjEyMDAwMDAwMDAwMH19",
          "dependencies": [
            "module.blockchain-client-staging.aws_eip.gateway",
            "module.blockchain-client-staging.aws_internet_gateway.gateway",
            "module.blockchain-client-staging.aws_nat_gateway.gateway",
            "module.blockchain-client-staging.aws_route_table.private",
            "module.blockchain-client-staging.aws_subnet.private",
            "module.blockchain-client-staging.aws_subnet.public",
            "module.blockchain-client-staging.aws_vpc.default",
            "module.blockchain-client-staging.data.aws_availability_zones.available_zones"
          ]
        }
      ]
    },
    {
      "module": "module.blockchain-client-staging",
      "mode": "managed",
      "type": "aws_secretsmanager_secret",
      "name": "deploy_access_key",
      "provider": "provider[\"registry.terraform.io/hashicorp/aws\"]",
      "instances": [
        {
          "schema_version": 0,
          "attributes": {
            "arn": "arn:aws:secretsmanager:ap-southeast-1:029319782524:secret:staging-secrets-wqfC-UX7mJt",
            "description": "",
            "force_overwrite_replica_secret": false,
            "id": "arn:aws:secretsmanager:ap-southeast-1:029319782524:secret:staging-secrets-wqfC-UX7mJt",
            "kms_key_id": "",
            "name": "staging-secrets-wqfC",
            "name_prefix": "",
            "policy": "",
            "recovery_window_in_days": 30,
            "replica": [],
            "rotation_enabled": false,
            "rotation_lambda_arn": "",
            "rotation_rules": [],
            "tags": {},
            "tags_all": {}
          },
          "sensitive_attributes": [],
          "private": "bnVsbA==",
          "dependencies": [
            "module.blockchain-client-staging.random_string.secrets_manager"
          ]
        }
      ]
    },
    {
      "module": "module.blockchain-client-staging",
      "mode": "managed",
      "type": "aws_secretsmanager_secret_version",
      "name": "deploy_access_key",
      "provider": "provider[\"registry.terraform.io/hashicorp/aws\"]",
      "instances": [
        {
          "schema_version": 0,
          "attributes": {
            "arn": "arn:aws:secretsmanager:ap-southeast-1:029319782524:secret:staging-secrets-wqfC-UX7mJt",
            "id": "arn:aws:secretsmanager:ap-southeast-1:029319782524:secret:staging-secrets-wqfC-UX7mJt|6E2746F4-39F9-4D97-A252-856C662D7CA3",
            "secret_binary": "",
            "secret_id": "arn:aws:secretsmanager:ap-southeast-1:029319782524:secret:staging-secrets-wqfC-UX7mJt",
            "secret_string": "{}",
            "version_id": "6E2746F4-39F9-4D97-A252-856C662D7CA3",
            "version_stages": [
              "AWSCURRENT"
            ]
          },
          "sensitive_attributes": [],
          "private": "bnVsbA==",
          "dependencies": [
            "module.blockchain-client-staging.aws_iam_access_key.deploy",
            "module.blockchain-client-staging.aws_iam_user.deploy",
            "module.blockchain-client-staging.aws_secretsmanager_secret.deploy_access_key",
            "module.blockchain-client-staging.random_string.secrets_manager"
          ]
        }
      ]
    },
    {
      "module": "module.blockchain-client-staging",
      "mode": "managed",
      "type": "aws_security_group",
      "name": "bc_client_api_task",
      "provider": "provider[\"registry.terraform.io/hashicorp/aws\"]",
      "instances": [
        {
          "schema_version": 1,
          "attributes": {
            "arn": "arn:aws:ec2:ap-southeast-1:029319782524:security-group/sg-0ebe7c533092c5cf0",
            "description": "Managed by Terraform",
            "egress": [
              {
                "cidr_blocks": [
                  "0.0.0.0/0"
                ],
                "description": "",
                "from_port": 0,
                "ipv6_cidr_blocks": [],
                "prefix_list_ids": [],
                "protocol": "-1",
                "security_groups": [],
                "self": false,
                "to_port": 0
              }
            ],
            "id": "sg-0ebe7c533092c5cf0",
            "ingress": [
              {
                "cidr_blocks": [],
                "description": "",
                "from_port": 3000,
                "ipv6_cidr_blocks": [],
                "prefix_list_ids": [],
                "protocol": "tcp",
                "security_groups": [
                  "sg-0870c1cbb7715cfeb"
                ],
                "self": false,
                "to_port": 3000
              }
            ],
            "name": "staging-bc-client-api-task-sg",
            "name_prefix": "",
            "owner_id": "029319782524",
            "revoke_rules_on_delete": false,
            "tags": {},
            "tags_all": {},
            "timeouts": null,
            "vpc_id": "vpc-0778adb88b0cb768e"
          },
          "sensitive_attributes": [],
          "private": "eyJlMmJmYjczMC1lY2FhLTExZTYtOGY4OC0zNDM2M2JjN2M0YzAiOnsiY3JlYXRlIjo2MDAwMDAwMDAwMDAsImRlbGV0ZSI6OTAwMDAwMDAwMDAwfSwic2NoZW1hX3ZlcnNpb24iOiIxIn0=",
          "dependencies": [
            "module.blockchain-client-staging.aws_security_group.lb",
            "module.blockchain-client-staging.aws_vpc.default"
          ]
        }
      ]
    },
    {
      "module": "module.blockchain-client-staging",
      "mode": "managed",
      "type": "aws_security_group",
      "name": "lb",
      "provider": "provider[\"registry.terraform.io/hashicorp/aws\"]",
      "instances": [
        {
          "schema_version": 1,
          "attributes": {
            "arn": "arn:aws:ec2:ap-southeast-1:029319782524:security-group/sg-0870c1cbb7715cfeb",
            "description": "Managed by Terraform",
            "egress": [
              {
                "cidr_blocks": [
                  "0.0.0.0/0"
                ],
                "description": "",
                "from_port": 0,
                "ipv6_cidr_blocks": [],
                "prefix_list_ids": [],
                "protocol": "-1",
                "security_groups": [],
                "self": false,
                "to_port": 0
              }
            ],
            "id": "sg-0870c1cbb7715cfeb",
            "ingress": [
              {
                "cidr_blocks": [
                  "0.0.0.0/0"
                ],
                "description": "",
                "from_port": 80,
                "ipv6_cidr_blocks": [],
                "prefix_list_ids": [],
                "protocol": "tcp",
                "security_groups": [],
                "self": false,
                "to_port": 80
              }
            ],
            "name": "staging-main-alb-security-group",
            "name_prefix": "",
            "owner_id": "029319782524",
            "revoke_rules_on_delete": false,
            "tags": {
              "Name": "staging-sg-lb"
            },
            "tags_all": {
              "Name": "staging-sg-lb"
            },
            "timeouts": null,
            "vpc_id": "vpc-0778adb88b0cb768e"
          },
          "sensitive_attributes": [],
          "private": "eyJlMmJmYjczMC1lY2FhLTExZTYtOGY4OC0zNDM2M2JjN2M0YzAiOnsiY3JlYXRlIjo2MDAwMDAwMDAwMDAsImRlbGV0ZSI6OTAwMDAwMDAwMDAwfSwic2NoZW1hX3ZlcnNpb24iOiIxIn0=",
          "dependencies": [
            "module.blockchain-client-staging.aws_vpc.default"
          ]
        }
      ]
    },
    {
      "module": "module.blockchain-client-staging",
      "mode": "managed",
      "type": "aws_subnet",
      "name": "private",
      "provider": "provider[\"registry.terraform.io/hashicorp/aws\"]",
      "instances": [
        {
          "index_key": 0,
          "schema_version": 1,
          "attributes": {
            "arn": "arn:aws:ec2:ap-southeast-1:029319782524:subnet/subnet-0898f312a0b8e22de",
            "assign_ipv6_address_on_creation": false,
            "availability_zone": "ap-southeast-1a",
            "availability_zone_id": "apse1-az1",
            "cidr_block": "10.32.0.0/24",
            "customer_owned_ipv4_pool": "",
            "enable_dns64": false,
            "enable_lni_at_device_index": 0,
            "enable_resource_name_dns_a_record_on_launch": false,
            "enable_resource_name_dns_aaaa_record_on_launch": false,
            "id": "subnet-0898f312a0b8e22de",
            "ipv6_cidr_block": "",
            "ipv6_cidr_block_association_id": "",
            "ipv6_native": false,
            "map_customer_owned_ip_on_launch": false,
            "map_public_ip_on_launch": false,
            "outpost_arn": "",
            "owner_id": "029319782524",
            "private_dns_hostname_type_on_launch": "ip-name",
            "tags": {
              "Name": "staging-private-subnet"
            },
            "tags_all": {
              "Name": "staging-private-subnet"
            },
            "timeouts": null,
            "vpc_id": "vpc-0778adb88b0cb768e"
          },
          "sensitive_attributes": [],
          "private": "eyJlMmJmYjczMC1lY2FhLTExZTYtOGY4OC0zNDM2M2JjN2M0YzAiOnsiY3JlYXRlIjo2MDAwMDAwMDAwMDAsImRlbGV0ZSI6MTIwMDAwMDAwMDAwMH0sInNjaGVtYV92ZXJzaW9uIjoiMSJ9",
          "dependencies": [
            "module.blockchain-client-staging.aws_vpc.default",
            "module.blockchain-client-staging.data.aws_availability_zones.available_zones"
          ]
        },
        {
          "index_key": 1,
          "schema_version": 1,
          "attributes": {
            "arn": "arn:aws:ec2:ap-southeast-1:029319782524:subnet/subnet-0a9f90c956deb8b83",
            "assign_ipv6_address_on_creation": false,
            "availability_zone": "ap-southeast-1b",
            "availability_zone_id": "apse1-az2",
            "cidr_block": "10.32.1.0/24",
            "customer_owned_ipv4_pool": "",
            "enable_dns64": false,
            "enable_lni_at_device_index": 0,
            "enable_resource_name_dns_a_record_on_launch": false,
            "enable_resource_name_dns_aaaa_record_on_launch": false,
            "id": "subnet-0a9f90c956deb8b83",
            "ipv6_cidr_block": "",
            "ipv6_cidr_block_association_id": "",
            "ipv6_native": false,
            "map_customer_owned_ip_on_launch": false,
            "map_public_ip_on_launch": false,
            "outpost_arn": "",
            "owner_id": "029319782524",
            "private_dns_hostname_type_on_launch": "ip-name",
            "tags": {
              "Name": "staging-private-subnet"
            },
            "tags_all": {
              "Name": "staging-private-subnet"
            },
            "timeouts": null,
            "vpc_id": "vpc-0778adb88b0cb768e"
          },
          "sensitive_attributes": [],
          "private": "eyJlMmJmYjczMC1lY2FhLTExZTYtOGY4OC0zNDM2M2JjN2M0YzAiOnsiY3JlYXRlIjo2MDAwMDAwMDAwMDAsImRlbGV0ZSI6MTIwMDAwMDAwMDAwMH0sInNjaGVtYV92ZXJzaW9uIjoiMSJ9",
          "dependencies": [
            "module.blockchain-client-staging.aws_vpc.default",
            "module.blockchain-client-staging.data.aws_availability_zones.available_zones"
          ]
        }
      ]
    },
    {
      "module": "module.blockchain-client-staging",
      "mode": "managed",
      "type": "aws_subnet",
      "name": "public",
      "provider": "provider[\"registry.terraform.io/hashicorp/aws\"]",
      "instances": [
        {
          "index_key": 0,
          "schema_version": 1,
          "attributes": {
            "arn": "arn:aws:ec2:ap-southeast-1:029319782524:subnet/subnet-0a6759dacf6cb85f1",
            "assign_ipv6_address_on_creation": false,
            "availability_zone": "ap-southeast-1a",
            "availability_zone_id": "apse1-az1",
            "cidr_block": "10.32.2.0/24",
            "customer_owned_ipv4_pool": "",
            "enable_dns64": false,
            "enable_lni_at_device_index": 0,
            "enable_resource_name_dns_a_record_on_launch": false,
            "enable_resource_name_dns_aaaa_record_on_launch": false,
            "id": "subnet-0a6759dacf6cb85f1",
            "ipv6_cidr_block": "",
            "ipv6_cidr_block_association_id": "",
            "ipv6_native": false,
            "map_customer_owned_ip_on_launch": false,
            "map_public_ip_on_launch": true,
            "outpost_arn": "",
            "owner_id": "029319782524",
            "private_dns_hostname_type_on_launch": "ip-name",
            "tags": {
              "Name": "staging-public-subnet"
            },
            "tags_all": {
              "Name": "staging-public-subnet"
            },
            "timeouts": null,
            "vpc_id": "vpc-0778adb88b0cb768e"
          },
          "sensitive_attributes": [],
          "private": "eyJlMmJmYjczMC1lY2FhLTExZTYtOGY4OC0zNDM2M2JjN2M0YzAiOnsiY3JlYXRlIjo2MDAwMDAwMDAwMDAsImRlbGV0ZSI6MTIwMDAwMDAwMDAwMH0sInNjaGVtYV92ZXJzaW9uIjoiMSJ9",
          "dependencies": [
            "module.blockchain-client-staging.aws_vpc.default",
            "module.blockchain-client-staging.data.aws_availability_zones.available_zones"
          ]
        },
        {
          "index_key": 1,
          "schema_version": 1,
          "attributes": {
            "arn": "arn:aws:ec2:ap-southeast-1:029319782524:subnet/subnet-00a05a5c5c1787944",
            "assign_ipv6_address_on_creation": false,
            "availability_zone": "ap-southeast-1b",
            "availability_zone_id": "apse1-az2",
            "cidr_block": "10.32.3.0/24",
            "customer_owned_ipv4_pool": "",
            "enable_dns64": false,
            "enable_lni_at_device_index": 0,
            "enable_resource_name_dns_a_record_on_launch": false,
            "enable_resource_name_dns_aaaa_record_on_launch": false,
            "id": "subnet-00a05a5c5c1787944",
            "ipv6_cidr_block": "",
            "ipv6_cidr_block_association_id": "",
            "ipv6_native": false,
            "map_customer_owned_ip_on_launch": false,
            "map_public_ip_on_launch": true,
            "outpost_arn": "",
            "owner_id": "029319782524",
            "private_dns_hostname_type_on_launch": "ip-name",
            "tags": {
              "Name": "staging-public-subnet"
            },
            "tags_all": {
              "Name": "staging-public-subnet"
            },
            "timeouts": null,
            "vpc_id": "vpc-0778adb88b0cb768e"
          },
          "sensitive_attributes": [],
          "private": "eyJlMmJmYjczMC1lY2FhLTExZTYtOGY4OC0zNDM2M2JjN2M0YzAiOnsiY3JlYXRlIjo2MDAwMDAwMDAwMDAsImRlbGV0ZSI6MTIwMDAwMDAwMDAwMH0sInNjaGVtYV92ZXJzaW9uIjoiMSJ9",
          "dependencies": [
            "module.blockchain-client-staging.aws_vpc.default",
            "module.blockchain-client-staging.data.aws_availability_zones.available_zones"
          ]
        }
      ]
    },
    {
      "module": "module.blockchain-client-staging",
      "mode": "managed",
      "type": "aws_vpc",
      "name": "default",
      "provider": "provider[\"registry.terraform.io/hashicorp/aws\"]",
      "instances": [
        {
          "schema_version": 1,
          "attributes": {
            "arn": "arn:aws:ec2:ap-southeast-1:029319782524:vpc/vpc-0778adb88b0cb768e",
            "assign_generated_ipv6_cidr_block": false,
            "cidr_block": "10.32.0.0/16",
            "default_network_acl_id": "acl-00098ba910a52883e",
            "default_route_table_id": "rtb-0e697c1d968bee77f",
            "default_security_group_id": "sg-03559e03af3631df4",
            "dhcp_options_id": "dopt-0275df4fb27fd81b2",
            "enable_classiclink": false,
            "enable_classiclink_dns_support": false,
            "enable_dns_hostnames": true,
            "enable_dns_support": true,
            "enable_network_address_usage_metrics": false,
            "id": "vpc-0778adb88b0cb768e",
            "instance_tenancy": "default",
            "ipv4_ipam_pool_id": null,
            "ipv4_netmask_length": null,
            "ipv6_association_id": "",
            "ipv6_cidr_block": "",
            "ipv6_cidr_block_network_border_group": "",
            "ipv6_ipam_pool_id": "",
            "ipv6_netmask_length": 0,
            "main_route_table_id": "rtb-0e697c1d968bee77f",
            "owner_id": "029319782524",
            "tags": {
              "Name": "staging-vpc-default"
            },
            "tags_all": {
              "Name": "staging-vpc-default"
            }
          },
          "sensitive_attributes": [],
          "private": "eyJzY2hlbWFfdmVyc2lvbiI6IjEifQ==",
          "create_before_destroy": true
        }
      ]
    },
    {
      "module": "module.blockchain-client-staging",
      "mode": "managed",
      "type": "random_string",
      "name": "secrets_manager",
      "provider": "provider[\"registry.terraform.io/hashicorp/random\"]",
      "instances": [
        {
          "schema_version": 2,
          "attributes": {
            "id": "wqfC",
            "keepers": null,
            "length": 4,
            "lower": true,
            "min_lower": 0,
            "min_numeric": 0,
            "min_special": 0,
            "min_upper": 0,
            "number": true,
            "numeric": true,
            "override_special": null,
            "result": "wqfC",
            "special": false,
            "upper": true
          },
          "sensitive_attributes": []
        }
      ]
    },
    {
      "module": "module.blockchain-client-staging",
      "mode": "managed",
      "type": "random_string",
      "name": "target_group",
      "provider": "provider[\"registry.terraform.io/hashicorp/random\"]",
      "instances": [
        {
          "schema_version": 2,
          "attributes": {
            "id": "urOi",
            "keepers": null,
            "length": 4,
            "lower": true,
            "min_lower": 0,
            "min_numeric": 0,
            "min_special": 0,
            "min_upper": 0,
            "number": true,
            "numeric": true,
            "override_special": null,
            "result": "urOi",
            "special": false,
            "upper": true
          },
          "sensitive_attributes": [],
          "create_before_destroy": true
        }
      ]
    }
  ],
  "check_results": []
}
