{
  "version": 4,
  "terraform_version": "1.3.2",
  "serial": 1106,
  "lineage": "c1e32bb0-3a04-1fcf-d257-0e835810da27",
  "outputs": {
    "dev_deploy_access_key_id": {
      "value": "AKIAQNU4YMB6FRQCJBEC",
      "type": "string"
    },
    "dev_deploy_user_arn": {
      "value": "arn:aws:iam::029319782524:user/system/dev-deploy",
      "type": "string"
    },
    "dev_deploy_user_id": {
      "value": "AIDAQNU4YMB6EZYJLMFVY",
      "type": "string"
    },
    "dev_iam_user_name": {
      "value": "dev-deploy",
      "type": "string"
    },
    "dev_load_balancer_ip": {
      "value": "dev-default-lb-1948135425.ap-southeast-1.elb.amazonaws.com",
      "type": "string"
    },
    "staging_deploy_access_key_id": {
      "value": "AKIAQNU4YMB6F44TGAYX",
      "type": "string"
    },
    "staging_deploy_user_arn": {
      "value": "arn:aws:iam::029319782524:user/system/staging-deploy",
      "type": "string"
    },
    "staging_deploy_user_id": {
      "value": "AIDAQNU4YMB6G7GJ6R4HP",
      "type": "string"
    },
    "staging_iam_user_name": {
      "value": "staging-deploy",
      "type": "string"
    },
    "staging_load_balancer_ip": {
      "value": "staging-default-lb-946880916.ap-southeast-1.elb.amazonaws.com",
      "type": "string"
    }
  },
  "resources": [
    {
      "module": "module.blockchain-client-dev",
      "mode": "data",
      "type": "aws_availability_zones",
      "name": "available_zones",
      "provider": "provider[\"registry.terraform.io/hashicorp/aws\"]",
      "instances": [
        {
          "schema_version": 0,
          "attributes": {
            "all_availability_zones": null,
            "exclude_names": null,
            "exclude_zone_ids": null,
            "filter": null,
            "group_names": [
              "ap-southeast-1"
            ],
            "id": "ap-southeast-1",
            "names": [
              "ap-southeast-1a",
              "ap-southeast-1b",
              "ap-southeast-1c"
            ],
            "state": "available",
            "timeouts": null,
            "zone_ids": [
              "apse1-az1",
              "apse1-az2",
              "apse1-az3"
            ]
          },
          "sensitive_attributes": []
        }
      ]
    },
    {
      "module": "module.blockchain-client-dev",
      "mode": "data",
      "type": "aws_iam_policy_document",
      "name": "ecs_tasks_execution_role",
      "provider": "provider[\"registry.terraform.io/hashicorp/aws\"]",
      "instances": [
        {
          "schema_version": 0,
          "attributes": {
            "id": "320642683",
            "json": "{\n  \"Version\": \"2012-10-17\",\n  \"Statement\": [\n    {\n      \"Sid\": \"\",\n      \"Effect\": \"Allow\",\n      \"Action\": \"sts:AssumeRole\",\n      \"Principal\": {\n        \"Service\": \"ecs-tasks.amazonaws.com\"\n      }\n    }\n  ]\n}",
            "override_json": null,
            "override_policy_documents": null,
            "policy_id": null,
            "source_json": null,
            "source_policy_documents": null,
            "statement": [
              {
                "actions": [
                  "sts:AssumeRole"
                ],
                "condition": [],
                "effect": "Allow",
                "not_actions": [],
                "not_principals": [],
                "not_resources": [],
                "principals": [
                  {
                    "identifiers": [
                      "ecs-tasks.amazonaws.com"
                    ],
                    "type": "Service"
                  }
                ],
                "resources": [],
                "sid": ""
              }
            ],
            "version": "2012-10-17"
          },
          "sensitive_attributes": []
        }
      ]
    },
    {
      "module": "module.blockchain-client-dev",
      "mode": "managed",
      "type": "aws_ecr_lifecycle_policy",
      "name": "bc_client_api",
      "provider": "provider[\"registry.terraform.io/hashicorp/aws\"]",
      "instances": [
        {
          "schema_version": 0,
          "attributes": {
            "id": "dev-bc-client-api",
            "policy": "{\"rules\":[{\"action\":{\"type\":\"expire\"},\"description\":\"Expire images older than 14 days\",\"rulePriority\":1,\"selection\":{\"countNumber\":14,\"countType\":\"sinceImagePushed\",\"countUnit\":\"days\",\"tagStatus\":\"untagged\"}}]}",
            "registry_id": "029319782524",
            "repository": "dev-bc-client-api"
          },
          "sensitive_attributes": [],
          "private": "bnVsbA==",
          "dependencies": [
            "module.blockchain-client-dev.aws_ecr_repository.bc_client_api"
          ]
        }
      ]
    },
    {
      "module": "module.blockchain-client-dev",
      "mode": "managed",
      "type": "aws_ecr_repository",
      "name": "bc_client_api",
      "provider": "provider[\"registry.terraform.io/hashicorp/aws\"]",
      "instances": [
        {
          "schema_version": 0,
          "attributes": {
            "arn": "arn:aws:ecr:ap-southeast-1:029319782524:repository/dev-bc-client-api",
            "encryption_configuration": [
              {
                "encryption_type": "AES256",
                "kms_key": ""
              }
            ],
            "force_delete": null,
            "id": "dev-bc-client-api",
            "image_scanning_configuration": [
              {
                "scan_on_push": true
              }
            ],
            "image_tag_mutability": "MUTABLE",
            "name": "dev-bc-client-api",
            "registry_id": "029319782524",
            "repository_url": "029319782524.dkr.ecr.ap-southeast-1.amazonaws.com/dev-bc-client-api",
            "tags": {},
            "tags_all": {},
            "timeouts": null
          },
          "sensitive_attributes": [],
          "private": "eyJlMmJmYjczMC1lY2FhLTExZTYtOGY4OC0zNDM2M2JjN2M0YzAiOnsiZGVsZXRlIjoxMjAwMDAwMDAwMDAwfX0="
        }
      ]
    },
    {
      "module": "module.blockchain-client-dev",
      "mode": "managed",
      "type": "aws_ecs_cluster",
      "name": "main",
      "provider": "provider[\"registry.terraform.io/hashicorp/aws\"]",
      "instances": [
        {
          "schema_version": 0,
          "attributes": {
            "arn": "arn:aws:ecs:ap-southeast-1:029319782524:cluster/dev-main-cluster",
            "capacity_providers": [],
            "configuration": [],
            "default_capacity_provider_strategy": [],
            "id": "arn:aws:ecs:ap-southeast-1:029319782524:cluster/dev-main-cluster",
            "name": "dev-main-cluster",
            "service_connect_defaults": [],
            "setting": [
              {
                "name": "containerInsights",
                "value": "disabled"
              }
            ],
            "tags": {
              "Name": "dev-cluster-main"
            },
            "tags_all": {
              "Name": "dev-cluster-main"
            }
          },
          "sensitive_attributes": [],
          "private": "bnVsbA=="
        }
      ]
    },
    {
      "module": "module.blockchain-client-dev",
      "mode": "managed",
      "type": "aws_ecs_service",
      "name": "bc_client_api",
      "provider": "provider[\"registry.terraform.io/hashicorp/aws\"]",
      "instances": [
        {
          "schema_version": 0,
          "attributes": {
            "alarms": [],
            "capacity_provider_strategy": [],
            "cluster": "arn:aws:ecs:ap-southeast-1:029319782524:cluster/dev-main-cluster",
            "deployment_circuit_breaker": [
              {
                "enable": false,
                "rollback": false
              }
            ],
            "deployment_controller": [
              {
                "type": "ECS"
              }
            ],
            "deployment_maximum_percent": 200,
            "deployment_minimum_healthy_percent": 100,
            "desired_count": 1,
            "enable_ecs_managed_tags": false,
            "enable_execute_command": false,
            "force_new_deployment": null,
            "health_check_grace_period_seconds": 0,
            "iam_role": "/aws-service-role/ecs.amazonaws.com/AWSServiceRoleForECS",
            "id": "arn:aws:ecs:ap-southeast-1:029319782524:service/dev-main-cluster/dev-bc-client-api-service",
            "launch_type": "FARGATE",
            "load_balancer": [
              {
                "container_name": "dev-bc-client-api",
                "container_port": 3000,
                "elb_name": "",
                "target_group_arn": "arn:aws:elasticloadbalancing:ap-southeast-1:029319782524:targetgroup/dev-bc-client-api-tg/b1843154f1614d4e"
              }
            ],
            "name": "dev-bc-client-api-service",
            "network_configuration": [
              {
                "assign_public_ip": false,
                "security_groups": [
                  "sg-0cb97da25aed39b8d"
                ],
                "subnets": [
                  "subnet-0506ea43e60ccb288",
                  "subnet-094b4f2e7574f8e5f"
                ]
              }
            ],
            "ordered_placement_strategy": [],
            "placement_constraints": [],
            "platform_version": "LATEST",
            "propagate_tags": "NONE",
            "scheduling_strategy": "REPLICA",
            "service_connect_configuration": [],
            "service_registries": [],
            "tags": {},
            "tags_all": {},
            "task_definition": "arn:aws:ecs:ap-southeast-1:029319782524:task-definition/dev-bc-client-api:3",
            "timeouts": null,
            "triggers": {},
            "wait_for_steady_state": false
          },
          "sensitive_attributes": [],
          "private": "eyJlMmJmYjczMC1lY2FhLTExZTYtOGY4OC0zNDM2M2JjN2M0YzAiOnsiY3JlYXRlIjoxMjAwMDAwMDAwMDAwLCJkZWxldGUiOjEyMDAwMDAwMDAwMDAsInVwZGF0ZSI6MTIwMDAwMDAwMDAwMH19",
          "dependencies": [
            "module.blockchain-client-dev.aws_ecs_cluster.main",
            "module.blockchain-client-dev.aws_ecs_task_definition.bc_client_api",
            "module.blockchain-client-dev.aws_iam_role.ecs_tasks_execution_role",
            "module.blockchain-client-dev.aws_iam_role_policy_attachment.ecs_tasks_execution_role",
            "module.blockchain-client-dev.aws_iam_user.deploy",
            "module.blockchain-client-dev.aws_lb.default",
            "module.blockchain-client-dev.aws_lb_listener.bc_client_api",
            "module.blockchain-client-dev.aws_lb_target_group.bc_client_api",
            "module.blockchain-client-dev.aws_security_group.bc_client_api_task",
            "module.blockchain-client-dev.aws_security_group.lb",
            "module.blockchain-client-dev.aws_subnet.private",
            "module.blockchain-client-dev.aws_subnet.public",
            "module.blockchain-client-dev.aws_vpc.default",
            "module.blockchain-client-dev.data.aws_availability_zones.available_zones",
            "module.blockchain-client-dev.data.aws_iam_policy_document.ecs_tasks_execution_role"
          ]
        }
      ]
    },
    {
      "module": "module.blockchain-client-dev",
      "mode": "managed",
      "type": "aws_ecs_task_definition",
      "name": "bc_client_api",
      "provider": "provider[\"registry.terraform.io/hashicorp/aws\"]",
      "instances": [
        {
          "schema_version": 1,
          "attributes": {
            "arn": "arn:aws:ecs:ap-southeast-1:029319782524:task-definition/dev-bc-client-api:3",
            "arn_without_revision": "arn:aws:ecs:ap-southeast-1:029319782524:task-definition/dev-bc-client-api",
            "container_definitions": "[{\"cpu\":1024,\"environment\":[],\"essential\":true,\"image\":\"dev-deploy.dkr.ecr.ap-southeast-1.amazonaws.com/dev-bc-client-api:latest\",\"logConfiguration\":{\"logDriver\":\"awslogs\",\"options\":{\"awslogs-create-group\":\"true\",\"awslogs-group\":\"dev-bc-client-api-container\",\"awslogs-region\":\"ap-southeast-1\",\"awslogs-stream-prefix\":\"dev-bc-client-api\"}},\"memory\":2048,\"mountPoints\":[],\"name\":\"dev-bc-client-api\",\"portMappings\":[{\"containerPort\":3000,\"hostPort\":3000,\"protocol\":\"tcp\"}],\"volumesFrom\":[]}]",
            "cpu": "1024",
            "ephemeral_storage": [],
            "execution_role_arn": "arn:aws:iam::029319782524:role/dev-ecs-task-execution-role",
            "family": "dev-bc-client-api",
            "id": "dev-bc-client-api",
            "inference_accelerator": [],
            "ipc_mode": "",
            "memory": "2048",
            "network_mode": "awsvpc",
            "pid_mode": "",
            "placement_constraints": [],
            "proxy_configuration": [],
            "requires_compatibilities": [
              "FARGATE"
            ],
            "revision": 3,
            "runtime_platform": [],
            "skip_destroy": false,
            "tags": null,
            "tags_all": {},
            "task_role_arn": "",
            "volume": []
          },
          "sensitive_attributes": [],
          "private": "eyJzY2hlbWFfdmVyc2lvbiI6IjEifQ==",
          "dependencies": [
            "module.blockchain-client-dev.aws_iam_role.ecs_tasks_execution_role",
            "module.blockchain-client-dev.aws_iam_user.deploy",
            "module.blockchain-client-dev.data.aws_iam_policy_document.ecs_tasks_execution_role"
          ]
        }
      ]
    },
    {
      "module": "module.blockchain-client-dev",
      "mode": "managed",
      "type": "aws_eip",
      "name": "gateway",
      "provider": "provider[\"registry.terraform.io/hashicorp/aws\"]",
      "instances": [
        {
          "index_key": 0,
          "schema_version": 0,
          "attributes": {
            "address": null,
            "allocation_id": "eipalloc-01ca6aeec4046e953",
            "associate_with_private_ip": null,
            "association_id": "eipassoc-07a9aed4892dd06a4",
            "carrier_ip": "",
            "customer_owned_ip": "",
            "customer_owned_ipv4_pool": "",
            "domain": "vpc",
            "id": "eipalloc-01ca6aeec4046e953",
            "instance": "",
            "network_border_group": "ap-southeast-1",
            "network_interface": "eni-051e5a2efc2e7d624",
            "private_dns": "ip-10-32-2-15.ap-southeast-1.compute.internal",
            "private_ip": "10.32.2.15",
            "public_dns": "ec2-54-251-200-55.ap-southeast-1.compute.amazonaws.com",
            "public_ip": "54.251.200.55",
            "public_ipv4_pool": "amazon",
            "tags": {
              "Name": "dev-eip"
            },
            "tags_all": {
              "Name": "dev-eip"
            },
            "timeouts": null,
            "vpc": true
          },
          "sensitive_attributes": [],
          "private": "eyJlMmJmYjczMC1lY2FhLTExZTYtOGY4OC0zNDM2M2JjN2M0YzAiOnsiZGVsZXRlIjoxODAwMDAwMDAwMDAsInJlYWQiOjkwMDAwMDAwMDAwMCwidXBkYXRlIjozMDAwMDAwMDAwMDB9fQ==",
          "dependencies": [
            "module.blockchain-client-dev.aws_internet_gateway.gateway",
            "module.blockchain-client-dev.aws_vpc.default"
          ]
        },
        {
          "index_key": 1,
          "schema_version": 0,
          "attributes": {
            "address": null,
            "allocation_id": "eipalloc-04d7b2f90f23d391d",
            "associate_with_private_ip": null,
            "association_id": "eipassoc-0e5b8582d1b14795e",
            "carrier_ip": "",
            "customer_owned_ip": "",
            "customer_owned_ipv4_pool": "",
            "domain": "vpc",
            "id": "eipalloc-04d7b2f90f23d391d",
            "instance": "",
            "network_border_group": "ap-southeast-1",
            "network_interface": "eni-0cc5e1aa850691eac",
            "private_dns": "ip-10-32-3-232.ap-southeast-1.compute.internal",
            "private_ip": "10.32.3.232",
            "public_dns": "ec2-18-142-52-139.ap-southeast-1.compute.amazonaws.com",
            "public_ip": "18.142.52.139",
            "public_ipv4_pool": "amazon",
            "tags": {
              "Name": "dev-eip"
            },
            "tags_all": {
              "Name": "dev-eip"
            },
            "timeouts": null,
            "vpc": true
          },
          "sensitive_attributes": [],
          "private": "eyJlMmJmYjczMC1lY2FhLTExZTYtOGY4OC0zNDM2M2JjN2M0YzAiOnsiZGVsZXRlIjoxODAwMDAwMDAwMDAsInJlYWQiOjkwMDAwMDAwMDAwMCwidXBkYXRlIjozMDAwMDAwMDAwMDB9fQ==",
          "dependencies": [
            "module.blockchain-client-dev.aws_internet_gateway.gateway",
            "module.blockchain-client-dev.aws_vpc.default"
          ]
        }
      ]
    },
    {
      "module": "module.blockchain-client-dev",
      "mode": "managed",
      "type": "aws_iam_access_key",
      "name": "deploy",
      "provider": "provider[\"registry.terraform.io/hashicorp/aws\"]",
      "instances": [
        {
          "schema_version": 0,
          "attributes": {
            "create_date": "2023-04-27T06:26:24Z",
            "encrypted_secret": null,
            "encrypted_ses_smtp_password_v4": null,
            "id": "AKIAQNU4YMB6FRQCJBEC",
            "key_fingerprint": null,
            "pgp_key": null,
            "secret": "PSoVOUHadQevNvKxMH6GMlKWMZ1bu44SagjkyBA8",
            "ses_smtp_password_v4": "BGBXw4IaEK/mRnr0VLU4M6zgQzsEITx8T4pGg7TEvikf",
            "status": "Active",
            "user": "dev-deploy"
          },
          "sensitive_attributes": [],
          "private": "bnVsbA==",
          "dependencies": [
            "module.blockchain-client-dev.aws_iam_user.deploy"
          ]
        }
      ]
    },
    {
      "module": "module.blockchain-client-dev",
      "mode": "managed",
      "type": "aws_iam_group",
      "name": "deploy",
      "provider": "provider[\"registry.terraform.io/hashicorp/aws\"]",
      "instances": [
        {
          "schema_version": 0,
          "attributes": {
            "arn": "arn:aws:iam::029319782524:group/dev-deploy-group",
            "id": "dev-deploy-group",
            "name": "dev-deploy-group",
            "path": "/",
            "unique_id": "AGPAQNU4YMB6EWL6G72I2"
          },
          "sensitive_attributes": [],
          "private": "bnVsbA=="
        }
      ]
    },
    {
      "module": "module.blockchain-client-dev",
      "mode": "managed",
      "type": "aws_iam_group_membership",
      "name": "deploy",
      "provider": "provider[\"registry.terraform.io/hashicorp/aws\"]",
      "instances": [
        {
          "schema_version": 0,
          "attributes": {
            "group": "dev-deploy-group",
            "id": "dev-group-membership-deploy",
            "name": "dev-group-membership-deploy",
            "users": [
              "dev-deploy"
            ]
          },
          "sensitive_attributes": [],
          "private": "bnVsbA==",
          "dependencies": [
            "module.blockchain-client-dev.aws_iam_group.deploy",
            "module.blockchain-client-dev.aws_iam_user.deploy"
          ]
        }
      ]
    },
    {
      "module": "module.blockchain-client-dev",
      "mode": "managed",
      "type": "aws_iam_policy",
      "name": "deploy_policy",
      "provider": "provider[\"registry.terraform.io/hashicorp/aws\"]",
      "instances": [
        {
          "schema_version": 0,
          "attributes": {
            "arn": "arn:aws:iam::029319782524:policy/dev-deploy-policy",
            "description": "A deploy policy",
            "id": "arn:aws:iam::029319782524:policy/dev-deploy-policy",
            "name": "dev-deploy-policy",
            "name_prefix": "",
            "path": "/",
            "policy": "{\"Statement\":[{\"Action\":[\"imagebuilder:GetComponent\",\"imagebuilder:GetContainerRecipe\",\"logs:CreateLogGroup\",\"iam:PassRole\",\"ecs:DescribeServices\",\"ecs:RegisterTaskDefinition\",\"ecs:UpdateService\",\"ecr:GetAuthorizationToken\",\"ecr:BatchGetImage\",\"ecr:InitiateLayerUpload\",\"ecr:UploadLayerPart\",\"ecr:CompleteLayerUpload\",\"ecr:BatchCheckLayerAvailability\",\"ecr:GetDownloadUrlForLayer\",\"ecr:PutImage\"],\"Effect\":\"Allow\",\"Resource\":\"*\"},{\"Action\":[\"kms:Decrypt\"],\"Condition\":{\"ForAnyValue:StringEquals\":{\"aws:CalledVia\":[\"imagebuilder.amazonaws.com\"],\"kms:EncryptionContextKeys\":\"aws:imagebuilder:arn\"}},\"Effect\":\"Allow\",\"Resource\":\"*\"},{\"Action\":[\"s3:GetObject\"],\"Effect\":\"Allow\",\"Resource\":\"arn:aws:s3:::ec2imagebuilder*\"},{\"Action\":[\"logs:CreateLogStream\",\"logs:CreateLogGroup\",\"logs:PutLogEvents\"],\"Effect\":\"Allow\",\"Resource\":\"arn:aws:logs:*:*:log-group:/aws/imagebuilder/*\"}],\"Version\":\"2012-10-17\"}",
            "policy_id": "ANPAQNU4YMB6HCHP24M7S",
            "tags": {
              "Name": "dev-iam-policy-deploy"
            },
            "tags_all": {
              "Name": "dev-iam-policy-deploy"
            }
          },
          "sensitive_attributes": [],
          "private": "bnVsbA=="
        }
      ]
    },
    {
      "module": "module.blockchain-client-dev",
      "mode": "managed",
      "type": "aws_iam_policy_attachment",
      "name": "deploy_policy_attachment",
      "provider": "provider[\"registry.terraform.io/hashicorp/aws\"]",
      "instances": [
        {
          "schema_version": 0,
          "attributes": {
            "groups": [
              "dev-deploy-group"
            ],
            "id": "dev-deploy-policy-attachment",
            "name": "dev-deploy-policy-attachment",
            "policy_arn": "arn:aws:iam::029319782524:policy/dev-deploy-policy",
            "roles": [],
            "users": []
          },
          "sensitive_attributes": [],
          "private": "bnVsbA==",
          "dependencies": [
            "module.blockchain-client-dev.aws_iam_group.deploy",
            "module.blockchain-client-dev.aws_iam_policy.deploy_policy"
          ]
        }
      ]
    },
    {
      "module": "module.blockchain-client-dev",
      "mode": "managed",
      "type": "aws_iam_role",
      "name": "ecs_tasks_execution_role",
      "provider": "provider[\"registry.terraform.io/hashicorp/aws\"]",
      "instances": [
        {
          "schema_version": 0,
          "attributes": {
            "arn": "arn:aws:iam::029319782524:role/dev-ecs-task-execution-role",
            "assume_role_policy": "{\"Statement\":[{\"Action\":\"sts:AssumeRole\",\"Effect\":\"Allow\",\"Principal\":{\"Service\":\"ecs-tasks.amazonaws.com\"},\"Sid\":\"\"}],\"Version\":\"2012-10-17\"}",
            "create_date": "2023-04-27T06:26:23Z",
            "description": "",
            "force_detach_policies": false,
            "id": "dev-ecs-task-execution-role",
            "inline_policy": [],
            "managed_policy_arns": [
              "arn:aws:iam::aws:policy/service-role/AmazonECSTaskExecutionRolePolicy"
            ],
            "max_session_duration": 3600,
            "name": "dev-ecs-task-execution-role",
            "name_prefix": "",
            "path": "/",
            "permissions_boundary": null,
            "role_last_used": [
              {
                "last_used_date": "2023-04-27T08:43:06Z",
                "region": "ap-southeast-1"
              }
            ],
            "tags": {},
            "tags_all": {},
            "unique_id": "AROAQNU4YMB6IW3VG2J6T"
          },
          "sensitive_attributes": [],
          "private": "bnVsbA==",
          "dependencies": [
            "module.blockchain-client-dev.data.aws_iam_policy_document.ecs_tasks_execution_role"
          ]
        }
      ]
    },
    {
      "module": "module.blockchain-client-dev",
      "mode": "managed",
      "type": "aws_iam_role_policy_attachment",
      "name": "ecs_tasks_execution_role",
      "provider": "provider[\"registry.terraform.io/hashicorp/aws\"]",
      "instances": [
        {
          "schema_version": 0,
          "attributes": {
            "id": "dev-ecs-task-execution-role-20230427062624581900000001",
            "policy_arn": "arn:aws:iam::aws:policy/service-role/AmazonECSTaskExecutionRolePolicy",
            "role": "dev-ecs-task-execution-role"
          },
          "sensitive_attributes": [],
          "private": "bnVsbA==",
          "dependencies": [
            "module.blockchain-client-dev.aws_iam_role.ecs_tasks_execution_role",
            "module.blockchain-client-dev.data.aws_iam_policy_document.ecs_tasks_execution_role"
          ]
        }
      ]
    },
    {
      "module": "module.blockchain-client-dev",
      "mode": "managed",
      "type": "aws_iam_user",
      "name": "deploy",
      "provider": "provider[\"registry.terraform.io/hashicorp/aws\"]",
      "instances": [
        {
          "schema_version": 0,
          "attributes": {
            "arn": "arn:aws:iam::029319782524:user/system/dev-deploy",
            "force_destroy": false,
            "id": "dev-deploy",
            "name": "dev-deploy",
            "path": "/system/",
            "permissions_boundary": null,
            "tags": {},
            "tags_all": {},
            "unique_id": "AIDAQNU4YMB6EZYJLMFVY"
          },
          "sensitive_attributes": [],
          "private": "bnVsbA=="
        }
      ]
    },
    {
      "module": "module.blockchain-client-dev",
      "mode": "managed",
      "type": "aws_iam_user_login_profile",
      "name": "deploy",
      "provider": "provider[\"registry.terraform.io/hashicorp/aws\"]",
      "instances": [
        {
          "schema_version": 0,
          "attributes": {
            "encrypted_password": "wcFMA/R5B5rbV9ttARAAhGymnA6+9HU/BEcO9Vyhv2Gb7hYjCrHLz/0HC3TvpMKYfioZe6wRkC8fG6aJZUSVm88DZtAStqnmvc8WFKgCDrU60XdduMdGM6tv6MLlVdhOGCwVsSyT8ImxULRarbl4hLk82xxIRK28NFjRoxdUa8XPjt48+aqJ6CzJXlE8lT1+X+ob1o/BKZHorI00hfaquwpIR+K/EJo5Wp1UA/5UfIIlIowIkt4w9eQvvVEK9k6xq7u3369nRN1jN6CllwyElhuvjR1tpLEqeFLUGtY5abwAIFGa+2Q593lmeqyoyqr3tK9x1jUrLuRsXnzG81BV/KiPU5GaKKoAGPlByDgCvVJFJ20jQANfXPQzY9NNloUadVjFGCynBlcwChbE4u3qPUQ0HDJnDYCgj6N2WZkDZqjRMATpYCPY3eF3NHTSeaYxXGlQy45SkWilOsi2Lf74mXJCaDGZuVAy9AoaTi4ErJm8xPxp77+BY7Rl2L1vyzYSLiGr/I0UeZBtRBsqdFgdiMmAS/Oi5VpD4ZQbUUkLYSPv3l9PfL5yRtaBBdm3swmQg09UtZh7NChm47ASHjs0X0spgaCDuGyp56aqQ4Fcx0lWFQlbifzqwfXVMyXzOCD/oyLnnwnqmIy9tY9KybIkBusDk7rBbfJUpXva1PGFv+qucS2s7lZDLuYRXdzeD1TSRQHUtZnoMnLY9qbYxwfNd85F5l7YRJl6oYvIOaPPclpzfVoYQI0F3YkS+0aC3dmE0TingzDC2ZGgrHoRktjZqyFDoX9JIw==",
            "id": "dev-deploy",
            "key_fingerprint": "18e552060536b942f900908c34d44a777192c1aa",
            "password": null,
            "password_length": 20,
            "password_reset_required": true,
            "pgp_key": "keybase:terraform_user",
            "user": "dev-deploy"
          },
          "sensitive_attributes": [],
          "private": "bnVsbA==",
          "dependencies": [
            "module.blockchain-client-dev.aws_iam_user.deploy"
          ]
        }
      ]
    },
    {
      "module": "module.blockchain-client-dev",
      "mode": "managed",
      "type": "aws_internet_gateway",
      "name": "gateway",
      "provider": "provider[\"registry.terraform.io/hashicorp/aws\"]",
      "instances": [
        {
          "schema_version": 0,
          "attributes": {
            "arn": "arn:aws:ec2:ap-southeast-1:029319782524:internet-gateway/igw-02d0eca1183628087",
            "id": "igw-02d0eca1183628087",
            "owner_id": "029319782524",
            "tags": {
              "Name": "dev-igw"
            },
            "tags_all": {
              "Name": "dev-igw"
            },
            "timeouts": null,
            "vpc_id": "vpc-078460c4c7ff9bcd4"
          },
          "sensitive_attributes": [],
          "private": "eyJlMmJmYjczMC1lY2FhLTExZTYtOGY4OC0zNDM2M2JjN2M0YzAiOnsiY3JlYXRlIjoxMjAwMDAwMDAwMDAwLCJkZWxldGUiOjEyMDAwMDAwMDAwMDAsInVwZGF0ZSI6MTIwMDAwMDAwMDAwMH19",
          "dependencies": [
            "module.blockchain-client-dev.aws_vpc.default"
          ]
        }
      ]
    },
    {
      "module": "module.blockchain-client-dev",
      "mode": "managed",
      "type": "aws_lb",
      "name": "default",
      "provider": "provider[\"registry.terraform.io/hashicorp/aws\"]",
      "instances": [
        {
          "schema_version": 0,
          "attributes": {
            "access_logs": [
              {
                "bucket": "",
                "enabled": false,
                "prefix": ""
              }
            ],
            "arn": "arn:aws:elasticloadbalancing:ap-southeast-1:029319782524:loadbalancer/app/dev-default-lb/d56fce1cbdd16189",
            "arn_suffix": "app/dev-default-lb/d56fce1cbdd16189",
            "customer_owned_ipv4_pool": "",
            "desync_mitigation_mode": "defensive",
            "dns_name": "dev-default-lb-1948135425.ap-southeast-1.elb.amazonaws.com",
            "drop_invalid_header_fields": false,
            "enable_cross_zone_load_balancing": true,
            "enable_deletion_protection": false,
            "enable_http2": true,
            "enable_tls_version_and_cipher_suite_headers": false,
            "enable_waf_fail_open": false,
            "enable_xff_client_port": false,
            "id": "arn:aws:elasticloadbalancing:ap-southeast-1:029319782524:loadbalancer/app/dev-default-lb/d56fce1cbdd16189",
            "idle_timeout": 60,
            "internal": false,
            "ip_address_type": "ipv4",
            "load_balancer_type": "application",
            "name": "dev-default-lb",
            "name_prefix": null,
            "preserve_host_header": false,
            "security_groups": [
              "sg-0669b05daa6417ac6"
            ],
            "subnet_mapping": [
              {
                "allocation_id": "",
                "ipv6_address": "",
                "outpost_id": "",
                "private_ipv4_address": "",
                "subnet_id": "subnet-0cb5e7d334f8d336d"
              },
              {
                "allocation_id": "",
                "ipv6_address": "",
                "outpost_id": "",
                "private_ipv4_address": "",
                "subnet_id": "subnet-0faffced2a20c2ef0"
              }
            ],
            "subnets": [
              "subnet-0cb5e7d334f8d336d",
              "subnet-0faffced2a20c2ef0"
            ],
            "tags": {
              "Name": "dev-lb-default"
            },
            "tags_all": {
              "Name": "dev-lb-default"
            },
            "timeouts": null,
            "vpc_id": "vpc-078460c4c7ff9bcd4",
            "xff_header_processing_mode": "append",
            "zone_id": "Z1LMS91P8CMLE5"
          },
          "sensitive_attributes": [],
          "private": "eyJlMmJmYjczMC1lY2FhLTExZTYtOGY4OC0zNDM2M2JjN2M0YzAiOnsiY3JlYXRlIjo2MDAwMDAwMDAwMDAsImRlbGV0ZSI6NjAwMDAwMDAwMDAwLCJ1cGRhdGUiOjYwMDAwMDAwMDAwMH19",
          "dependencies": [
            "module.blockchain-client-dev.aws_security_group.lb",
            "module.blockchain-client-dev.aws_subnet.public",
            "module.blockchain-client-dev.aws_vpc.default",
            "module.blockchain-client-dev.data.aws_availability_zones.available_zones"
          ]
        }
      ]
    },
    {
      "module": "module.blockchain-client-dev",
      "mode": "managed",
      "type": "aws_lb_listener",
      "name": "bc_client_api",
      "provider": "provider[\"registry.terraform.io/hashicorp/aws\"]",
      "instances": [
        {
          "schema_version": 0,
          "attributes": {
            "alpn_policy": null,
            "arn": "arn:aws:elasticloadbalancing:ap-southeast-1:029319782524:listener/app/dev-default-lb/d56fce1cbdd16189/9ffc9d64a8dd855b",
            "certificate_arn": null,
            "default_action": [
              {
                "authenticate_cognito": [],
                "authenticate_oidc": [],
                "fixed_response": [],
                "forward": [],
                "order": 1,
                "redirect": [],
                "target_group_arn": "arn:aws:elasticloadbalancing:ap-southeast-1:029319782524:targetgroup/dev-bc-client-api-tg/b1843154f1614d4e",
                "type": "forward"
              }
            ],
            "id": "arn:aws:elasticloadbalancing:ap-southeast-1:029319782524:listener/app/dev-default-lb/d56fce1cbdd16189/9ffc9d64a8dd855b",
            "load_balancer_arn": "arn:aws:elasticloadbalancing:ap-southeast-1:029319782524:loadbalancer/app/dev-default-lb/d56fce1cbdd16189",
            "port": 3000,
            "protocol": "HTTP",
            "ssl_policy": "",
            "tags": {},
            "tags_all": {},
            "timeouts": null
          },
          "sensitive_attributes": [],
          "private": "eyJlMmJmYjczMC1lY2FhLTExZTYtOGY4OC0zNDM2M2JjN2M0YzAiOnsicmVhZCI6NjAwMDAwMDAwMDAwfX0=",
          "dependencies": [
            "module.blockchain-client-dev.aws_lb.default",
            "module.blockchain-client-dev.aws_lb_target_group.bc_client_api",
            "module.blockchain-client-dev.aws_security_group.lb",
            "module.blockchain-client-dev.aws_subnet.public",
            "module.blockchain-client-dev.aws_vpc.default",
            "module.blockchain-client-dev.data.aws_availability_zones.available_zones"
          ]
        }
      ]
    },
    {
      "module": "module.blockchain-client-dev",
      "mode": "managed",
      "type": "aws_lb_target_group",
      "name": "bc_client_api",
      "provider": "provider[\"registry.terraform.io/hashicorp/aws\"]",
      "instances": [
        {
          "schema_version": 0,
          "attributes": {
            "arn": "arn:aws:elasticloadbalancing:ap-southeast-1:029319782524:targetgroup/dev-bc-client-api-tg/b1843154f1614d4e",
            "arn_suffix": "targetgroup/dev-bc-client-api-tg/b1843154f1614d4e",
            "connection_termination": false,
            "deregistration_delay": "300",
            "health_check": [
              {
                "enabled": true,
                "healthy_threshold": 5,
                "interval": 30,
                "matcher": "200",
                "path": "/",
                "port": "traffic-port",
                "protocol": "HTTP",
                "timeout": 5,
                "unhealthy_threshold": 2
              }
            ],
            "id": "arn:aws:elasticloadbalancing:ap-southeast-1:029319782524:targetgroup/dev-bc-client-api-tg/b1843154f1614d4e",
            "ip_address_type": "ipv4",
            "lambda_multi_value_headers_enabled": false,
            "load_balancing_algorithm_type": "round_robin",
            "load_balancing_cross_zone_enabled": "use_load_balancer_configuration",
            "name": "dev-bc-client-api-tg",
            "name_prefix": null,
            "port": 3000,
            "preserve_client_ip": null,
            "protocol": "HTTP",
            "protocol_version": "HTTP1",
            "proxy_protocol_v2": false,
            "slow_start": 0,
            "stickiness": [
              {
                "cookie_duration": 86400,
                "cookie_name": "",
                "enabled": false,
                "type": "lb_cookie"
              }
            ],
            "tags": {},
            "tags_all": {},
            "target_failover": [
              {
                "on_deregistration": null,
                "on_unhealthy": null
              }
            ],
            "target_type": "ip",
            "vpc_id": "vpc-078460c4c7ff9bcd4"
          },
          "sensitive_attributes": [],
          "private": "bnVsbA==",
          "dependencies": [
            "module.blockchain-client-dev.aws_vpc.default"
          ]
        }
      ]
    },
    {
      "module": "module.blockchain-client-dev",
      "mode": "managed",
      "type": "aws_nat_gateway",
      "name": "gateway",
      "provider": "provider[\"registry.terraform.io/hashicorp/aws\"]",
      "instances": [
        {
          "index_key": 0,
          "schema_version": 0,
          "attributes": {
            "allocation_id": "eipalloc-01ca6aeec4046e953",
            "association_id": "eipassoc-07a9aed4892dd06a4",
            "connectivity_type": "public",
            "id": "nat-0c0304cdd9d58a015",
            "network_interface_id": "eni-051e5a2efc2e7d624",
            "private_ip": "10.32.2.15",
            "public_ip": "54.251.200.55",
            "subnet_id": "subnet-0cb5e7d334f8d336d",
            "tags": {
              "Name": "dev-nat-gateway"
            },
            "tags_all": {
              "Name": "dev-nat-gateway"
            }
          },
          "sensitive_attributes": [],
          "private": "bnVsbA==",
          "dependencies": [
            "module.blockchain-client-dev.aws_eip.gateway",
            "module.blockchain-client-dev.aws_internet_gateway.gateway",
            "module.blockchain-client-dev.aws_subnet.public",
            "module.blockchain-client-dev.aws_vpc.default",
            "module.blockchain-client-dev.data.aws_availability_zones.available_zones"
          ]
        },
        {
          "index_key": 1,
          "schema_version": 0,
          "attributes": {
            "allocation_id": "eipalloc-04d7b2f90f23d391d",
            "association_id": "eipassoc-0e5b8582d1b14795e",
            "connectivity_type": "public",
            "id": "nat-0e02e902646d267ff",
            "network_interface_id": "eni-0cc5e1aa850691eac",
            "private_ip": "10.32.3.232",
            "public_ip": "18.142.52.139",
            "subnet_id": "subnet-0faffced2a20c2ef0",
            "tags": {
              "Name": "dev-nat-gateway"
            },
            "tags_all": {
              "Name": "dev-nat-gateway"
            }
          },
          "sensitive_attributes": [],
          "private": "bnVsbA==",
          "dependencies": [
            "module.blockchain-client-dev.aws_eip.gateway",
            "module.blockchain-client-dev.aws_internet_gateway.gateway",
            "module.blockchain-client-dev.aws_subnet.public",
            "module.blockchain-client-dev.aws_vpc.default",
            "module.blockchain-client-dev.data.aws_availability_zones.available_zones"
          ]
        }
      ]
    },
    {
      "module": "module.blockchain-client-dev",
      "mode": "managed",
      "type": "aws_route",
      "name": "internet_access",
      "provider": "provider[\"registry.terraform.io/hashicorp/aws\"]",
      "instances": [
        {
          "schema_version": 0,
          "attributes": {
            "carrier_gateway_id": "",
            "core_network_arn": "",
            "destination_cidr_block": "0.0.0.0/0",
            "destination_ipv6_cidr_block": "",
            "destination_prefix_list_id": "",
            "egress_only_gateway_id": "",
            "gateway_id": "igw-02d0eca1183628087",
            "id": "r-rtb-051ac243cc160c70a1080289494",
            "instance_id": "",
            "instance_owner_id": "",
            "local_gateway_id": "",
            "nat_gateway_id": "",
            "network_interface_id": "",
            "origin": "CreateRoute",
            "route_table_id": "rtb-051ac243cc160c70a",
            "state": "active",
            "timeouts": null,
            "transit_gateway_id": "",
            "vpc_endpoint_id": "",
            "vpc_peering_connection_id": ""
          },
          "sensitive_attributes": [],
          "private": "eyJlMmJmYjczMC1lY2FhLTExZTYtOGY4OC0zNDM2M2JjN2M0YzAiOnsiY3JlYXRlIjozMDAwMDAwMDAwMDAsImRlbGV0ZSI6MzAwMDAwMDAwMDAwLCJ1cGRhdGUiOjEyMDAwMDAwMDAwMH19",
          "dependencies": [
            "module.blockchain-client-dev.aws_internet_gateway.gateway",
            "module.blockchain-client-dev.aws_vpc.default"
          ]
        }
      ]
    },
    {
      "module": "module.blockchain-client-dev",
      "mode": "managed",
      "type": "aws_route_table",
      "name": "private",
      "provider": "provider[\"registry.terraform.io/hashicorp/aws\"]",
      "instances": [
        {
          "index_key": 0,
          "schema_version": 0,
          "attributes": {
            "arn": "arn:aws:ec2:ap-southeast-1:029319782524:route-table/rtb-0b903c7ab45782346",
            "id": "rtb-0b903c7ab45782346",
            "owner_id": "029319782524",
            "propagating_vgws": [],
            "route": [
              {
                "carrier_gateway_id": "",
                "cidr_block": "0.0.0.0/0",
                "core_network_arn": "",
                "destination_prefix_list_id": "",
                "egress_only_gateway_id": "",
                "gateway_id": "",
                "instance_id": "",
                "ipv6_cidr_block": "",
                "local_gateway_id": "",
                "nat_gateway_id": "nat-0c0304cdd9d58a015",
                "network_interface_id": "",
                "transit_gateway_id": "",
                "vpc_endpoint_id": "",
                "vpc_peering_connection_id": ""
              }
            ],
            "tags": {
              "Name": "dev-route-table-private"
            },
            "tags_all": {
              "Name": "dev-route-table-private"
            },
            "timeouts": null,
            "vpc_id": "vpc-078460c4c7ff9bcd4"
          },
          "sensitive_attributes": [],
          "private": "eyJlMmJmYjczMC1lY2FhLTExZTYtOGY4OC0zNDM2M2JjN2M0YzAiOnsiY3JlYXRlIjozMDAwMDAwMDAwMDAsImRlbGV0ZSI6MzAwMDAwMDAwMDAwLCJ1cGRhdGUiOjEyMDAwMDAwMDAwMH19",
          "dependencies": [
            "module.blockchain-client-dev.aws_eip.gateway",
            "module.blockchain-client-dev.aws_internet_gateway.gateway",
            "module.blockchain-client-dev.aws_nat_gateway.gateway",
            "module.blockchain-client-dev.aws_subnet.public",
            "module.blockchain-client-dev.aws_vpc.default",
            "module.blockchain-client-dev.data.aws_availability_zones.available_zones"
          ]
        },
        {
          "index_key": 1,
          "schema_version": 0,
          "attributes": {
            "arn": "arn:aws:ec2:ap-southeast-1:029319782524:route-table/rtb-0624b6fd21b923075",
            "id": "rtb-0624b6fd21b923075",
            "owner_id": "029319782524",
            "propagating_vgws": [],
            "route": [
              {
                "carrier_gateway_id": "",
                "cidr_block": "0.0.0.0/0",
                "core_network_arn": "",
                "destination_prefix_list_id": "",
                "egress_only_gateway_id": "",
                "gateway_id": "",
                "instance_id": "",
                "ipv6_cidr_block": "",
                "local_gateway_id": "",
                "nat_gateway_id": "nat-0e02e902646d267ff",
                "network_interface_id": "",
                "transit_gateway_id": "",
                "vpc_endpoint_id": "",
                "vpc_peering_connection_id": ""
              }
            ],
            "tags": {
              "Name": "dev-route-table-private"
            },
            "tags_all": {
              "Name": "dev-route-table-private"
            },
            "timeouts": null,
            "vpc_id": "vpc-078460c4c7ff9bcd4"
          },
          "sensitive_attributes": [],
          "private": "eyJlMmJmYjczMC1lY2FhLTExZTYtOGY4OC0zNDM2M2JjN2M0YzAiOnsiY3JlYXRlIjozMDAwMDAwMDAwMDAsImRlbGV0ZSI6MzAwMDAwMDAwMDAwLCJ1cGRhdGUiOjEyMDAwMDAwMDAwMH19",
          "dependencies": [
            "module.blockchain-client-dev.aws_eip.gateway",
            "module.blockchain-client-dev.aws_internet_gateway.gateway",
            "module.blockchain-client-dev.aws_nat_gateway.gateway",
            "module.blockchain-client-dev.aws_subnet.public",
            "module.blockchain-client-dev.aws_vpc.default",
            "module.blockchain-client-dev.data.aws_availability_zones.available_zones"
          ]
        }
      ]
    },
    {
      "module": "module.blockchain-client-dev",
      "mode": "managed",
      "type": "aws_route_table_association",
      "name": "private",
      "provider": "provider[\"registry.terraform.io/hashicorp/aws\"]",
      "instances": [
        {
          "index_key": 0,
          "schema_version": 0,
          "attributes": {
            "gateway_id": "",
            "id": "rtbassoc-06ae54cab9e91f7a5",
            "route_table_id": "rtb-0b903c7ab45782346",
            "subnet_id": "subnet-0506ea43e60ccb288",
            "timeouts": null
          },
          "sensitive_attributes": [],
          "private": "eyJlMmJmYjczMC1lY2FhLTExZTYtOGY4OC0zNDM2M2JjN2M0YzAiOnsiY3JlYXRlIjozMDAwMDAwMDAwMDAsImRlbGV0ZSI6MzAwMDAwMDAwMDAwLCJ1cGRhdGUiOjEyMDAwMDAwMDAwMH19",
          "dependencies": [
            "module.blockchain-client-dev.aws_eip.gateway",
            "module.blockchain-client-dev.aws_internet_gateway.gateway",
            "module.blockchain-client-dev.aws_nat_gateway.gateway",
            "module.blockchain-client-dev.aws_route_table.private",
            "module.blockchain-client-dev.aws_subnet.private",
            "module.blockchain-client-dev.aws_subnet.public",
            "module.blockchain-client-dev.aws_vpc.default",
            "module.blockchain-client-dev.data.aws_availability_zones.available_zones"
          ]
        },
        {
          "index_key": 1,
          "schema_version": 0,
          "attributes": {
            "gateway_id": "",
            "id": "rtbassoc-06b684f62a7701e13",
            "route_table_id": "rtb-0624b6fd21b923075",
            "subnet_id": "subnet-094b4f2e7574f8e5f",
            "timeouts": null
          },
          "sensitive_attributes": [],
          "private": "eyJlMmJmYjczMC1lY2FhLTExZTYtOGY4OC0zNDM2M2JjN2M0YzAiOnsiY3JlYXRlIjozMDAwMDAwMDAwMDAsImRlbGV0ZSI6MzAwMDAwMDAwMDAwLCJ1cGRhdGUiOjEyMDAwMDAwMDAwMH19",
          "dependencies": [
            "module.blockchain-client-dev.aws_eip.gateway",
            "module.blockchain-client-dev.aws_internet_gateway.gateway",
            "module.blockchain-client-dev.aws_nat_gateway.gateway",
            "module.blockchain-client-dev.aws_route_table.private",
            "module.blockchain-client-dev.aws_subnet.private",
            "module.blockchain-client-dev.aws_subnet.public",
            "module.blockchain-client-dev.aws_vpc.default",
            "module.blockchain-client-dev.data.aws_availability_zones.available_zones"
          ]
        }
      ]
    },
    {
      "module": "module.blockchain-client-dev",
      "mode": "managed",
      "type": "aws_secretsmanager_secret",
      "name": "deploy_access_key",
      "provider": "provider[\"registry.terraform.io/hashicorp/aws\"]",
      "instances": [
        {
          "schema_version": 0,
          "attributes": {
            "arn": "arn:aws:secretsmanager:ap-southeast-1:029319782524:secret:dev-secrets-i4bdJ1",
            "description": "",
            "force_overwrite_replica_secret": false,
            "id": "arn:aws:secretsmanager:ap-southeast-1:029319782524:secret:dev-secrets-i4bdJ1",
            "kms_key_id": "",
            "name": "dev-secrets",
            "name_prefix": "",
            "policy": "",
            "recovery_window_in_days": 30,
            "replica": [],
            "rotation_enabled": false,
            "rotation_lambda_arn": "",
            "rotation_rules": [],
            "tags": {},
            "tags_all": {}
          },
          "sensitive_attributes": [],
          "private": "bnVsbA=="
        }
      ]
    },
    {
      "module": "module.blockchain-client-dev",
      "mode": "managed",
      "type": "aws_secretsmanager_secret_version",
      "name": "deploy_access_key",
      "provider": "provider[\"registry.terraform.io/hashicorp/aws\"]",
      "instances": [
        {
          "schema_version": 0,
          "attributes": {
            "arn": "arn:aws:secretsmanager:ap-southeast-1:029319782524:secret:dev-secrets-i4bdJ1",
            "id": "arn:aws:secretsmanager:ap-southeast-1:029319782524:secret:dev-secrets-i4bdJ1|BC712C31-21F2-47D1-B8DD-0101866952FE",
            "secret_binary": "",
            "secret_id": "arn:aws:secretsmanager:ap-southeast-1:029319782524:secret:dev-secrets-i4bdJ1",
            "secret_string": "{}",
            "version_id": "BC712C31-21F2-47D1-B8DD-0101866952FE",
            "version_stages": [
              "AWSCURRENT"
            ]
          },
          "sensitive_attributes": [],
          "private": "bnVsbA==",
          "dependencies": [
            "module.blockchain-client-dev.aws_iam_access_key.deploy",
            "module.blockchain-client-dev.aws_iam_user.deploy",
            "module.blockchain-client-dev.aws_secretsmanager_secret.deploy_access_key"
          ]
        }
      ]
    },
    {
      "module": "module.blockchain-client-dev",
      "mode": "managed",
      "type": "aws_security_group",
      "name": "bc_client_api_task",
      "provider": "provider[\"registry.terraform.io/hashicorp/aws\"]",
      "instances": [
        {
          "schema_version": 1,
          "attributes": {
            "arn": "arn:aws:ec2:ap-southeast-1:029319782524:security-group/sg-0cb97da25aed39b8d",
            "description": "Managed by Terraform",
            "egress": [
              {
                "cidr_blocks": [
                  "0.0.0.0/0"
                ],
                "description": "",
                "from_port": 0,
                "ipv6_cidr_blocks": [],
                "prefix_list_ids": [],
                "protocol": "-1",
                "security_groups": [],
                "self": false,
                "to_port": 0
              }
            ],
            "id": "sg-0cb97da25aed39b8d",
            "ingress": [
              {
                "cidr_blocks": [],
                "description": "",
                "from_port": 80,
                "ipv6_cidr_blocks": [],
                "prefix_list_ids": [],
                "protocol": "tcp",
                "security_groups": [
                  "sg-0669b05daa6417ac6"
                ],
                "self": false,
                "to_port": 3000
              }
            ],
            "name": "dev-bc-client-api-task-sg",
            "name_prefix": "",
            "owner_id": "029319782524",
            "revoke_rules_on_delete": false,
            "tags": {},
            "tags_all": {},
            "timeouts": null,
            "vpc_id": "vpc-078460c4c7ff9bcd4"
          },
          "sensitive_attributes": [],
          "private": "eyJlMmJmYjczMC1lY2FhLTExZTYtOGY4OC0zNDM2M2JjN2M0YzAiOnsiY3JlYXRlIjo2MDAwMDAwMDAwMDAsImRlbGV0ZSI6OTAwMDAwMDAwMDAwfSwic2NoZW1hX3ZlcnNpb24iOiIxIn0=",
          "dependencies": [
            "module.blockchain-client-dev.aws_security_group.lb",
            "module.blockchain-client-dev.aws_vpc.default"
          ]
        }
      ]
    },
    {
      "module": "module.blockchain-client-dev",
      "mode": "managed",
      "type": "aws_security_group",
      "name": "lb",
      "provider": "provider[\"registry.terraform.io/hashicorp/aws\"]",
      "instances": [
        {
          "schema_version": 1,
          "attributes": {
            "arn": "arn:aws:ec2:ap-southeast-1:029319782524:security-group/sg-0669b05daa6417ac6",
            "description": "Managed by Terraform",
            "egress": [
              {
                "cidr_blocks": [
                  "0.0.0.0/0"
                ],
                "description": "",
                "from_port": 0,
                "ipv6_cidr_blocks": [],
                "prefix_list_ids": [],
                "protocol": "-1",
                "security_groups": [],
                "self": false,
                "to_port": 0
              }
            ],
            "id": "sg-0669b05daa6417ac6",
            "ingress": [
              {
                "cidr_blocks": [
                  "0.0.0.0/0"
                ],
                "description": "",
                "from_port": 80,
                "ipv6_cidr_blocks": [],
                "prefix_list_ids": [],
                "protocol": "tcp",
                "security_groups": [],
                "self": false,
                "to_port": 80
              }
            ],
            "name": "dev-main-alb-security-group",
            "name_prefix": "",
            "owner_id": "029319782524",
            "revoke_rules_on_delete": false,
            "tags": {
              "Name": "dev-sg-lb"
            },
            "tags_all": {
              "Name": "dev-sg-lb"
            },
            "timeouts": null,
            "vpc_id": "vpc-078460c4c7ff9bcd4"
          },
          "sensitive_attributes": [],
          "private": "eyJlMmJmYjczMC1lY2FhLTExZTYtOGY4OC0zNDM2M2JjN2M0YzAiOnsiY3JlYXRlIjo2MDAwMDAwMDAwMDAsImRlbGV0ZSI6OTAwMDAwMDAwMDAwfSwic2NoZW1hX3ZlcnNpb24iOiIxIn0=",
          "dependencies": [
            "module.blockchain-client-dev.aws_vpc.default"
          ]
        }
      ]
    },
    {
      "module": "module.blockchain-client-dev",
      "mode": "managed",
      "type": "aws_subnet",
      "name": "private",
      "provider": "provider[\"registry.terraform.io/hashicorp/aws\"]",
      "instances": [
        {
          "index_key": 0,
          "schema_version": 1,
          "attributes": {
            "arn": "arn:aws:ec2:ap-southeast-1:029319782524:subnet/subnet-0506ea43e60ccb288",
            "assign_ipv6_address_on_creation": false,
            "availability_zone": "ap-southeast-1a",
            "availability_zone_id": "apse1-az1",
            "cidr_block": "10.32.0.0/24",
            "customer_owned_ipv4_pool": "",
            "enable_dns64": false,
            "enable_lni_at_device_index": 0,
            "enable_resource_name_dns_a_record_on_launch": false,
            "enable_resource_name_dns_aaaa_record_on_launch": false,
            "id": "subnet-0506ea43e60ccb288",
            "ipv6_cidr_block": "",
            "ipv6_cidr_block_association_id": "",
            "ipv6_native": false,
            "map_customer_owned_ip_on_launch": false,
            "map_public_ip_on_launch": false,
            "outpost_arn": "",
            "owner_id": "029319782524",
            "private_dns_hostname_type_on_launch": "ip-name",
            "tags": {
              "Name": "dev-private-subnet"
            },
            "tags_all": {
              "Name": "dev-private-subnet"
            },
            "timeouts": null,
            "vpc_id": "vpc-078460c4c7ff9bcd4"
          },
          "sensitive_attributes": [],
          "private": "eyJlMmJmYjczMC1lY2FhLTExZTYtOGY4OC0zNDM2M2JjN2M0YzAiOnsiY3JlYXRlIjo2MDAwMDAwMDAwMDAsImRlbGV0ZSI6MTIwMDAwMDAwMDAwMH0sInNjaGVtYV92ZXJzaW9uIjoiMSJ9",
          "dependencies": [
            "module.blockchain-client-dev.aws_vpc.default",
            "module.blockchain-client-dev.data.aws_availability_zones.available_zones"
          ]
        },
        {
          "index_key": 1,
          "schema_version": 1,
          "attributes": {
            "arn": "arn:aws:ec2:ap-southeast-1:029319782524:subnet/subnet-094b4f2e7574f8e5f",
            "assign_ipv6_address_on_creation": false,
            "availability_zone": "ap-southeast-1b",
            "availability_zone_id": "apse1-az2",
            "cidr_block": "10.32.1.0/24",
            "customer_owned_ipv4_pool": "",
            "enable_dns64": false,
            "enable_lni_at_device_index": 0,
            "enable_resource_name_dns_a_record_on_launch": false,
            "enable_resource_name_dns_aaaa_record_on_launch": false,
            "id": "subnet-094b4f2e7574f8e5f",
            "ipv6_cidr_block": "",
            "ipv6_cidr_block_association_id": "",
            "ipv6_native": false,
            "map_customer_owned_ip_on_launch": false,
            "map_public_ip_on_launch": false,
            "outpost_arn": "",
            "owner_id": "029319782524",
            "private_dns_hostname_type_on_launch": "ip-name",
            "tags": {
              "Name": "dev-private-subnet"
            },
            "tags_all": {
              "Name": "dev-private-subnet"
            },
            "timeouts": null,
            "vpc_id": "vpc-078460c4c7ff9bcd4"
          },
          "sensitive_attributes": [],
          "private": "eyJlMmJmYjczMC1lY2FhLTExZTYtOGY4OC0zNDM2M2JjN2M0YzAiOnsiY3JlYXRlIjo2MDAwMDAwMDAwMDAsImRlbGV0ZSI6MTIwMDAwMDAwMDAwMH0sInNjaGVtYV92ZXJzaW9uIjoiMSJ9",
          "dependencies": [
            "module.blockchain-client-dev.aws_vpc.default",
            "module.blockchain-client-dev.data.aws_availability_zones.available_zones"
          ]
        }
      ]
    },
    {
      "module": "module.blockchain-client-dev",
      "mode": "managed",
      "type": "aws_subnet",
      "name": "public",
      "provider": "provider[\"registry.terraform.io/hashicorp/aws\"]",
      "instances": [
        {
          "index_key": 0,
          "schema_version": 1,
          "attributes": {
            "arn": "arn:aws:ec2:ap-southeast-1:029319782524:subnet/subnet-0cb5e7d334f8d336d",
            "assign_ipv6_address_on_creation": false,
            "availability_zone": "ap-southeast-1a",
            "availability_zone_id": "apse1-az1",
            "cidr_block": "10.32.2.0/24",
            "customer_owned_ipv4_pool": "",
            "enable_dns64": false,
            "enable_lni_at_device_index": 0,
            "enable_resource_name_dns_a_record_on_launch": false,
            "enable_resource_name_dns_aaaa_record_on_launch": false,
            "id": "subnet-0cb5e7d334f8d336d",
            "ipv6_cidr_block": "",
            "ipv6_cidr_block_association_id": "",
            "ipv6_native": false,
            "map_customer_owned_ip_on_launch": false,
            "map_public_ip_on_launch": true,
            "outpost_arn": "",
            "owner_id": "029319782524",
            "private_dns_hostname_type_on_launch": "ip-name",
            "tags": {
              "Name": "dev-public-subnet"
            },
            "tags_all": {
              "Name": "dev-public-subnet"
            },
            "timeouts": null,
            "vpc_id": "vpc-078460c4c7ff9bcd4"
          },
          "sensitive_attributes": [],
          "private": "eyJlMmJmYjczMC1lY2FhLTExZTYtOGY4OC0zNDM2M2JjN2M0YzAiOnsiY3JlYXRlIjo2MDAwMDAwMDAwMDAsImRlbGV0ZSI6MTIwMDAwMDAwMDAwMH0sInNjaGVtYV92ZXJzaW9uIjoiMSJ9",
          "dependencies": [
            "module.blockchain-client-dev.aws_vpc.default",
            "module.blockchain-client-dev.data.aws_availability_zones.available_zones"
          ]
        },
        {
          "index_key": 1,
          "schema_version": 1,
          "attributes": {
            "arn": "arn:aws:ec2:ap-southeast-1:029319782524:subnet/subnet-0faffced2a20c2ef0",
            "assign_ipv6_address_on_creation": false,
            "availability_zone": "ap-southeast-1b",
            "availability_zone_id": "apse1-az2",
            "cidr_block": "10.32.3.0/24",
            "customer_owned_ipv4_pool": "",
            "enable_dns64": false,
            "enable_lni_at_device_index": 0,
            "enable_resource_name_dns_a_record_on_launch": false,
            "enable_resource_name_dns_aaaa_record_on_launch": false,
            "id": "subnet-0faffced2a20c2ef0",
            "ipv6_cidr_block": "",
            "ipv6_cidr_block_association_id": "",
            "ipv6_native": false,
            "map_customer_owned_ip_on_launch": false,
            "map_public_ip_on_launch": true,
            "outpost_arn": "",
            "owner_id": "029319782524",
            "private_dns_hostname_type_on_launch": "ip-name",
            "tags": {
              "Name": "dev-public-subnet"
            },
            "tags_all": {
              "Name": "dev-public-subnet"
            },
            "timeouts": null,
            "vpc_id": "vpc-078460c4c7ff9bcd4"
          },
          "sensitive_attributes": [],
          "private": "eyJlMmJmYjczMC1lY2FhLTExZTYtOGY4OC0zNDM2M2JjN2M0YzAiOnsiY3JlYXRlIjo2MDAwMDAwMDAwMDAsImRlbGV0ZSI6MTIwMDAwMDAwMDAwMH0sInNjaGVtYV92ZXJzaW9uIjoiMSJ9",
          "dependencies": [
            "module.blockchain-client-dev.aws_vpc.default",
            "module.blockchain-client-dev.data.aws_availability_zones.available_zones"
          ]
        }
      ]
    },
    {
      "module": "module.blockchain-client-dev",
      "mode": "managed",
      "type": "aws_vpc",
      "name": "default",
      "provider": "provider[\"registry.terraform.io/hashicorp/aws\"]",
      "instances": [
        {
          "schema_version": 1,
          "attributes": {
            "arn": "arn:aws:ec2:ap-southeast-1:029319782524:vpc/vpc-078460c4c7ff9bcd4",
            "assign_generated_ipv6_cidr_block": false,
            "cidr_block": "10.32.0.0/16",
            "default_network_acl_id": "acl-0296d1971fedc9bb8",
            "default_route_table_id": "rtb-051ac243cc160c70a",
            "default_security_group_id": "sg-00f52ac5714fdff46",
            "dhcp_options_id": "dopt-0275df4fb27fd81b2",
            "enable_classiclink": false,
            "enable_classiclink_dns_support": false,
            "enable_dns_hostnames": true,
            "enable_dns_support": true,
            "enable_network_address_usage_metrics": false,
            "id": "vpc-078460c4c7ff9bcd4",
            "instance_tenancy": "default",
            "ipv4_ipam_pool_id": null,
            "ipv4_netmask_length": null,
            "ipv6_association_id": "",
            "ipv6_cidr_block": "",
            "ipv6_cidr_block_network_border_group": "",
            "ipv6_ipam_pool_id": "",
            "ipv6_netmask_length": 0,
            "main_route_table_id": "rtb-051ac243cc160c70a",
            "owner_id": "029319782524",
            "tags": {
              "Name": "dev-vpc-default"
            },
            "tags_all": {
              "Name": "dev-vpc-default"
            }
          },
          "sensitive_attributes": [],
          "private": "eyJzY2hlbWFfdmVyc2lvbiI6IjEifQ=="
        }
      ]
    },
    {
      "module": "module.blockchain-client-staging",
      "mode": "data",
      "type": "aws_availability_zones",
      "name": "available_zones",
      "provider": "provider[\"registry.terraform.io/hashicorp/aws\"]",
      "instances": [
        {
          "schema_version": 0,
          "attributes": {
            "all_availability_zones": null,
            "exclude_names": null,
            "exclude_zone_ids": null,
            "filter": null,
            "group_names": [
              "ap-southeast-1"
            ],
            "id": "ap-southeast-1",
            "names": [
              "ap-southeast-1a",
              "ap-southeast-1b",
              "ap-southeast-1c"
            ],
            "state": "available",
            "timeouts": null,
            "zone_ids": [
              "apse1-az1",
              "apse1-az2",
              "apse1-az3"
            ]
          },
          "sensitive_attributes": []
        }
      ]
    },
    {
      "module": "module.blockchain-client-staging",
      "mode": "data",
      "type": "aws_iam_policy_document",
      "name": "ecs_tasks_execution_role",
      "provider": "provider[\"registry.terraform.io/hashicorp/aws\"]",
      "instances": [
        {
          "schema_version": 0,
          "attributes": {
            "id": "320642683",
            "json": "{\n  \"Version\": \"2012-10-17\",\n  \"Statement\": [\n    {\n      \"Sid\": \"\",\n      \"Effect\": \"Allow\",\n      \"Action\": \"sts:AssumeRole\",\n      \"Principal\": {\n        \"Service\": \"ecs-tasks.amazonaws.com\"\n      }\n    }\n  ]\n}",
            "override_json": null,
            "override_policy_documents": null,
            "policy_id": null,
            "source_json": null,
            "source_policy_documents": null,
            "statement": [
              {
                "actions": [
                  "sts:AssumeRole"
                ],
                "condition": [],
                "effect": "Allow",
                "not_actions": [],
                "not_principals": [],
                "not_resources": [],
                "principals": [
                  {
                    "identifiers": [
                      "ecs-tasks.amazonaws.com"
                    ],
                    "type": "Service"
                  }
                ],
                "resources": [],
                "sid": ""
              }
            ],
            "version": "2012-10-17"
          },
          "sensitive_attributes": []
        }
      ]
    },
    {
      "module": "module.blockchain-client-staging",
      "mode": "managed",
      "type": "aws_ecr_lifecycle_policy",
      "name": "bc_client_api",
      "provider": "provider[\"registry.terraform.io/hashicorp/aws\"]",
      "instances": [
        {
          "schema_version": 0,
          "attributes": {
            "id": "staging-bc-client-api",
            "policy": "{\"rules\":[{\"action\":{\"type\":\"expire\"},\"description\":\"Expire images older than 14 days\",\"rulePriority\":1,\"selection\":{\"countNumber\":14,\"countType\":\"sinceImagePushed\",\"countUnit\":\"days\",\"tagStatus\":\"untagged\"}}]}",
            "registry_id": "029319782524",
            "repository": "staging-bc-client-api"
          },
          "sensitive_attributes": [],
          "private": "bnVsbA==",
          "dependencies": [
            "module.blockchain-client-staging.aws_ecr_repository.bc_client_api"
          ]
        }
      ]
    },
    {
      "module": "module.blockchain-client-staging",
      "mode": "managed",
      "type": "aws_ecr_repository",
      "name": "bc_client_api",
      "provider": "provider[\"registry.terraform.io/hashicorp/aws\"]",
      "instances": [
        {
          "schema_version": 0,
          "attributes": {
            "arn": "arn:aws:ecr:ap-southeast-1:029319782524:repository/staging-bc-client-api",
            "encryption_configuration": [
              {
                "encryption_type": "AES256",
                "kms_key": ""
              }
            ],
            "force_delete": null,
            "id": "staging-bc-client-api",
            "image_scanning_configuration": [
              {
                "scan_on_push": true
              }
            ],
            "image_tag_mutability": "MUTABLE",
            "name": "staging-bc-client-api",
            "registry_id": "029319782524",
            "repository_url": "029319782524.dkr.ecr.ap-southeast-1.amazonaws.com/staging-bc-client-api",
            "tags": {},
            "tags_all": {},
            "timeouts": null
          },
          "sensitive_attributes": [],
          "private": "eyJlMmJmYjczMC1lY2FhLTExZTYtOGY4OC0zNDM2M2JjN2M0YzAiOnsiZGVsZXRlIjoxMjAwMDAwMDAwMDAwfX0="
        }
      ]
    },
    {
      "module": "module.blockchain-client-staging",
      "mode": "managed",
      "type": "aws_ecs_cluster",
      "name": "main",
      "provider": "provider[\"registry.terraform.io/hashicorp/aws\"]",
      "instances": [
        {
          "schema_version": 0,
          "attributes": {
            "arn": "arn:aws:ecs:ap-southeast-1:029319782524:cluster/staging-main-cluster",
            "capacity_providers": [],
            "configuration": [],
            "default_capacity_provider_strategy": [],
            "id": "arn:aws:ecs:ap-southeast-1:029319782524:cluster/staging-main-cluster",
            "name": "staging-main-cluster",
            "service_connect_defaults": [],
            "setting": [
              {
                "name": "containerInsights",
                "value": "disabled"
              }
            ],
            "tags": {
              "Name": "staging-cluster-main"
            },
            "tags_all": {
              "Name": "staging-cluster-main"
            }
          },
          "sensitive_attributes": [],
          "private": "bnVsbA=="
        }
      ]
    },
    {
      "module": "module.blockchain-client-staging",
      "mode": "managed",
      "type": "aws_ecs_service",
      "name": "bc_client_api",
      "provider": "provider[\"registry.terraform.io/hashicorp/aws\"]",
      "instances": [
        {
          "schema_version": 0,
          "attributes": {
            "alarms": [],
            "capacity_provider_strategy": [],
            "cluster": "arn:aws:ecs:ap-southeast-1:029319782524:cluster/staging-main-cluster",
            "deployment_circuit_breaker": [
              {
                "enable": false,
                "rollback": false
              }
            ],
            "deployment_controller": [
              {
                "type": "ECS"
              }
            ],
            "deployment_maximum_percent": 200,
            "deployment_minimum_healthy_percent": 100,
            "desired_count": 1,
            "enable_ecs_managed_tags": false,
            "enable_execute_command": false,
            "force_new_deployment": null,
            "health_check_grace_period_seconds": 0,
            "iam_role": "/aws-service-role/ecs.amazonaws.com/AWSServiceRoleForECS",
            "id": "arn:aws:ecs:ap-southeast-1:029319782524:service/staging-main-cluster/staging-bc-client-api-service",
            "launch_type": "FARGATE",
            "load_balancer": [
              {
                "container_name": "staging-bc-client-api",
                "container_port": 3000,
                "elb_name": "",
                "target_group_arn": "arn:aws:elasticloadbalancing:ap-southeast-1:029319782524:targetgroup/staging-bc-client-api-tg/a51a3af1001e4b78"
              }
            ],
            "name": "staging-bc-client-api-service",
            "network_configuration": [
              {
                "assign_public_ip": false,
                "security_groups": [
                  "sg-02e8137c6eafdb9de"
                ],
                "subnets": [
                  "subnet-03b8ceaf14386c7f8",
                  "subnet-0b0e98a61b6d78cc5"
                ]
              }
            ],
            "ordered_placement_strategy": [],
            "placement_constraints": [],
            "platform_version": "LATEST",
            "propagate_tags": "NONE",
            "scheduling_strategy": "REPLICA",
            "service_connect_configuration": [],
            "service_registries": [],
            "tags": {},
            "tags_all": {},
            "task_definition": "arn:aws:ecs:ap-southeast-1:029319782524:task-definition/staging-bc-client-api:3",
            "timeouts": null,
            "triggers": {},
            "wait_for_steady_state": false
          },
          "sensitive_attributes": [],
          "private": "eyJlMmJmYjczMC1lY2FhLTExZTYtOGY4OC0zNDM2M2JjN2M0YzAiOnsiY3JlYXRlIjoxMjAwMDAwMDAwMDAwLCJkZWxldGUiOjEyMDAwMDAwMDAwMDAsInVwZGF0ZSI6MTIwMDAwMDAwMDAwMH19",
          "dependencies": [
            "module.blockchain-client-staging.aws_ecs_cluster.main",
            "module.blockchain-client-staging.aws_ecs_task_definition.bc_client_api",
            "module.blockchain-client-staging.aws_iam_role.ecs_tasks_execution_role",
            "module.blockchain-client-staging.aws_iam_role_policy_attachment.ecs_tasks_execution_role",
            "module.blockchain-client-staging.aws_iam_user.deploy",
            "module.blockchain-client-staging.aws_lb.default",
            "module.blockchain-client-staging.aws_lb_listener.bc_client_api",
            "module.blockchain-client-staging.aws_lb_target_group.bc_client_api",
            "module.blockchain-client-staging.aws_security_group.bc_client_api_task",
            "module.blockchain-client-staging.aws_security_group.lb",
            "module.blockchain-client-staging.aws_subnet.private",
            "module.blockchain-client-staging.aws_subnet.public",
            "module.blockchain-client-staging.aws_vpc.default",
            "module.blockchain-client-staging.data.aws_availability_zones.available_zones",
            "module.blockchain-client-staging.data.aws_iam_policy_document.ecs_tasks_execution_role"
          ]
        }
      ]
    },
    {
      "module": "module.blockchain-client-staging",
      "mode": "managed",
      "type": "aws_ecs_task_definition",
      "name": "bc_client_api",
      "provider": "provider[\"registry.terraform.io/hashicorp/aws\"]",
      "instances": [
        {
          "schema_version": 1,
          "attributes": {
            "arn": "arn:aws:ecs:ap-southeast-1:029319782524:task-definition/staging-bc-client-api:3",
            "arn_without_revision": "arn:aws:ecs:ap-southeast-1:029319782524:task-definition/staging-bc-client-api",
            "container_definitions": "[{\"cpu\":1024,\"environment\":[],\"essential\":true,\"image\":\"staging-deploy.dkr.ecr.ap-southeast-1.amazonaws.com/staging-bc-client-api:latest\",\"logConfiguration\":{\"logDriver\":\"awslogs\",\"options\":{\"awslogs-create-group\":\"true\",\"awslogs-group\":\"staging-bc-client-api-container\",\"awslogs-region\":\"ap-southeast-1\",\"awslogs-stream-prefix\":\"staging-bc-client-api\"}},\"memory\":2048,\"mountPoints\":[],\"name\":\"staging-bc-client-api\",\"portMappings\":[{\"containerPort\":3000,\"hostPort\":3000,\"protocol\":\"tcp\"}],\"volumesFrom\":[]}]",
            "cpu": "1024",
            "ephemeral_storage": [],
            "execution_role_arn": "arn:aws:iam::029319782524:role/staging-ecs-task-execution-role",
            "family": "staging-bc-client-api",
            "id": "staging-bc-client-api",
            "inference_accelerator": [],
            "ipc_mode": "",
            "memory": "2048",
            "network_mode": "awsvpc",
            "pid_mode": "",
            "placement_constraints": [],
            "proxy_configuration": [],
            "requires_compatibilities": [
              "FARGATE"
            ],
            "revision": 3,
            "runtime_platform": [],
            "skip_destroy": false,
            "tags": null,
            "tags_all": {},
            "task_role_arn": "",
            "volume": []
          },
          "sensitive_attributes": [],
          "private": "eyJzY2hlbWFfdmVyc2lvbiI6IjEifQ==",
          "dependencies": [
            "module.blockchain-client-staging.aws_iam_role.ecs_tasks_execution_role",
            "module.blockchain-client-staging.aws_iam_user.deploy",
            "module.blockchain-client-staging.data.aws_iam_policy_document.ecs_tasks_execution_role"
          ]
        }
      ]
    },
    {
      "module": "module.blockchain-client-staging",
      "mode": "managed",
      "type": "aws_eip",
      "name": "gateway",
      "provider": "provider[\"registry.terraform.io/hashicorp/aws\"]",
      "instances": [
        {
          "index_key": 0,
          "schema_version": 0,
          "attributes": {
            "address": null,
            "allocation_id": "eipalloc-04bda08fff95d0cb6",
            "associate_with_private_ip": null,
            "association_id": "eipassoc-0f3d2e14187b42afb",
            "carrier_ip": "",
            "customer_owned_ip": "",
            "customer_owned_ipv4_pool": "",
            "domain": "vpc",
            "id": "eipalloc-04bda08fff95d0cb6",
            "instance": "",
            "network_border_group": "ap-southeast-1",
            "network_interface": "eni-05b2b722a5e6fa654",
            "private_dns": "ip-10-32-2-182.ap-southeast-1.compute.internal",
            "private_ip": "10.32.2.182",
            "public_dns": "ec2-54-254-127-40.ap-southeast-1.compute.amazonaws.com",
            "public_ip": "54.254.127.40",
            "public_ipv4_pool": "amazon",
            "tags": {
              "Name": "staging-eip"
            },
            "tags_all": {
              "Name": "staging-eip"
            },
            "timeouts": null,
            "vpc": true
          },
          "sensitive_attributes": [],
          "private": "eyJlMmJmYjczMC1lY2FhLTExZTYtOGY4OC0zNDM2M2JjN2M0YzAiOnsiZGVsZXRlIjoxODAwMDAwMDAwMDAsInJlYWQiOjkwMDAwMDAwMDAwMCwidXBkYXRlIjozMDAwMDAwMDAwMDB9fQ==",
          "dependencies": [
            "module.blockchain-client-staging.aws_internet_gateway.gateway",
            "module.blockchain-client-staging.aws_vpc.default"
          ]
        },
        {
          "index_key": 1,
          "schema_version": 0,
          "attributes": {
            "address": null,
            "allocation_id": "eipalloc-0b523ead7905a471d",
            "associate_with_private_ip": null,
            "association_id": "eipassoc-00c865e4cea5b3a4d",
            "carrier_ip": "",
            "customer_owned_ip": "",
            "customer_owned_ipv4_pool": "",
            "domain": "vpc",
            "id": "eipalloc-0b523ead7905a471d",
            "instance": "",
            "network_border_group": "ap-southeast-1",
            "network_interface": "eni-0da8a68ba790a4a60",
            "private_dns": "ip-10-32-3-205.ap-southeast-1.compute.internal",
            "private_ip": "10.32.3.205",
            "public_dns": "ec2-54-254-87-50.ap-southeast-1.compute.amazonaws.com",
            "public_ip": "54.254.87.50",
            "public_ipv4_pool": "amazon",
            "tags": {
              "Name": "staging-eip"
            },
            "tags_all": {
              "Name": "staging-eip"
            },
            "timeouts": null,
            "vpc": true
          },
          "sensitive_attributes": [],
          "private": "eyJlMmJmYjczMC1lY2FhLTExZTYtOGY4OC0zNDM2M2JjN2M0YzAiOnsiZGVsZXRlIjoxODAwMDAwMDAwMDAsInJlYWQiOjkwMDAwMDAwMDAwMCwidXBkYXRlIjozMDAwMDAwMDAwMDB9fQ==",
          "dependencies": [
            "module.blockchain-client-staging.aws_internet_gateway.gateway",
            "module.blockchain-client-staging.aws_vpc.default"
          ]
        }
      ]
    },
    {
      "module": "module.blockchain-client-staging",
      "mode": "managed",
      "type": "aws_iam_access_key",
      "name": "deploy",
      "provider": "provider[\"registry.terraform.io/hashicorp/aws\"]",
      "instances": [
        {
          "schema_version": 0,
          "attributes": {
            "create_date": "2023-04-27T06:26:24Z",
            "encrypted_secret": null,
            "encrypted_ses_smtp_password_v4": null,
            "id": "AKIAQNU4YMB6F44TGAYX",
            "key_fingerprint": null,
            "pgp_key": null,
            "secret": "yb0rGDIgE58t65VClwL3+6udy2rHVRT+FuCDPkMj",
            "ses_smtp_password_v4": "BFV5JZkUC6zxG0TCgkAQvn81e1yr2sOyDd65EBUjniHc",
            "status": "Active",
            "user": "staging-deploy"
          },
          "sensitive_attributes": [],
          "private": "bnVsbA==",
          "dependencies": [
            "module.blockchain-client-staging.aws_iam_user.deploy"
          ]
        }
      ]
    },
    {
      "module": "module.blockchain-client-staging",
      "mode": "managed",
      "type": "aws_iam_group",
      "name": "deploy",
      "provider": "provider[\"registry.terraform.io/hashicorp/aws\"]",
      "instances": [
        {
          "schema_version": 0,
          "attributes": {
            "arn": "arn:aws:iam::029319782524:group/staging-deploy-group",
            "id": "staging-deploy-group",
            "name": "staging-deploy-group",
            "path": "/",
            "unique_id": "AGPAQNU4YMB6OTYEPL5S6"
          },
          "sensitive_attributes": [],
          "private": "bnVsbA=="
        }
      ]
    },
    {
      "module": "module.blockchain-client-staging",
      "mode": "managed",
      "type": "aws_iam_group_membership",
      "name": "deploy",
      "provider": "provider[\"registry.terraform.io/hashicorp/aws\"]",
      "instances": [
        {
          "schema_version": 0,
          "attributes": {
            "group": "staging-deploy-group",
            "id": "staging-group-membership-deploy",
            "name": "staging-group-membership-deploy",
            "users": [
              "staging-deploy"
            ]
          },
          "sensitive_attributes": [],
          "private": "bnVsbA==",
          "dependencies": [
            "module.blockchain-client-staging.aws_iam_group.deploy",
            "module.blockchain-client-staging.aws_iam_user.deploy"
          ]
        }
      ]
    },
    {
      "module": "module.blockchain-client-staging",
      "mode": "managed",
      "type": "aws_iam_policy",
      "name": "deploy_policy",
      "provider": "provider[\"registry.terraform.io/hashicorp/aws\"]",
      "instances": [
        {
          "schema_version": 0,
          "attributes": {
            "arn": "arn:aws:iam::029319782524:policy/staging-deploy-policy",
            "description": "A deploy policy",
            "id": "arn:aws:iam::029319782524:policy/staging-deploy-policy",
            "name": "staging-deploy-policy",
            "name_prefix": "",
            "path": "/",
            "policy": "{\"Statement\":[{\"Action\":[\"imagebuilder:GetComponent\",\"imagebuilder:GetContainerRecipe\",\"logs:CreateLogGroup\",\"iam:PassRole\",\"ecs:DescribeServices\",\"ecs:RegisterTaskDefinition\",\"ecs:UpdateService\",\"ecr:GetAuthorizationToken\",\"ecr:BatchGetImage\",\"ecr:InitiateLayerUpload\",\"ecr:UploadLayerPart\",\"ecr:CompleteLayerUpload\",\"ecr:BatchCheckLayerAvailability\",\"ecr:GetDownloadUrlForLayer\",\"ecr:PutImage\"],\"Effect\":\"Allow\",\"Resource\":\"*\"},{\"Action\":[\"kms:Decrypt\"],\"Condition\":{\"ForAnyValue:StringEquals\":{\"aws:CalledVia\":[\"imagebuilder.amazonaws.com\"],\"kms:EncryptionContextKeys\":\"aws:imagebuilder:arn\"}},\"Effect\":\"Allow\",\"Resource\":\"*\"},{\"Action\":[\"s3:GetObject\"],\"Effect\":\"Allow\",\"Resource\":\"arn:aws:s3:::ec2imagebuilder*\"},{\"Action\":[\"logs:CreateLogStream\",\"logs:CreateLogGroup\",\"logs:PutLogEvents\"],\"Effect\":\"Allow\",\"Resource\":\"arn:aws:logs:*:*:log-group:/aws/imagebuilder/*\"}],\"Version\":\"2012-10-17\"}",
            "policy_id": "ANPAQNU4YMB6JGATI5IKU",
            "tags": {
              "Name": "staging-iam-policy-deploy"
            },
            "tags_all": {
              "Name": "staging-iam-policy-deploy"
            }
          },
          "sensitive_attributes": [],
          "private": "bnVsbA=="
        }
      ]
    },
    {
      "module": "module.blockchain-client-staging",
      "mode": "managed",
      "type": "aws_iam_policy_attachment",
      "name": "deploy_policy_attachment",
      "provider": "provider[\"registry.terraform.io/hashicorp/aws\"]",
      "instances": [
        {
          "schema_version": 0,
          "attributes": {
            "groups": [
              "staging-deploy-group"
            ],
            "id": "staging-deploy-policy-attachment",
            "name": "staging-deploy-policy-attachment",
            "policy_arn": "arn:aws:iam::029319782524:policy/staging-deploy-policy",
            "roles": [],
            "users": []
          },
          "sensitive_attributes": [],
          "private": "bnVsbA==",
          "dependencies": [
            "module.blockchain-client-staging.aws_iam_group.deploy",
            "module.blockchain-client-staging.aws_iam_policy.deploy_policy"
          ]
        }
      ]
    },
    {
      "module": "module.blockchain-client-staging",
      "mode": "managed",
      "type": "aws_iam_role",
      "name": "ecs_tasks_execution_role",
      "provider": "provider[\"registry.terraform.io/hashicorp/aws\"]",
      "instances": [
        {
          "schema_version": 0,
          "attributes": {
            "arn": "arn:aws:iam::029319782524:role/staging-ecs-task-execution-role",
            "assume_role_policy": "{\"Statement\":[{\"Action\":\"sts:AssumeRole\",\"Effect\":\"Allow\",\"Principal\":{\"Service\":\"ecs-tasks.amazonaws.com\"},\"Sid\":\"\"}],\"Version\":\"2012-10-17\"}",
            "create_date": "2023-04-27T06:26:23Z",
            "description": "",
            "force_detach_policies": false,
            "id": "staging-ecs-task-execution-role",
            "inline_policy": [],
            "managed_policy_arns": [
              "arn:aws:iam::aws:policy/service-role/AmazonECSTaskExecutionRolePolicy"
            ],
            "max_session_duration": 3600,
            "name": "staging-ecs-task-execution-role",
            "name_prefix": "",
            "path": "/",
            "permissions_boundary": null,
            "role_last_used": [
              {
                "last_used_date": "2023-04-27T09:15:50Z",
                "region": "ap-southeast-1"
              }
            ],
            "tags": {},
            "tags_all": {},
            "unique_id": "AROAQNU4YMB6JWQP7GSQA"
          },
          "sensitive_attributes": [],
          "private": "bnVsbA==",
          "dependencies": [
            "module.blockchain-client-staging.data.aws_iam_policy_document.ecs_tasks_execution_role"
          ]
        }
      ]
    },
    {
      "module": "module.blockchain-client-staging",
      "mode": "managed",
      "type": "aws_iam_role_policy_attachment",
      "name": "ecs_tasks_execution_role",
      "provider": "provider[\"registry.terraform.io/hashicorp/aws\"]",
      "instances": [
        {
          "schema_version": 0,
          "attributes": {
            "id": "staging-ecs-task-execution-role-20230427062624864800000002",
            "policy_arn": "arn:aws:iam::aws:policy/service-role/AmazonECSTaskExecutionRolePolicy",
            "role": "staging-ecs-task-execution-role"
          },
          "sensitive_attributes": [],
          "private": "bnVsbA==",
          "dependencies": [
            "module.blockchain-client-staging.aws_iam_role.ecs_tasks_execution_role",
            "module.blockchain-client-staging.data.aws_iam_policy_document.ecs_tasks_execution_role"
          ]
        }
      ]
    },
    {
      "module": "module.blockchain-client-staging",
      "mode": "managed",
      "type": "aws_iam_user",
      "name": "deploy",
      "provider": "provider[\"registry.terraform.io/hashicorp/aws\"]",
      "instances": [
        {
          "schema_version": 0,
          "attributes": {
            "arn": "arn:aws:iam::029319782524:user/system/staging-deploy",
            "force_destroy": false,
            "id": "staging-deploy",
            "name": "staging-deploy",
            "path": "/system/",
            "permissions_boundary": null,
            "tags": {},
            "tags_all": {},
            "unique_id": "AIDAQNU4YMB6G7GJ6R4HP"
          },
          "sensitive_attributes": [],
          "private": "bnVsbA=="
        }
      ]
    },
    {
      "module": "module.blockchain-client-staging",
      "mode": "managed",
      "type": "aws_iam_user_login_profile",
      "name": "deploy",
      "provider": "provider[\"registry.terraform.io/hashicorp/aws\"]",
      "instances": [
        {
          "schema_version": 0,
          "attributes": {
            "encrypted_password": "wcFMA/R5B5rbV9ttAQ/9Gw7m3JXWWSr7qvuuDvz5kwWOf1EaFGNEHbIcQFUPg2cWD3ughaH0QqIvAfsMoc5eCEaFq2B4LtSI45COdgMWqOzeFXyr1QBHdSwuCe17/Fuk3M/KNIMHcbIFN8FfeW0uj9Tvgu4aK/ixHsX8nk+TcUaIP1d8ONh3zmFr3gCVCJJ6QAHoStsG3UmcuH374HJ57NOeuB/QW5srXEB267dQ7+V+2QZzPm+CEdkl/L9hZoq5fSr5fVaKaCPTwgm9BBH6DyQamGP3hvo2wxvwyjfNCBvjCDFU1voDLwXpu0zldL0UzqvYGfqWzreOoElaZgayFN4rnHwJ22Hbi54eb93axJHByrazEJfzJie6Yhr0QgJPQ+/t6eEXbeP2tZLzaQVp2hSZI8GxGOICe7D39yqqspRA3LGVo/k7oS8JXgYLTLd0gRUErleGSXQq52BC27cjCYug2EBSTuXrWgPbV/uwZ21S8iKTsTnC+fO53VAANR5st8OcFnbNa+VeQZFitVyRUEDN2J/GIJZdDUhcCIV6jaa6qtDo35QTF/g5nyxO+phpnzk27puu9obidNuUefwD9BvrloXlcmcxy6PXpAap2EHW7pNRcZUBfiDe3/ugL+S/b9ggWPsP73APW7DZ8YgrYua1e4YkzOwp9v0s9erwItfUO8e/uMsJwz0cza0RdaXSRQGbDzmNjY7NUTpVlOlGhxl0F3MNz/dGSv2UGtJGs7mUH4J4H/ite02CTW0RWAnwtk0LhF5OkziFglD1hKpM5jFeiJXILQ==",
            "id": "staging-deploy",
            "key_fingerprint": "18e552060536b942f900908c34d44a777192c1aa",
            "password": null,
            "password_length": 20,
            "password_reset_required": true,
            "pgp_key": "keybase:terraform_user",
            "user": "staging-deploy"
          },
          "sensitive_attributes": [],
          "private": "bnVsbA==",
          "dependencies": [
            "module.blockchain-client-staging.aws_iam_user.deploy"
          ]
        }
      ]
    },
    {
      "module": "module.blockchain-client-staging",
      "mode": "managed",
      "type": "aws_internet_gateway",
      "name": "gateway",
      "provider": "provider[\"registry.terraform.io/hashicorp/aws\"]",
      "instances": [
        {
          "schema_version": 0,
          "attributes": {
            "arn": "arn:aws:ec2:ap-southeast-1:029319782524:internet-gateway/igw-0280b03c17a4f1524",
            "id": "igw-0280b03c17a4f1524",
            "owner_id": "029319782524",
            "tags": {
              "Name": "staging-igw"
            },
            "tags_all": {
              "Name": "staging-igw"
            },
            "timeouts": null,
            "vpc_id": "vpc-0f7fa72b09e54bfca"
          },
          "sensitive_attributes": [],
          "private": "eyJlMmJmYjczMC1lY2FhLTExZTYtOGY4OC0zNDM2M2JjN2M0YzAiOnsiY3JlYXRlIjoxMjAwMDAwMDAwMDAwLCJkZWxldGUiOjEyMDAwMDAwMDAwMDAsInVwZGF0ZSI6MTIwMDAwMDAwMDAwMH19",
          "dependencies": [
            "module.blockchain-client-staging.aws_vpc.default"
          ]
        }
      ]
    },
    {
      "module": "module.blockchain-client-staging",
      "mode": "managed",
      "type": "aws_lb",
      "name": "default",
      "provider": "provider[\"registry.terraform.io/hashicorp/aws\"]",
      "instances": [
        {
          "schema_version": 0,
          "attributes": {
            "access_logs": [
              {
                "bucket": "",
                "enabled": false,
                "prefix": ""
              }
            ],
            "arn": "arn:aws:elasticloadbalancing:ap-southeast-1:029319782524:loadbalancer/app/staging-default-lb/1683b74be8cc4a36",
            "arn_suffix": "app/staging-default-lb/1683b74be8cc4a36",
            "customer_owned_ipv4_pool": "",
            "desync_mitigation_mode": "defensive",
            "dns_name": "staging-default-lb-946880916.ap-southeast-1.elb.amazonaws.com",
            "drop_invalid_header_fields": false,
            "enable_cross_zone_load_balancing": true,
            "enable_deletion_protection": false,
            "enable_http2": true,
            "enable_tls_version_and_cipher_suite_headers": false,
            "enable_waf_fail_open": false,
            "enable_xff_client_port": false,
            "id": "arn:aws:elasticloadbalancing:ap-southeast-1:029319782524:loadbalancer/app/staging-default-lb/1683b74be8cc4a36",
            "idle_timeout": 60,
            "internal": false,
            "ip_address_type": "ipv4",
            "load_balancer_type": "application",
            "name": "staging-default-lb",
            "name_prefix": null,
            "preserve_host_header": false,
            "security_groups": [
              "sg-09f8510f853fdc8d3"
            ],
            "subnet_mapping": [
              {
                "allocation_id": "",
                "ipv6_address": "",
                "outpost_id": "",
                "private_ipv4_address": "",
                "subnet_id": "subnet-01b46479a3c05ccaf"
              },
              {
                "allocation_id": "",
                "ipv6_address": "",
                "outpost_id": "",
                "private_ipv4_address": "",
                "subnet_id": "subnet-044bdb8b16db8d484"
              }
            ],
            "subnets": [
              "subnet-01b46479a3c05ccaf",
              "subnet-044bdb8b16db8d484"
            ],
            "tags": {
              "Name": "staging-lb-default"
            },
            "tags_all": {
              "Name": "staging-lb-default"
            },
            "timeouts": null,
            "vpc_id": "vpc-0f7fa72b09e54bfca",
            "xff_header_processing_mode": "append",
            "zone_id": "Z1LMS91P8CMLE5"
          },
          "sensitive_attributes": [],
          "private": "eyJlMmJmYjczMC1lY2FhLTExZTYtOGY4OC0zNDM2M2JjN2M0YzAiOnsiY3JlYXRlIjo2MDAwMDAwMDAwMDAsImRlbGV0ZSI6NjAwMDAwMDAwMDAwLCJ1cGRhdGUiOjYwMDAwMDAwMDAwMH19",
          "dependencies": [
            "module.blockchain-client-staging.aws_security_group.lb",
            "module.blockchain-client-staging.aws_subnet.public",
            "module.blockchain-client-staging.aws_vpc.default",
            "module.blockchain-client-staging.data.aws_availability_zones.available_zones"
          ]
        }
      ]
    },
    {
      "module": "module.blockchain-client-staging",
      "mode": "managed",
      "type": "aws_lb_listener",
      "name": "bc_client_api",
      "provider": "provider[\"registry.terraform.io/hashicorp/aws\"]",
      "instances": [
        {
          "schema_version": 0,
          "attributes": {
            "alpn_policy": null,
            "arn": "arn:aws:elasticloadbalancing:ap-southeast-1:029319782524:listener/app/staging-default-lb/1683b74be8cc4a36/5b5715021f957f1b",
            "certificate_arn": null,
            "default_action": [
              {
                "authenticate_cognito": [],
                "authenticate_oidc": [],
                "fixed_response": [],
                "forward": [],
                "order": 1,
                "redirect": [],
                "target_group_arn": "arn:aws:elasticloadbalancing:ap-southeast-1:029319782524:targetgroup/staging-bc-client-api-tg/a51a3af1001e4b78",
                "type": "forward"
              }
            ],
            "id": "arn:aws:elasticloadbalancing:ap-southeast-1:029319782524:listener/app/staging-default-lb/1683b74be8cc4a36/5b5715021f957f1b",
            "load_balancer_arn": "arn:aws:elasticloadbalancing:ap-southeast-1:029319782524:loadbalancer/app/staging-default-lb/1683b74be8cc4a36",
            "port": 3000,
            "protocol": "HTTP",
            "ssl_policy": "",
            "tags": {},
            "tags_all": {},
            "timeouts": null
          },
          "sensitive_attributes": [],
          "private": "eyJlMmJmYjczMC1lY2FhLTExZTYtOGY4OC0zNDM2M2JjN2M0YzAiOnsicmVhZCI6NjAwMDAwMDAwMDAwfX0=",
          "dependencies": [
            "module.blockchain-client-staging.aws_lb.default",
            "module.blockchain-client-staging.aws_lb_target_group.bc_client_api",
            "module.blockchain-client-staging.aws_security_group.lb",
            "module.blockchain-client-staging.aws_subnet.public",
            "module.blockchain-client-staging.aws_vpc.default",
            "module.blockchain-client-staging.data.aws_availability_zones.available_zones"
          ]
        }
      ]
    },
    {
      "module": "module.blockchain-client-staging",
      "mode": "managed",
      "type": "aws_lb_target_group",
      "name": "bc_client_api",
      "provider": "provider[\"registry.terraform.io/hashicorp/aws\"]",
      "instances": [
        {
          "schema_version": 0,
          "attributes": {
            "arn": "arn:aws:elasticloadbalancing:ap-southeast-1:029319782524:targetgroup/staging-bc-client-api-tg/a51a3af1001e4b78",
            "arn_suffix": "targetgroup/staging-bc-client-api-tg/a51a3af1001e4b78",
            "connection_termination": false,
            "deregistration_delay": "300",
            "health_check": [
              {
                "enabled": true,
                "healthy_threshold": 5,
                "interval": 30,
                "matcher": "200",
                "path": "/",
                "port": "traffic-port",
                "protocol": "HTTP",
                "timeout": 5,
                "unhealthy_threshold": 2
              }
            ],
            "id": "arn:aws:elasticloadbalancing:ap-southeast-1:029319782524:targetgroup/staging-bc-client-api-tg/a51a3af1001e4b78",
            "ip_address_type": "ipv4",
            "lambda_multi_value_headers_enabled": false,
            "load_balancing_algorithm_type": "round_robin",
            "load_balancing_cross_zone_enabled": "use_load_balancer_configuration",
            "name": "staging-bc-client-api-tg",
            "name_prefix": null,
            "port": 3000,
            "preserve_client_ip": null,
            "protocol": "HTTP",
            "protocol_version": "HTTP1",
            "proxy_protocol_v2": false,
            "slow_start": 0,
            "stickiness": [
              {
                "cookie_duration": 86400,
                "cookie_name": "",
                "enabled": false,
                "type": "lb_cookie"
              }
            ],
            "tags": {},
            "tags_all": {},
            "target_failover": [
              {
                "on_deregistration": null,
                "on_unhealthy": null
              }
            ],
            "target_type": "ip",
            "vpc_id": "vpc-0f7fa72b09e54bfca"
          },
          "sensitive_attributes": [],
          "private": "bnVsbA==",
          "dependencies": [
            "module.blockchain-client-staging.aws_vpc.default"
          ]
        }
      ]
    },
    {
      "module": "module.blockchain-client-staging",
      "mode": "managed",
      "type": "aws_nat_gateway",
      "name": "gateway",
      "provider": "provider[\"registry.terraform.io/hashicorp/aws\"]",
      "instances": [
        {
          "index_key": 0,
          "schema_version": 0,
          "attributes": {
            "allocation_id": "eipalloc-04bda08fff95d0cb6",
            "association_id": "eipassoc-0f3d2e14187b42afb",
            "connectivity_type": "public",
            "id": "nat-0293d58af8ebcbb24",
            "network_interface_id": "eni-05b2b722a5e6fa654",
            "private_ip": "10.32.2.182",
            "public_ip": "54.254.127.40",
            "subnet_id": "subnet-044bdb8b16db8d484",
            "tags": {
              "Name": "staging-nat-gateway"
            },
            "tags_all": {
              "Name": "staging-nat-gateway"
            }
          },
          "sensitive_attributes": [],
          "private": "bnVsbA==",
          "dependencies": [
            "module.blockchain-client-staging.aws_eip.gateway",
            "module.blockchain-client-staging.aws_internet_gateway.gateway",
            "module.blockchain-client-staging.aws_subnet.public",
            "module.blockchain-client-staging.aws_vpc.default",
            "module.blockchain-client-staging.data.aws_availability_zones.available_zones"
          ]
        },
        {
          "index_key": 1,
          "schema_version": 0,
          "attributes": {
            "allocation_id": "eipalloc-0b523ead7905a471d",
            "association_id": "eipassoc-00c865e4cea5b3a4d",
            "connectivity_type": "public",
            "id": "nat-0894bccb08404bdaa",
            "network_interface_id": "eni-0da8a68ba790a4a60",
            "private_ip": "10.32.3.205",
            "public_ip": "54.254.87.50",
            "subnet_id": "subnet-01b46479a3c05ccaf",
            "tags": {
              "Name": "staging-nat-gateway"
            },
            "tags_all": {
              "Name": "staging-nat-gateway"
            }
          },
          "sensitive_attributes": [],
          "private": "bnVsbA==",
          "dependencies": [
            "module.blockchain-client-staging.aws_eip.gateway",
            "module.blockchain-client-staging.aws_internet_gateway.gateway",
            "module.blockchain-client-staging.aws_subnet.public",
            "module.blockchain-client-staging.aws_vpc.default",
            "module.blockchain-client-staging.data.aws_availability_zones.available_zones"
          ]
        }
      ]
    },
    {
      "module": "module.blockchain-client-staging",
      "mode": "managed",
      "type": "aws_route",
      "name": "internet_access",
      "provider": "provider[\"registry.terraform.io/hashicorp/aws\"]",
      "instances": [
        {
          "schema_version": 0,
          "attributes": {
            "carrier_gateway_id": "",
            "core_network_arn": "",
            "destination_cidr_block": "0.0.0.0/0",
            "destination_ipv6_cidr_block": "",
            "destination_prefix_list_id": "",
            "egress_only_gateway_id": "",
            "gateway_id": "igw-0280b03c17a4f1524",
            "id": "r-rtb-09acf5cca73d902e81080289494",
            "instance_id": "",
            "instance_owner_id": "",
            "local_gateway_id": "",
            "nat_gateway_id": "",
            "network_interface_id": "",
            "origin": "CreateRoute",
            "route_table_id": "rtb-09acf5cca73d902e8",
            "state": "active",
            "timeouts": null,
            "transit_gateway_id": "",
            "vpc_endpoint_id": "",
            "vpc_peering_connection_id": ""
          },
          "sensitive_attributes": [],
          "private": "eyJlMmJmYjczMC1lY2FhLTExZTYtOGY4OC0zNDM2M2JjN2M0YzAiOnsiY3JlYXRlIjozMDAwMDAwMDAwMDAsImRlbGV0ZSI6MzAwMDAwMDAwMDAwLCJ1cGRhdGUiOjEyMDAwMDAwMDAwMH19",
          "dependencies": [
            "module.blockchain-client-staging.aws_internet_gateway.gateway",
            "module.blockchain-client-staging.aws_vpc.default"
          ]
        }
      ]
    },
    {
      "module": "module.blockchain-client-staging",
      "mode": "managed",
      "type": "aws_route_table",
      "name": "private",
      "provider": "provider[\"registry.terraform.io/hashicorp/aws\"]",
      "instances": [
        {
          "index_key": 0,
          "schema_version": 0,
          "attributes": {
            "arn": "arn:aws:ec2:ap-southeast-1:029319782524:route-table/rtb-07683c39e52536f71",
            "id": "rtb-07683c39e52536f71",
            "owner_id": "029319782524",
            "propagating_vgws": [],
            "route": [
              {
                "carrier_gateway_id": "",
                "cidr_block": "0.0.0.0/0",
                "core_network_arn": "",
                "destination_prefix_list_id": "",
                "egress_only_gateway_id": "",
                "gateway_id": "",
                "instance_id": "",
                "ipv6_cidr_block": "",
                "local_gateway_id": "",
                "nat_gateway_id": "nat-0293d58af8ebcbb24",
                "network_interface_id": "",
                "transit_gateway_id": "",
                "vpc_endpoint_id": "",
                "vpc_peering_connection_id": ""
              }
            ],
            "tags": {
              "Name": "staging-route-table-private"
            },
            "tags_all": {
              "Name": "staging-route-table-private"
            },
            "timeouts": null,
            "vpc_id": "vpc-0f7fa72b09e54bfca"
          },
          "sensitive_attributes": [],
          "private": "eyJlMmJmYjczMC1lY2FhLTExZTYtOGY4OC0zNDM2M2JjN2M0YzAiOnsiY3JlYXRlIjozMDAwMDAwMDAwMDAsImRlbGV0ZSI6MzAwMDAwMDAwMDAwLCJ1cGRhdGUiOjEyMDAwMDAwMDAwMH19",
          "dependencies": [
            "module.blockchain-client-staging.aws_eip.gateway",
            "module.blockchain-client-staging.aws_internet_gateway.gateway",
            "module.blockchain-client-staging.aws_nat_gateway.gateway",
            "module.blockchain-client-staging.aws_subnet.public",
            "module.blockchain-client-staging.aws_vpc.default",
            "module.blockchain-client-staging.data.aws_availability_zones.available_zones"
          ]
        },
        {
          "index_key": 1,
          "schema_version": 0,
          "attributes": {
            "arn": "arn:aws:ec2:ap-southeast-1:029319782524:route-table/rtb-0ba9ebbacab3a80b5",
            "id": "rtb-0ba9ebbacab3a80b5",
            "owner_id": "029319782524",
            "propagating_vgws": [],
            "route": [
              {
                "carrier_gateway_id": "",
                "cidr_block": "0.0.0.0/0",
                "core_network_arn": "",
                "destination_prefix_list_id": "",
                "egress_only_gateway_id": "",
                "gateway_id": "",
                "instance_id": "",
                "ipv6_cidr_block": "",
                "local_gateway_id": "",
                "nat_gateway_id": "nat-0894bccb08404bdaa",
                "network_interface_id": "",
                "transit_gateway_id": "",
                "vpc_endpoint_id": "",
                "vpc_peering_connection_id": ""
              }
            ],
            "tags": {
              "Name": "staging-route-table-private"
            },
            "tags_all": {
              "Name": "staging-route-table-private"
            },
            "timeouts": null,
            "vpc_id": "vpc-0f7fa72b09e54bfca"
          },
          "sensitive_attributes": [],
          "private": "eyJlMmJmYjczMC1lY2FhLTExZTYtOGY4OC0zNDM2M2JjN2M0YzAiOnsiY3JlYXRlIjozMDAwMDAwMDAwMDAsImRlbGV0ZSI6MzAwMDAwMDAwMDAwLCJ1cGRhdGUiOjEyMDAwMDAwMDAwMH19",
          "dependencies": [
            "module.blockchain-client-staging.aws_eip.gateway",
            "module.blockchain-client-staging.aws_internet_gateway.gateway",
            "module.blockchain-client-staging.aws_nat_gateway.gateway",
            "module.blockchain-client-staging.aws_subnet.public",
            "module.blockchain-client-staging.aws_vpc.default",
            "module.blockchain-client-staging.data.aws_availability_zones.available_zones"
          ]
        }
      ]
    },
    {
      "module": "module.blockchain-client-staging",
      "mode": "managed",
      "type": "aws_route_table_association",
      "name": "private",
      "provider": "provider[\"registry.terraform.io/hashicorp/aws\"]",
      "instances": [
        {
          "index_key": 0,
          "schema_version": 0,
          "attributes": {
            "gateway_id": "",
            "id": "rtbassoc-0e8131041c49be623",
            "route_table_id": "rtb-07683c39e52536f71",
            "subnet_id": "subnet-03b8ceaf14386c7f8",
            "timeouts": null
          },
          "sensitive_attributes": [],
          "private": "eyJlMmJmYjczMC1lY2FhLTExZTYtOGY4OC0zNDM2M2JjN2M0YzAiOnsiY3JlYXRlIjozMDAwMDAwMDAwMDAsImRlbGV0ZSI6MzAwMDAwMDAwMDAwLCJ1cGRhdGUiOjEyMDAwMDAwMDAwMH19",
          "dependencies": [
            "module.blockchain-client-staging.aws_eip.gateway",
            "module.blockchain-client-staging.aws_internet_gateway.gateway",
            "module.blockchain-client-staging.aws_nat_gateway.gateway",
            "module.blockchain-client-staging.aws_route_table.private",
            "module.blockchain-client-staging.aws_subnet.private",
            "module.blockchain-client-staging.aws_subnet.public",
            "module.blockchain-client-staging.aws_vpc.default",
            "module.blockchain-client-staging.data.aws_availability_zones.available_zones"
          ]
        },
        {
          "index_key": 1,
          "schema_version": 0,
          "attributes": {
            "gateway_id": "",
            "id": "rtbassoc-0b098d815360af8f7",
            "route_table_id": "rtb-0ba9ebbacab3a80b5",
            "subnet_id": "subnet-0b0e98a61b6d78cc5",
            "timeouts": null
          },
          "sensitive_attributes": [],
          "private": "eyJlMmJmYjczMC1lY2FhLTExZTYtOGY4OC0zNDM2M2JjN2M0YzAiOnsiY3JlYXRlIjozMDAwMDAwMDAwMDAsImRlbGV0ZSI6MzAwMDAwMDAwMDAwLCJ1cGRhdGUiOjEyMDAwMDAwMDAwMH19",
          "dependencies": [
            "module.blockchain-client-staging.aws_eip.gateway",
            "module.blockchain-client-staging.aws_internet_gateway.gateway",
            "module.blockchain-client-staging.aws_nat_gateway.gateway",
            "module.blockchain-client-staging.aws_route_table.private",
            "module.blockchain-client-staging.aws_subnet.private",
            "module.blockchain-client-staging.aws_subnet.public",
            "module.blockchain-client-staging.aws_vpc.default",
            "module.blockchain-client-staging.data.aws_availability_zones.available_zones"
          ]
        }
      ]
    },
    {
      "module": "module.blockchain-client-staging",
      "mode": "managed",
      "type": "aws_secretsmanager_secret",
      "name": "deploy_access_key",
      "provider": "provider[\"registry.terraform.io/hashicorp/aws\"]",
      "instances": [
        {
          "schema_version": 0,
          "attributes": {
            "arn": "arn:aws:secretsmanager:ap-southeast-1:029319782524:secret:staging-secrets-qtLCyk",
            "description": "",
            "force_overwrite_replica_secret": false,
            "id": "arn:aws:secretsmanager:ap-southeast-1:029319782524:secret:staging-secrets-qtLCyk",
            "kms_key_id": "",
            "name": "staging-secrets",
            "name_prefix": "",
            "policy": "",
            "recovery_window_in_days": 30,
            "replica": [],
            "rotation_enabled": false,
            "rotation_lambda_arn": "",
            "rotation_rules": [],
            "tags": {},
            "tags_all": {}
          },
          "sensitive_attributes": [],
          "private": "bnVsbA=="
        }
      ]
    },
    {
      "module": "module.blockchain-client-staging",
      "mode": "managed",
      "type": "aws_secretsmanager_secret_version",
      "name": "deploy_access_key",
      "provider": "provider[\"registry.terraform.io/hashicorp/aws\"]",
      "instances": [
        {
          "schema_version": 0,
          "attributes": {
            "arn": "arn:aws:secretsmanager:ap-southeast-1:029319782524:secret:staging-secrets-qtLCyk",
            "id": "arn:aws:secretsmanager:ap-southeast-1:029319782524:secret:staging-secrets-qtLCyk|4874C609-4FFA-432D-8783-606C345982C7",
            "secret_binary": "",
            "secret_id": "arn:aws:secretsmanager:ap-southeast-1:029319782524:secret:staging-secrets-qtLCyk",
            "secret_string": "{}",
            "version_id": "4874C609-4FFA-432D-8783-606C345982C7",
            "version_stages": [
              "AWSCURRENT"
            ]
          },
          "sensitive_attributes": [],
          "private": "bnVsbA==",
          "dependencies": [
            "module.blockchain-client-staging.aws_iam_access_key.deploy",
            "module.blockchain-client-staging.aws_iam_user.deploy",
            "module.blockchain-client-staging.aws_secretsmanager_secret.deploy_access_key"
          ]
        }
      ]
    },
    {
      "module": "module.blockchain-client-staging",
      "mode": "managed",
      "type": "aws_security_group",
      "name": "bc_client_api_task",
      "provider": "provider[\"registry.terraform.io/hashicorp/aws\"]",
      "instances": [
        {
          "schema_version": 1,
          "attributes": {
            "arn": "arn:aws:ec2:ap-southeast-1:029319782524:security-group/sg-02e8137c6eafdb9de",
            "description": "Managed by Terraform",
            "egress": [
              {
                "cidr_blocks": [
                  "0.0.0.0/0"
                ],
                "description": "",
                "from_port": 0,
                "ipv6_cidr_blocks": [],
                "prefix_list_ids": [],
                "protocol": "-1",
                "security_groups": [],
                "self": false,
                "to_port": 0
              }
            ],
            "id": "sg-02e8137c6eafdb9de",
            "ingress": [
              {
                "cidr_blocks": [],
                "description": "",
                "from_port": 80,
                "ipv6_cidr_blocks": [],
                "prefix_list_ids": [],
                "protocol": "tcp",
                "security_groups": [
                  "sg-09f8510f853fdc8d3"
                ],
                "self": false,
                "to_port": 3000
              }
            ],
            "name": "staging-bc-client-api-task-sg",
            "name_prefix": "",
            "owner_id": "029319782524",
            "revoke_rules_on_delete": false,
            "tags": {},
            "tags_all": {},
            "timeouts": null,
            "vpc_id": "vpc-0f7fa72b09e54bfca"
          },
          "sensitive_attributes": [],
          "private": "eyJlMmJmYjczMC1lY2FhLTExZTYtOGY4OC0zNDM2M2JjN2M0YzAiOnsiY3JlYXRlIjo2MDAwMDAwMDAwMDAsImRlbGV0ZSI6OTAwMDAwMDAwMDAwfSwic2NoZW1hX3ZlcnNpb24iOiIxIn0=",
          "dependencies": [
            "module.blockchain-client-staging.aws_security_group.lb",
            "module.blockchain-client-staging.aws_vpc.default"
          ]
        }
      ]
    },
    {
      "module": "module.blockchain-client-staging",
      "mode": "managed",
      "type": "aws_security_group",
      "name": "lb",
      "provider": "provider[\"registry.terraform.io/hashicorp/aws\"]",
      "instances": [
        {
          "schema_version": 1,
          "attributes": {
            "arn": "arn:aws:ec2:ap-southeast-1:029319782524:security-group/sg-09f8510f853fdc8d3",
            "description": "Managed by Terraform",
            "egress": [
              {
                "cidr_blocks": [
                  "0.0.0.0/0"
                ],
                "description": "",
                "from_port": 0,
                "ipv6_cidr_blocks": [],
                "prefix_list_ids": [],
                "protocol": "-1",
                "security_groups": [],
                "self": false,
                "to_port": 0
              }
            ],
            "id": "sg-09f8510f853fdc8d3",
            "ingress": [
              {
                "cidr_blocks": [
                  "0.0.0.0/0"
                ],
                "description": "",
                "from_port": 80,
                "ipv6_cidr_blocks": [],
                "prefix_list_ids": [],
                "protocol": "tcp",
                "security_groups": [],
                "self": false,
                "to_port": 80
              }
            ],
            "name": "staging-main-alb-security-group",
            "name_prefix": "",
            "owner_id": "029319782524",
            "revoke_rules_on_delete": false,
            "tags": {
              "Name": "staging-sg-lb"
            },
            "tags_all": {
              "Name": "staging-sg-lb"
            },
            "timeouts": null,
            "vpc_id": "vpc-0f7fa72b09e54bfca"
          },
          "sensitive_attributes": [],
          "private": "eyJlMmJmYjczMC1lY2FhLTExZTYtOGY4OC0zNDM2M2JjN2M0YzAiOnsiY3JlYXRlIjo2MDAwMDAwMDAwMDAsImRlbGV0ZSI6OTAwMDAwMDAwMDAwfSwic2NoZW1hX3ZlcnNpb24iOiIxIn0=",
          "dependencies": [
            "module.blockchain-client-staging.aws_vpc.default"
          ]
        }
      ]
    },
    {
      "module": "module.blockchain-client-staging",
      "mode": "managed",
      "type": "aws_subnet",
      "name": "private",
      "provider": "provider[\"registry.terraform.io/hashicorp/aws\"]",
      "instances": [
        {
          "index_key": 0,
          "schema_version": 1,
          "attributes": {
            "arn": "arn:aws:ec2:ap-southeast-1:029319782524:subnet/subnet-03b8ceaf14386c7f8",
            "assign_ipv6_address_on_creation": false,
            "availability_zone": "ap-southeast-1a",
            "availability_zone_id": "apse1-az1",
            "cidr_block": "10.32.0.0/24",
            "customer_owned_ipv4_pool": "",
            "enable_dns64": false,
            "enable_lni_at_device_index": 0,
            "enable_resource_name_dns_a_record_on_launch": false,
            "enable_resource_name_dns_aaaa_record_on_launch": false,
            "id": "subnet-03b8ceaf14386c7f8",
            "ipv6_cidr_block": "",
            "ipv6_cidr_block_association_id": "",
            "ipv6_native": false,
            "map_customer_owned_ip_on_launch": false,
            "map_public_ip_on_launch": false,
            "outpost_arn": "",
            "owner_id": "029319782524",
            "private_dns_hostname_type_on_launch": "ip-name",
            "tags": {
              "Name": "staging-private-subnet"
            },
            "tags_all": {
              "Name": "staging-private-subnet"
            },
            "timeouts": null,
            "vpc_id": "vpc-0f7fa72b09e54bfca"
          },
          "sensitive_attributes": [],
          "private": "eyJlMmJmYjczMC1lY2FhLTExZTYtOGY4OC0zNDM2M2JjN2M0YzAiOnsiY3JlYXRlIjo2MDAwMDAwMDAwMDAsImRlbGV0ZSI6MTIwMDAwMDAwMDAwMH0sInNjaGVtYV92ZXJzaW9uIjoiMSJ9",
          "dependencies": [
            "module.blockchain-client-staging.aws_vpc.default",
            "module.blockchain-client-staging.data.aws_availability_zones.available_zones"
          ]
        },
        {
          "index_key": 1,
          "schema_version": 1,
          "attributes": {
            "arn": "arn:aws:ec2:ap-southeast-1:029319782524:subnet/subnet-0b0e98a61b6d78cc5",
            "assign_ipv6_address_on_creation": false,
            "availability_zone": "ap-southeast-1b",
            "availability_zone_id": "apse1-az2",
            "cidr_block": "10.32.1.0/24",
            "customer_owned_ipv4_pool": "",
            "enable_dns64": false,
            "enable_lni_at_device_index": 0,
            "enable_resource_name_dns_a_record_on_launch": false,
            "enable_resource_name_dns_aaaa_record_on_launch": false,
            "id": "subnet-0b0e98a61b6d78cc5",
            "ipv6_cidr_block": "",
            "ipv6_cidr_block_association_id": "",
            "ipv6_native": false,
            "map_customer_owned_ip_on_launch": false,
            "map_public_ip_on_launch": false,
            "outpost_arn": "",
            "owner_id": "029319782524",
            "private_dns_hostname_type_on_launch": "ip-name",
            "tags": {
              "Name": "staging-private-subnet"
            },
            "tags_all": {
              "Name": "staging-private-subnet"
            },
            "timeouts": null,
            "vpc_id": "vpc-0f7fa72b09e54bfca"
          },
          "sensitive_attributes": [],
          "private": "eyJlMmJmYjczMC1lY2FhLTExZTYtOGY4OC0zNDM2M2JjN2M0YzAiOnsiY3JlYXRlIjo2MDAwMDAwMDAwMDAsImRlbGV0ZSI6MTIwMDAwMDAwMDAwMH0sInNjaGVtYV92ZXJzaW9uIjoiMSJ9",
          "dependencies": [
            "module.blockchain-client-staging.aws_vpc.default",
            "module.blockchain-client-staging.data.aws_availability_zones.available_zones"
          ]
        }
      ]
    },
    {
      "module": "module.blockchain-client-staging",
      "mode": "managed",
      "type": "aws_subnet",
      "name": "public",
      "provider": "provider[\"registry.terraform.io/hashicorp/aws\"]",
      "instances": [
        {
          "index_key": 0,
          "schema_version": 1,
          "attributes": {
            "arn": "arn:aws:ec2:ap-southeast-1:029319782524:subnet/subnet-044bdb8b16db8d484",
            "assign_ipv6_address_on_creation": false,
            "availability_zone": "ap-southeast-1a",
            "availability_zone_id": "apse1-az1",
            "cidr_block": "10.32.2.0/24",
            "customer_owned_ipv4_pool": "",
            "enable_dns64": false,
            "enable_lni_at_device_index": 0,
            "enable_resource_name_dns_a_record_on_launch": false,
            "enable_resource_name_dns_aaaa_record_on_launch": false,
            "id": "subnet-044bdb8b16db8d484",
            "ipv6_cidr_block": "",
            "ipv6_cidr_block_association_id": "",
            "ipv6_native": false,
            "map_customer_owned_ip_on_launch": false,
            "map_public_ip_on_launch": true,
            "outpost_arn": "",
            "owner_id": "029319782524",
            "private_dns_hostname_type_on_launch": "ip-name",
            "tags": {
              "Name": "staging-public-subnet"
            },
            "tags_all": {
              "Name": "staging-public-subnet"
            },
            "timeouts": null,
            "vpc_id": "vpc-0f7fa72b09e54bfca"
          },
          "sensitive_attributes": [],
          "private": "eyJlMmJmYjczMC1lY2FhLTExZTYtOGY4OC0zNDM2M2JjN2M0YzAiOnsiY3JlYXRlIjo2MDAwMDAwMDAwMDAsImRlbGV0ZSI6MTIwMDAwMDAwMDAwMH0sInNjaGVtYV92ZXJzaW9uIjoiMSJ9",
          "dependencies": [
            "module.blockchain-client-staging.aws_vpc.default",
            "module.blockchain-client-staging.data.aws_availability_zones.available_zones"
          ]
        },
        {
          "index_key": 1,
          "schema_version": 1,
          "attributes": {
            "arn": "arn:aws:ec2:ap-southeast-1:029319782524:subnet/subnet-01b46479a3c05ccaf",
            "assign_ipv6_address_on_creation": false,
            "availability_zone": "ap-southeast-1b",
            "availability_zone_id": "apse1-az2",
            "cidr_block": "10.32.3.0/24",
            "customer_owned_ipv4_pool": "",
            "enable_dns64": false,
            "enable_lni_at_device_index": 0,
            "enable_resource_name_dns_a_record_on_launch": false,
            "enable_resource_name_dns_aaaa_record_on_launch": false,
            "id": "subnet-01b46479a3c05ccaf",
            "ipv6_cidr_block": "",
            "ipv6_cidr_block_association_id": "",
            "ipv6_native": false,
            "map_customer_owned_ip_on_launch": false,
            "map_public_ip_on_launch": true,
            "outpost_arn": "",
            "owner_id": "029319782524",
            "private_dns_hostname_type_on_launch": "ip-name",
            "tags": {
              "Name": "staging-public-subnet"
            },
            "tags_all": {
              "Name": "staging-public-subnet"
            },
            "timeouts": null,
            "vpc_id": "vpc-0f7fa72b09e54bfca"
          },
          "sensitive_attributes": [],
          "private": "eyJlMmJmYjczMC1lY2FhLTExZTYtOGY4OC0zNDM2M2JjN2M0YzAiOnsiY3JlYXRlIjo2MDAwMDAwMDAwMDAsImRlbGV0ZSI6MTIwMDAwMDAwMDAwMH0sInNjaGVtYV92ZXJzaW9uIjoiMSJ9",
          "dependencies": [
            "module.blockchain-client-staging.aws_vpc.default",
            "module.blockchain-client-staging.data.aws_availability_zones.available_zones"
          ]
        }
      ]
    },
    {
      "module": "module.blockchain-client-staging",
      "mode": "managed",
      "type": "aws_vpc",
      "name": "default",
      "provider": "provider[\"registry.terraform.io/hashicorp/aws\"]",
      "instances": [
        {
          "schema_version": 1,
          "attributes": {
            "arn": "arn:aws:ec2:ap-southeast-1:029319782524:vpc/vpc-0f7fa72b09e54bfca",
            "assign_generated_ipv6_cidr_block": false,
            "cidr_block": "10.32.0.0/16",
            "default_network_acl_id": "acl-06272dfc10ae877fd",
            "default_route_table_id": "rtb-09acf5cca73d902e8",
            "default_security_group_id": "sg-002b77137c58608bc",
            "dhcp_options_id": "dopt-0275df4fb27fd81b2",
            "enable_classiclink": false,
            "enable_classiclink_dns_support": false,
            "enable_dns_hostnames": true,
            "enable_dns_support": true,
            "enable_network_address_usage_metrics": false,
            "id": "vpc-0f7fa72b09e54bfca",
            "instance_tenancy": "default",
            "ipv4_ipam_pool_id": null,
            "ipv4_netmask_length": null,
            "ipv6_association_id": "",
            "ipv6_cidr_block": "",
            "ipv6_cidr_block_network_border_group": "",
            "ipv6_ipam_pool_id": "",
            "ipv6_netmask_length": 0,
            "main_route_table_id": "rtb-09acf5cca73d902e8",
            "owner_id": "029319782524",
            "tags": {
              "Name": "staging-vpc-default"
            },
            "tags_all": {
              "Name": "staging-vpc-default"
            }
          },
          "sensitive_attributes": [],
          "private": "eyJzY2hlbWFfdmVyc2lvbiI6IjEifQ=="
        }
      ]
    }
  ],
  "check_results": []
}
